PODS:
  - Alamofire (4.8.2)
  - AlamofireImage (3.5.2):
    - Alamofire (~> 4.8)
  - ImageSource (3.0.0):
    - ImageSource/AlamofireImage (= 3.0.0)
    - ImageSource/Core (= 3.0.0)
    - ImageSource/Local (= 3.0.0)
    - ImageSource/PHAsset (= 3.0.0)
    - ImageSource/Remote (= 3.0.0)
  - ImageSource/AlamofireImage (3.0.0):
    - AlamofireImage (~> 3.4)
    - ImageSource/Remote
  - ImageSource/Core (3.0.0)
  - ImageSource/Local (3.0.0):
    - ImageSource/Core
  - ImageSource/PHAsset (3.0.0):
    - ImageSource/Core
  - ImageSource/Remote (3.0.0):
    - ImageSource/Core
    - ImageSource/UIKit
  - ImageSource/SDWebImage (3.0.0):
    - ImageSource/Remote
    - SDWebImage (~> 3.8)
  - ImageSource/UIKit (3.0.0):
    - ImageSource/Core
  - JNWSpringAnimation (0.7.1)
  - Marshroute (0.4.2)
  - Paparazzo (4.0.0):
    - ImageSource/Core (= 3.0.0)
    - ImageSource/Local (= 3.0.0)
    - ImageSource/PHAsset (= 3.0.0)
    - ImageSource/Remote (= 3.0.0)
    - JNWSpringAnimation
    - Paparazzo/AlamofireImage (= 4.0.0)
    - Paparazzo/Core (= 4.0.0)
    - Paparazzo/Marshroute (= 4.0.0)
  - Paparazzo/AlamofireImage (4.0.0):
    - ImageSource/AlamofireImage (= 3.0.0)
    - ImageSource/Core (= 3.0.0)
    - ImageSource/Local (= 3.0.0)
    - ImageSource/PHAsset (= 3.0.0)
    - ImageSource/Remote (= 3.0.0)
    - JNWSpringAnimation
    - Paparazzo/Core
  - Paparazzo/Core (4.0.0):
    - ImageSource/Core (= 3.0.0)
    - ImageSource/Local (= 3.0.0)
    - ImageSource/PHAsset (= 3.0.0)
    - ImageSource/Remote (= 3.0.0)
    - JNWSpringAnimation
  - Paparazzo/Marshroute (4.0.0):
    - ImageSource/Core (= 3.0.0)
    - ImageSource/Local (= 3.0.0)
    - ImageSource/PHAsset (= 3.0.0)
    - ImageSource/Remote (= 3.0.0)
    - JNWSpringAnimation
    - Marshroute
    - Paparazzo/Core
  - Paparazzo/SDWebImage (4.0.0):
    - ImageSource/Core (= 3.0.0)
    - ImageSource/Local (= 3.0.0)
    - ImageSource/PHAsset (= 3.0.0)
    - ImageSource/Remote (= 3.0.0)
    - ImageSource/SDWebImage (= 3.0.0)
    - JNWSpringAnimation
    - Paparazzo/Core
  - SDWebImage (3.8.2):
    - SDWebImage/Core (= 3.8.2)
  - SDWebImage/Core (3.8.2)

DEPENDENCIES:
  - ImageSource (= 3.0.0)
  - ImageSource/Core (= 3.0.0)
  - ImageSource/Local (= 3.0.0)
  - ImageSource/PHAsset (= 3.0.0)
  - ImageSource/Remote (= 3.0.0)
  - ImageSource/SDWebImage (= 3.0.0)
  - Marshroute (= 0.4.2)
  - Paparazzo (from `../`)
  - Paparazzo/Core (from `../`)
  - Paparazzo/SDWebImage (from `../`)

SPEC REPOS:
  https://github.com/cocoapods/specs.git:
    - Alamofire
    - AlamofireImage
    - ImageSource
    - JNWSpringAnimation
    - Marshroute
    - SDWebImage

EXTERNAL SOURCES:
  Paparazzo:
    :path: "../"

SPEC CHECKSUMS:
  Alamofire: ae5c501addb7afdbb13687d7f2f722c78734c2d3
  AlamofireImage: 63cfe3baf1370be6c498149687cf6db3e3b00999
  ImageSource: 6610cd3b66439f59b2f0aa82af203cd9263ff36b
  JNWSpringAnimation: cd4c2f4464324f63f176c3624ffccf205211a100
  Marshroute: 15cf8067a997bf298e9db9317dd7c32b8799a787
  Paparazzo: af08e0b7933b4bfd3c98721e413ca9be6900d52f
  SDWebImage: 098e97e6176540799c27e804c96653ee0833d13c

PODFILE CHECKSUM: 142d29a62dad064affbfcfd7a494204abfa7ab3c

COCOAPODS: 1.5.3
