PODS:
  - AvitoDesignKit (0.0.6):
    - JVFloatLabeledTextField (= 1.1.0)
    - SDWebImage (= 3.8.1)
    - TTTAttributedLabel (= 1.13.0)
  - AvitoMediaPicker (0.0.8):
    - AvitoDesignKit (= 0.0.6)
    - JNWSpringAnimation
    - Marshroute
  - JNWSpringAnimation (0.7.1)
  - JVFloatLabeledTextField (1.1.0)
  - Marshroute (0.3.3)
  - SDWebImage (3.8.1):
    - SDWebImage/Core (= 3.8.1)
  - SDWebImage/Core (3.8.1)
  - TTTAttributedLabel (1.13.0)

DEPENDENCIES:
  - AvitoDesignKit (from `~/Development/avito-ios-design-kit`)
  - AvitoMediaPicker (from `../`)
  - Marshroute

EXTERNAL SOURCES:
  AvitoDesignKit:
    :path: ~/Development/avito-ios-design-kit
  AvitoMediaPicker:
    :path: ../

SPEC CHECKSUMS:
  AvitoDesignKit: 60a770dc9b86a0e8e5fb1e696dad41df3bc76a30
  AvitoMediaPicker: 3cc890063deb0de0e2f49f4ec75642e1c43b5406
  JNWSpringAnimation: cd4c2f4464324f63f176c3624ffccf205211a100
  JVFloatLabeledTextField: ea4a3d8387ddd43724c472bb2b8ab39b79af05d4
  Marshroute: a7d3e67733a20630f618b4fbd418b9d559099a52
  SDWebImage: 35f9627a3e44b4f292a8a8ce6a531fa488239b91
  TTTAttributedLabel: 8aeaf67481bb38970711e2641211cba912bd5239

PODFILE CHECKSUM: 43f04c7683334681060a95cf2305a28cc2485c0f

COCOAPODS: 1.0.1
