PODS:
  - AvitoDesignKit (0.0.6):
    - TTTAttributedLabel (= 1.13.0)
  - AvitoMediaPicker (0.0.3):
    - AvitoDesignKit (= 0.0.6)
    - JNWSpringAnimation
    - Marshroute
  - JNWSpringAnimation (0.7.1)
  - Marshroute (0.3.3)
  - TTTAttributedLabel (1.13.0)

DEPENDENCIES:
  - AvitoMediaPicker (from `../`)
  - Marshroute

EXTERNAL SOURCES:
  AvitoMediaPicker:
    :path: ../

SPEC CHECKSUMS:
  AvitoDesignKit: 24b7a9c13ced6f715efc4084b5e1efa24a4b26ef
  AvitoMediaPicker: 0272f42939a9015edb870a49f8e3bad5819a83ff
  JNWSpringAnimation: cd4c2f4464324f63f176c3624ffccf205211a100
  Marshroute: a7d3e67733a20630f618b4fbd418b9d559099a52
  TTTAttributedLabel: 8aeaf67481bb38970711e2641211cba912bd5239

PODFILE CHECKSUM: 93a41216df0cc0bc0e579551da4c1b1e242cfc4b

COCOAPODS: 1.0.1
