PODS:
  - ImageSource (1.0.0):
    - ImageSource/Core (= 1.0.0)
    - ImageSource/Local (= 1.0.0)
    - ImageSource/PHAsset (= 1.0.0)
    - ImageSource/Remote (= 1.0.0)
    - ImageSource/UIKit (= 1.0.0)
  - ImageSource/Core (1.0.0)
  - ImageSource/Local (1.0.0):
    - ImageSource/Core
  - ImageSource/PHAsset (1.0.0):
    - ImageSource/Core
  - ImageSource/Remote (1.0.0):
    - ImageSource/Core
    - ImageSource/Remote/SDWebImage (= 1.0.0)
    - ImageSource/UIKit
  - ImageSource/Remote/SDWebImage (1.0.0):
    - ImageSource/Core
    - ImageSource/UIKit
    - SDWebImage (~> 3.8)
  - ImageSource/UIKit (1.0.0):
    - ImageSource/Core
  - SDWebImage (3.8.2):
    - SDWebImage/Core (= 3.8.2)
  - SDWebImage/Core (3.8.2)

DEPENDENCIES:
  - ImageSource (from `../`)

EXTERNAL SOURCES:
  ImageSource:
    :path: ../

SPEC CHECKSUMS:
  ImageSource: 3da716d19a488f5ba4cbcfbca03c284be393c267
  SDWebImage: 098e97e6176540799c27e804c96653ee0833d13c

PODFILE CHECKSUM: c48155ac304e9b22d8200b18b1d1ad4c7ccf0eb5

COCOAPODS: 1.2.0
