// !$*UTF8*$!
{
	archiveVersion = 1;
	classes = {
	};
	objectVersion = 46;
	objects = {

/* Begin PBXBuildFile section */
		136F1C7C1F4EDE2B00C5CCA1 /* AutoAdjustmentFilter.swift in Sources */ = {isa = PBXBuildFile; fileRef = 136F1C7A1F4EDDF500C5CCA1 /* AutoAdjustmentFilter.swift */; };
		1373874D203C4CE200679EAD /* Sampler.swift in Sources */ = {isa = PBXBuildFile; fileRef = 1373874C203C4CE200679EAD /* Sampler.swift */; };
		1373874F203C4E3600679EAD /* SqueezeNet.mlmodel in Sources */ = {isa = PBXBuildFile; fileRef = 1373874E203C4E3500679EAD /* SqueezeNet.mlmodel */; };
		13DCA02C2024B3D3007F79EB /* ObjectsRecognitionStreamHandler.swift in Sources */ = {isa = PBXBuildFile; fileRef = 13DCA02B2024B3D3007F79EB /* ObjectsRecognitionStreamHandler.swift */; };
		250CAE4C1FB72347006FA5DC /* ItemProvider.swift in Sources */ = {isa = PBXBuildFile; fileRef = EFA7610D1E829434000EB296 /* ItemProvider.swift */; };
		250CAE531FB72360006FA5DC /* LaunchScreen.storyboard in Resources */ = {isa = PBXBuildFile; fileRef = 250CAE511FB72360006FA5DC /* LaunchScreen.storyboard */; };
		250CAE541FB72364006FA5DC /* LaunchScreen.storyboard in Resources */ = {isa = PBXBuildFile; fileRef = 250CAE511FB72360006FA5DC /* LaunchScreen.storyboard */; };
		250CAE551FB72364006FA5DC /* LaunchScreen.storyboard in Resources */ = {isa = PBXBuildFile; fileRef = 250CAE511FB72360006FA5DC /* LaunchScreen.storyboard */; };
		251E57C41E65651F0009A288 /* AppDelegate.swift in Sources */ = {isa = PBXBuildFile; fileRef = 251E57C31E65651F0009A288 /* AppDelegate.swift */; };
		251E57F01E6565890009A288 /* AppSpecificUITheme.swift in Sources */ = {isa = PBXBuildFile; fileRef = 251E57D51E6565890009A288 /* AppSpecificUITheme.swift */; };
		251E57F21E6565890009A288 /* ExampleAssembly.swift in Sources */ = {isa = PBXBuildFile; fileRef = 251E57D91E6565890009A288 /* ExampleAssembly.swift */; };
		251E57F31E6565890009A288 /* ExampleAssemblyImpl.swift in Sources */ = {isa = PBXBuildFile; fileRef = 251E57DA1E6565890009A288 /* ExampleAssemblyImpl.swift */; };
		251E57F41E6565890009A288 /* ExampleInteractor.swift in Sources */ = {isa = PBXBuildFile; fileRef = 251E57DC1E6565890009A288 /* ExampleInteractor.swift */; };
		251E57F51E6565890009A288 /* ExampleInteractorImpl.swift in Sources */ = {isa = PBXBuildFile; fileRef = 251E57DD1E6565890009A288 /* ExampleInteractorImpl.swift */; };
		251E57F61E6565890009A288 /* ExamplePresenter.swift in Sources */ = {isa = PBXBuildFile; fileRef = 251E57DF1E6565890009A288 /* ExamplePresenter.swift */; };
		251E57F71E6565890009A288 /* ExampleRouter.swift in Sources */ = {isa = PBXBuildFile; fileRef = 251E57E11E6565890009A288 /* ExampleRouter.swift */; };
		251E57F81E6565890009A288 /* ExampleRouterImpl.swift in Sources */ = {isa = PBXBuildFile; fileRef = 251E57E21E6565890009A288 /* ExampleRouterImpl.swift */; };
		251E57F91E6565890009A288 /* ExampleView.swift in Sources */ = {isa = PBXBuildFile; fileRef = 251E57E41E6565890009A288 /* ExampleView.swift */; };
		251E57FA1E6565890009A288 /* ExampleViewController.swift in Sources */ = {isa = PBXBuildFile; fileRef = 251E57E51E6565890009A288 /* ExampleViewController.swift */; };
		251E57FB1E6565890009A288 /* ExampleViewInput.swift in Sources */ = {isa = PBXBuildFile; fileRef = 251E57E61E6565890009A288 /* ExampleViewInput.swift */; };
		251E57FC1E6565890009A288 /* Latoto-Bold.ttf in Resources */ = {isa = PBXBuildFile; fileRef = 251E57E81E6565890009A288 /* Latoto-Bold.ttf */; };
		251E57FD1E6565890009A288 /* Latoto-Light.ttf in Resources */ = {isa = PBXBuildFile; fileRef = 251E57E91E6565890009A288 /* Latoto-Light.ttf */; };
		251E57FE1E6565890009A288 /* Latoto-Regular.ttf in Resources */ = {isa = PBXBuildFile; fileRef = 251E57EA1E6565890009A288 /* Latoto-Regular.ttf */; };
		251E57FF1E6565890009A288 /* Latoto-Semibold.ttf in Resources */ = {isa = PBXBuildFile; fileRef = 251E57EB1E6565890009A288 /* Latoto-Semibold.ttf */; };
		251E58001E6565890009A288 /* Latoto-SemiboldItalic.ttf in Resources */ = {isa = PBXBuildFile; fileRef = 251E57EC1E6565890009A288 /* Latoto-SemiboldItalic.ttf */; };
		251E58011E6565890009A288 /* MarshrouteFacade.swift in Sources */ = {isa = PBXBuildFile; fileRef = 251E57EE1E6565890009A288 /* MarshrouteFacade.swift */; };
		251E58021E6565890009A288 /* NavigationController.swift in Sources */ = {isa = PBXBuildFile; fileRef = 251E57EF1E6565890009A288 /* NavigationController.swift */; };
		253169671E65698C006F1E95 /* Assets.xcassets in Resources */ = {isa = PBXBuildFile; fileRef = 253169661E65698C006F1E95 /* Assets.xcassets */; };
		25647DF821075DDF006B8A89 /* PHAssetFetchResultChangeDetailsMock.swift in Sources */ = {isa = PBXBuildFile; fileRef = 25647DF721075DDF006B8A89 /* PHAssetFetchResultChangeDetailsMock.swift */; };
		25647DFA21075F1D006B8A89 /* PhotoLibraryChangesBuilderTests.swift in Sources */ = {isa = PBXBuildFile; fileRef = 25647DF921075F1D006B8A89 /* PhotoLibraryChangesBuilderTests.swift */; };
		25647DFE2107620E006B8A89 /* PHAssetMock.swift in Sources */ = {isa = PBXBuildFile; fileRef = 25647DFD2107620E006B8A89 /* PHAssetMock.swift */; };
		25647E002107623A006B8A89 /* PHAssetFetchResultMock.swift in Sources */ = {isa = PBXBuildFile; fileRef = 25647DFF2107623A006B8A89 /* PHAssetFetchResultMock.swift */; };
		2573AD71210741F600DE0CE9 /* CollectionViewDataSourceTests.swift in Sources */ = {isa = PBXBuildFile; fileRef = 2573AD70210741F600DE0CE9 /* CollectionViewDataSourceTests.swift */; };
		2588E3511F8F8BB9009A2FD2 /* Paparazzo.strings in Resources */ = {isa = PBXBuildFile; fileRef = 2588E3531F8F8BB9009A2FD2 /* Paparazzo.strings */; };
		2590D1021F9CCCB2009AAB6D /* kitten.jpg in Resources */ = {isa = PBXBuildFile; fileRef = 2590D1011F9CCCB2009AAB6D /* kitten.jpg */; };
		25A489B41E656A2B00CC431B /* AppDelegate.swift in Sources */ = {isa = PBXBuildFile; fileRef = 25A489B31E656A2B00CC431B /* AppDelegate.swift */; };
		25A489BB1E656A2B00CC431B /* Assets.xcassets in Resources */ = {isa = PBXBuildFile; fileRef = 25A489BA1E656A2B00CC431B /* Assets.xcassets */; };
		25A489C31E656AF400CC431B /* ExampleViewController.swift in Sources */ = {isa = PBXBuildFile; fileRef = 251E57E51E6565890009A288 /* ExampleViewController.swift */; };
		25A489C41E656AF800CC431B /* ExampleView.swift in Sources */ = {isa = PBXBuildFile; fileRef = 251E57E41E6565890009A288 /* ExampleView.swift */; };
		25A489C51E656AFB00CC431B /* AppSpecificUITheme.swift in Sources */ = {isa = PBXBuildFile; fileRef = 251E57D51E6565890009A288 /* AppSpecificUITheme.swift */; };
		25A489C61E656B0200CC431B /* ExampleViewInput.swift in Sources */ = {isa = PBXBuildFile; fileRef = 251E57E61E6565890009A288 /* ExampleViewInput.swift */; };
		25A489C71E656B1000CC431B /* NavigationController.swift in Sources */ = {isa = PBXBuildFile; fileRef = 251E57EF1E6565890009A288 /* NavigationController.swift */; };
		25A489C81E656B2D00CC431B /* Latoto-Bold.ttf in Resources */ = {isa = PBXBuildFile; fileRef = 251E57E81E6565890009A288 /* Latoto-Bold.ttf */; };
		25A489C91E656B2D00CC431B /* Latoto-Light.ttf in Resources */ = {isa = PBXBuildFile; fileRef = 251E57E91E6565890009A288 /* Latoto-Light.ttf */; };
		25A489CA1E656B2D00CC431B /* Latoto-Regular.ttf in Resources */ = {isa = PBXBuildFile; fileRef = 251E57EA1E6565890009A288 /* Latoto-Regular.ttf */; };
		25A489CB1E656B2D00CC431B /* Latoto-Semibold.ttf in Resources */ = {isa = PBXBuildFile; fileRef = 251E57EB1E6565890009A288 /* Latoto-Semibold.ttf */; };
		25A489CC1E656B2D00CC431B /* Latoto-SemiboldItalic.ttf in Resources */ = {isa = PBXBuildFile; fileRef = 251E57EC1E6565890009A288 /* Latoto-SemiboldItalic.ttf */; };
		25D3036B1FCDC5DD003BEEF3 /* PhotoLibraryViewTests.swift in Sources */ = {isa = PBXBuildFile; fileRef = 25D3036A1FCDC5DD003BEEF3 /* PhotoLibraryViewTests.swift */; };
		25D303711FCDC9BF003BEEF3 /* ImageSourceStub.swift in Sources */ = {isa = PBXBuildFile; fileRef = 25D303701FCDC9BF003BEEF3 /* ImageSourceStub.swift */; };
		52BF18E8706EAF376B7D4FF7 /* Pods_PaparazzoExample_NoMarshroute.framework in Frameworks */ = {isa = PBXBuildFile; fileRef = E6ABCF2170E5A525BF1AE4D9 /* Pods_PaparazzoExample_NoMarshroute.framework */; };
		CE8D1C15CD84376A2DD4D5EB /* Pods_PaparazzoExample.framework in Frameworks */ = {isa = PBXBuildFile; fileRef = B2428770CFA3629D9F546C0E /* Pods_PaparazzoExample.framework */; };
		EFA7610E1E829434000EB296 /* ItemProvider.swift in Sources */ = {isa = PBXBuildFile; fileRef = EFA7610D1E829434000EB296 /* ItemProvider.swift */; };
		EFA7610F1E829569000EB296 /* ItemProvider.swift in Sources */ = {isa = PBXBuildFile; fileRef = EFA7610D1E829434000EB296 /* ItemProvider.swift */; };
		F2F50FC61E6C9F60006F9171 /* AppDelegate.swift in Sources */ = {isa = PBXBuildFile; fileRef = F2F50FC51E6C9F60006F9171 /* AppDelegate.swift */; };
		F2F50FC81E6C9F60006F9171 /* ViewController.swift in Sources */ = {isa = PBXBuildFile; fileRef = F2F50FC71E6C9F60006F9171 /* ViewController.swift */; };
		F2F50FCB1E6C9F60006F9171 /* Main.storyboard in Resources */ = {isa = PBXBuildFile; fileRef = F2F50FC91E6C9F60006F9171 /* Main.storyboard */; };
		F2F50FCD1E6C9F60006F9171 /* Assets.xcassets in Resources */ = {isa = PBXBuildFile; fileRef = F2F50FCC1E6C9F60006F9171 /* Assets.xcassets */; };
		F2F50FD51E6CA09D006F9171 /* AppSpecificUITheme.swift in Sources */ = {isa = PBXBuildFile; fileRef = 251E57D51E6565890009A288 /* AppSpecificUITheme.swift */; };
		F2F50FD61E6CA160006F9171 /* Latoto-Bold.ttf in Resources */ = {isa = PBXBuildFile; fileRef = 251E57E81E6565890009A288 /* Latoto-Bold.ttf */; };
		F2F50FD71E6CA160006F9171 /* Latoto-Light.ttf in Resources */ = {isa = PBXBuildFile; fileRef = 251E57E91E6565890009A288 /* Latoto-Light.ttf */; };
		F2F50FD81E6CA160006F9171 /* Latoto-Regular.ttf in Resources */ = {isa = PBXBuildFile; fileRef = 251E57EA1E6565890009A288 /* Latoto-Regular.ttf */; };
		F2F50FD91E6CA160006F9171 /* Latoto-Semibold.ttf in Resources */ = {isa = PBXBuildFile; fileRef = 251E57EB1E6565890009A288 /* Latoto-Semibold.ttf */; };
		F2F50FDA1E6CA160006F9171 /* Latoto-SemiboldItalic.ttf in Resources */ = {isa = PBXBuildFile; fileRef = 251E57EC1E6565890009A288 /* Latoto-SemiboldItalic.ttf */; };
		F87B8050880F891DF44960C1 /* Pods_PaparazzoExample_Storyboard.framework in Frameworks */ = {isa = PBXBuildFile; fileRef = 2595DFBC664C720DE0143EDE /* Pods_PaparazzoExample_Storyboard.framework */; };
		FE1A5E3CD6C581244E41DA90 /* Pods_PaparazzoTests.framework in Frameworks */ = {isa = PBXBuildFile; fileRef = 60170B162745A4EC17CF12A7 /* Pods_PaparazzoTests.framework */; };
/* End PBXBuildFile section */

/* Begin PBXFileReference section */
		136F1C7A1F4EDDF500C5CCA1 /* AutoAdjustmentFilter.swift */ = {isa = PBXFileReference; lastKnownFileType = sourcecode.swift; path = AutoAdjustmentFilter.swift; sourceTree = "<group>"; };
		1373874C203C4CE200679EAD /* Sampler.swift */ = {isa = PBXFileReference; lastKnownFileType = sourcecode.swift; path = Sampler.swift; sourceTree = "<group>"; };
		1373874E203C4E3500679EAD /* SqueezeNet.mlmodel */ = {isa = PBXFileReference; lastKnownFileType = file.mlmodel; path = SqueezeNet.mlmodel; sourceTree = "<group>"; };
		13DCA02B2024B3D3007F79EB /* ObjectsRecognitionStreamHandler.swift */ = {isa = PBXFileReference; lastKnownFileType = sourcecode.swift; path = ObjectsRecognitionStreamHandler.swift; sourceTree = "<group>"; };
		250CAE521FB72360006FA5DC /* Base */ = {isa = PBXFileReference; lastKnownFileType = file.storyboard; name = Base; path = Base.lproj/LaunchScreen.storyboard; sourceTree = "<group>"; };
		251E57C01E65651F0009A288 /* PaparazzoExample.app */ = {isa = PBXFileReference; explicitFileType = wrapper.application; includeInIndex = 0; path = PaparazzoExample.app; sourceTree = BUILT_PRODUCTS_DIR; };
		251E57C31E65651F0009A288 /* AppDelegate.swift */ = {isa = PBXFileReference; lastKnownFileType = sourcecode.swift; path = AppDelegate.swift; sourceTree = "<group>"; };
		251E57CF1E65651F0009A288 /* Info.plist */ = {isa = PBXFileReference; lastKnownFileType = text.plist.xml; path = Info.plist; sourceTree = "<group>"; };
		251E57D51E6565890009A288 /* AppSpecificUITheme.swift */ = {isa = PBXFileReference; fileEncoding = 4; lastKnownFileType = sourcecode.swift; path = AppSpecificUITheme.swift; sourceTree = "<group>"; };
		251E57D91E6565890009A288 /* ExampleAssembly.swift */ = {isa = PBXFileReference; fileEncoding = 4; lastKnownFileType = sourcecode.swift; path = ExampleAssembly.swift; sourceTree = "<group>"; };
		251E57DA1E6565890009A288 /* ExampleAssemblyImpl.swift */ = {isa = PBXFileReference; fileEncoding = 4; lastKnownFileType = sourcecode.swift; path = ExampleAssemblyImpl.swift; sourceTree = "<group>"; };
		251E57DC1E6565890009A288 /* ExampleInteractor.swift */ = {isa = PBXFileReference; fileEncoding = 4; lastKnownFileType = sourcecode.swift; path = ExampleInteractor.swift; sourceTree = "<group>"; };
		251E57DD1E6565890009A288 /* ExampleInteractorImpl.swift */ = {isa = PBXFileReference; fileEncoding = 4; lastKnownFileType = sourcecode.swift; path = ExampleInteractorImpl.swift; sourceTree = "<group>"; };
		251E57DF1E6565890009A288 /* ExamplePresenter.swift */ = {isa = PBXFileReference; fileEncoding = 4; lastKnownFileType = sourcecode.swift; path = ExamplePresenter.swift; sourceTree = "<group>"; };
		251E57E11E6565890009A288 /* ExampleRouter.swift */ = {isa = PBXFileReference; fileEncoding = 4; lastKnownFileType = sourcecode.swift; path = ExampleRouter.swift; sourceTree = "<group>"; };
		251E57E21E6565890009A288 /* ExampleRouterImpl.swift */ = {isa = PBXFileReference; fileEncoding = 4; lastKnownFileType = sourcecode.swift; path = ExampleRouterImpl.swift; sourceTree = "<group>"; };
		251E57E41E6565890009A288 /* ExampleView.swift */ = {isa = PBXFileReference; fileEncoding = 4; lastKnownFileType = sourcecode.swift; path = ExampleView.swift; sourceTree = "<group>"; };
		251E57E51E6565890009A288 /* ExampleViewController.swift */ = {isa = PBXFileReference; fileEncoding = 4; lastKnownFileType = sourcecode.swift; path = ExampleViewController.swift; sourceTree = "<group>"; };
		251E57E61E6565890009A288 /* ExampleViewInput.swift */ = {isa = PBXFileReference; fileEncoding = 4; lastKnownFileType = sourcecode.swift; path = ExampleViewInput.swift; sourceTree = "<group>"; };
		251E57E81E6565890009A288 /* Latoto-Bold.ttf */ = {isa = PBXFileReference; lastKnownFileType = file; path = "Latoto-Bold.ttf"; sourceTree = "<group>"; };
		251E57E91E6565890009A288 /* Latoto-Light.ttf */ = {isa = PBXFileReference; lastKnownFileType = file; path = "Latoto-Light.ttf"; sourceTree = "<group>"; };
		251E57EA1E6565890009A288 /* Latoto-Regular.ttf */ = {isa = PBXFileReference; lastKnownFileType = file; path = "Latoto-Regular.ttf"; sourceTree = "<group>"; };
		251E57EB1E6565890009A288 /* Latoto-Semibold.ttf */ = {isa = PBXFileReference; lastKnownFileType = file; path = "Latoto-Semibold.ttf"; sourceTree = "<group>"; };
		251E57EC1E6565890009A288 /* Latoto-SemiboldItalic.ttf */ = {isa = PBXFileReference; lastKnownFileType = file; path = "Latoto-SemiboldItalic.ttf"; sourceTree = "<group>"; };
		251E57EE1E6565890009A288 /* MarshrouteFacade.swift */ = {isa = PBXFileReference; fileEncoding = 4; lastKnownFileType = sourcecode.swift; path = MarshrouteFacade.swift; sourceTree = "<group>"; };
		251E57EF1E6565890009A288 /* NavigationController.swift */ = {isa = PBXFileReference; fileEncoding = 4; lastKnownFileType = sourcecode.swift; path = NavigationController.swift; sourceTree = "<group>"; };
		253169661E65698C006F1E95 /* Assets.xcassets */ = {isa = PBXFileReference; lastKnownFileType = folder.assetcatalog; path = Assets.xcassets; sourceTree = "<group>"; };
		25647DF721075DDF006B8A89 /* PHAssetFetchResultChangeDetailsMock.swift */ = {isa = PBXFileReference; lastKnownFileType = sourcecode.swift; path = PHAssetFetchResultChangeDetailsMock.swift; sourceTree = "<group>"; };
		25647DF921075F1D006B8A89 /* PhotoLibraryChangesBuilderTests.swift */ = {isa = PBXFileReference; lastKnownFileType = sourcecode.swift; path = PhotoLibraryChangesBuilderTests.swift; sourceTree = "<group>"; };
		25647DFD2107620E006B8A89 /* PHAssetMock.swift */ = {isa = PBXFileReference; lastKnownFileType = sourcecode.swift; path = PHAssetMock.swift; sourceTree = "<group>"; };
		25647DFF2107623A006B8A89 /* PHAssetFetchResultMock.swift */ = {isa = PBXFileReference; lastKnownFileType = sourcecode.swift; path = PHAssetFetchResultMock.swift; sourceTree = "<group>"; };
		2573AD70210741F600DE0CE9 /* CollectionViewDataSourceTests.swift */ = {isa = PBXFileReference; lastKnownFileType = sourcecode.swift; path = CollectionViewDataSourceTests.swift; sourceTree = "<group>"; };
		2588E3541F8F8BBB009A2FD2 /* ru */ = {isa = PBXFileReference; lastKnownFileType = text.plist.strings; name = ru; path = ru.lproj/Paparazzo.strings; sourceTree = "<group>"; };
		2590D1011F9CCCB2009AAB6D /* kitten.jpg */ = {isa = PBXFileReference; lastKnownFileType = image.jpeg; path = kitten.jpg; sourceTree = "<group>"; };
		2595DFBC664C720DE0143EDE /* Pods_PaparazzoExample_Storyboard.framework */ = {isa = PBXFileReference; explicitFileType = wrapper.framework; includeInIndex = 0; path = Pods_PaparazzoExample_Storyboard.framework; sourceTree = BUILT_PRODUCTS_DIR; };
		25A489B11E656A2B00CC431B /* PaparazzoExample_NoMarshroute.app */ = {isa = PBXFileReference; explicitFileType = wrapper.application; includeInIndex = 0; path = PaparazzoExample_NoMarshroute.app; sourceTree = BUILT_PRODUCTS_DIR; };
		25A489B31E656A2B00CC431B /* AppDelegate.swift */ = {isa = PBXFileReference; lastKnownFileType = sourcecode.swift; path = AppDelegate.swift; sourceTree = "<group>"; };
		25A489BA1E656A2B00CC431B /* Assets.xcassets */ = {isa = PBXFileReference; lastKnownFileType = folder.assetcatalog; path = Assets.xcassets; sourceTree = "<group>"; };
		25A489BF1E656A2B00CC431B /* Info.plist */ = {isa = PBXFileReference; lastKnownFileType = text.plist.xml; path = Info.plist; sourceTree = "<group>"; };
		25D303681FCDC5DD003BEEF3 /* PaparazzoTests.xctest */ = {isa = PBXFileReference; explicitFileType = wrapper.cfbundle; includeInIndex = 0; path = PaparazzoTests.xctest; sourceTree = BUILT_PRODUCTS_DIR; };
		25D3036A1FCDC5DD003BEEF3 /* PhotoLibraryViewTests.swift */ = {isa = PBXFileReference; lastKnownFileType = sourcecode.swift; path = PhotoLibraryViewTests.swift; sourceTree = "<group>"; };
		25D3036C1FCDC5DD003BEEF3 /* Info.plist */ = {isa = PBXFileReference; lastKnownFileType = text.plist.xml; path = Info.plist; sourceTree = "<group>"; };
		25D303701FCDC9BF003BEEF3 /* ImageSourceStub.swift */ = {isa = PBXFileReference; lastKnownFileType = sourcecode.swift; path = ImageSourceStub.swift; sourceTree = "<group>"; };
		315BAA835C81DEF5887BD7DB /* Pods-PaparazzoExample_NoMarshroute.release.xcconfig */ = {isa = PBXFileReference; includeInIndex = 1; lastKnownFileType = text.xcconfig; name = "Pods-PaparazzoExample_NoMarshroute.release.xcconfig"; path = "Pods/Target Support Files/Pods-PaparazzoExample_NoMarshroute/Pods-PaparazzoExample_NoMarshroute.release.xcconfig"; sourceTree = "<group>"; };
		48B835582ACD8332C9BA15E4 /* Pods-PaparazzoExample_NoMarshroute.debug.xcconfig */ = {isa = PBXFileReference; includeInIndex = 1; lastKnownFileType = text.xcconfig; name = "Pods-PaparazzoExample_NoMarshroute.debug.xcconfig"; path = "Pods/Target Support Files/Pods-PaparazzoExample_NoMarshroute/Pods-PaparazzoExample_NoMarshroute.debug.xcconfig"; sourceTree = "<group>"; };
		60170B162745A4EC17CF12A7 /* Pods_PaparazzoTests.framework */ = {isa = PBXFileReference; explicitFileType = wrapper.framework; includeInIndex = 0; path = Pods_PaparazzoTests.framework; sourceTree = BUILT_PRODUCTS_DIR; };
		74AC4D8E7402C9D75BBCCE64 /* Pods-PaparazzoTests.release.xcconfig */ = {isa = PBXFileReference; includeInIndex = 1; lastKnownFileType = text.xcconfig; name = "Pods-PaparazzoTests.release.xcconfig"; path = "Pods/Target Support Files/Pods-PaparazzoTests/Pods-PaparazzoTests.release.xcconfig"; sourceTree = "<group>"; };
		8F41473A2CF3773A361B3B48 /* Pods-PaparazzoTests.debug.xcconfig */ = {isa = PBXFileReference; includeInIndex = 1; lastKnownFileType = text.xcconfig; name = "Pods-PaparazzoTests.debug.xcconfig"; path = "Pods/Target Support Files/Pods-PaparazzoTests/Pods-PaparazzoTests.debug.xcconfig"; sourceTree = "<group>"; };
		AAEDA1D8EF806709D04B01FB /* Pods-PaparazzoExample_Storyboard.debug.xcconfig */ = {isa = PBXFileReference; includeInIndex = 1; lastKnownFileType = text.xcconfig; name = "Pods-PaparazzoExample_Storyboard.debug.xcconfig"; path = "Pods/Target Support Files/Pods-PaparazzoExample_Storyboard/Pods-PaparazzoExample_Storyboard.debug.xcconfig"; sourceTree = "<group>"; };
		B2428770CFA3629D9F546C0E /* Pods_PaparazzoExample.framework */ = {isa = PBXFileReference; explicitFileType = wrapper.framework; includeInIndex = 0; path = Pods_PaparazzoExample.framework; sourceTree = BUILT_PRODUCTS_DIR; };
		B3B80F15A34988487CF60811 /* Pods-PaparazzoExample.release.xcconfig */ = {isa = PBXFileReference; includeInIndex = 1; lastKnownFileType = text.xcconfig; name = "Pods-PaparazzoExample.release.xcconfig"; path = "Pods/Target Support Files/Pods-PaparazzoExample/Pods-PaparazzoExample.release.xcconfig"; sourceTree = "<group>"; };
		BFE98D4C3B7F447CCCFEB3F0 /* Pods-PaparazzoExample.debug.xcconfig */ = {isa = PBXFileReference; includeInIndex = 1; lastKnownFileType = text.xcconfig; name = "Pods-PaparazzoExample.debug.xcconfig"; path = "Pods/Target Support Files/Pods-PaparazzoExample/Pods-PaparazzoExample.debug.xcconfig"; sourceTree = "<group>"; };
		D7FB8C690783332D531DCD20 /* Pods-PaparazzoExample_Storyboard.release.xcconfig */ = {isa = PBXFileReference; includeInIndex = 1; lastKnownFileType = text.xcconfig; name = "Pods-PaparazzoExample_Storyboard.release.xcconfig"; path = "Pods/Target Support Files/Pods-PaparazzoExample_Storyboard/Pods-PaparazzoExample_Storyboard.release.xcconfig"; sourceTree = "<group>"; };
		E6ABCF2170E5A525BF1AE4D9 /* Pods_PaparazzoExample_NoMarshroute.framework */ = {isa = PBXFileReference; explicitFileType = wrapper.framework; includeInIndex = 0; path = Pods_PaparazzoExample_NoMarshroute.framework; sourceTree = BUILT_PRODUCTS_DIR; };
		EFA7610D1E829434000EB296 /* ItemProvider.swift */ = {isa = PBXFileReference; fileEncoding = 4; lastKnownFileType = sourcecode.swift; path = ItemProvider.swift; sourceTree = "<group>"; };
		F2F50FC31E6C9F60006F9171 /* PaparazzoExample_Storyboard.app */ = {isa = PBXFileReference; explicitFileType = wrapper.application; includeInIndex = 0; path = PaparazzoExample_Storyboard.app; sourceTree = BUILT_PRODUCTS_DIR; };
		F2F50FC51E6C9F60006F9171 /* AppDelegate.swift */ = {isa = PBXFileReference; lastKnownFileType = sourcecode.swift; path = AppDelegate.swift; sourceTree = "<group>"; };
		F2F50FC71E6C9F60006F9171 /* ViewController.swift */ = {isa = PBXFileReference; lastKnownFileType = sourcecode.swift; path = ViewController.swift; sourceTree = "<group>"; };
		F2F50FCA1E6C9F60006F9171 /* Base */ = {isa = PBXFileReference; lastKnownFileType = file.storyboard; name = Base; path = Base.lproj/Main.storyboard; sourceTree = "<group>"; };
		F2F50FCC1E6C9F60006F9171 /* Assets.xcassets */ = {isa = PBXFileReference; lastKnownFileType = folder.assetcatalog; path = Assets.xcassets; sourceTree = "<group>"; };
		F2F50FD11E6C9F60006F9171 /* Info.plist */ = {isa = PBXFileReference; lastKnownFileType = text.plist.xml; path = Info.plist; sourceTree = "<group>"; };
/* End PBXFileReference section */

/* Begin PBXFrameworksBuildPhase section */
		251E57BD1E65651F0009A288 /* Frameworks */ = {
			isa = PBXFrameworksBuildPhase;
			buildActionMask = 2147483647;
			files = (
				CE8D1C15CD84376A2DD4D5EB /* Pods_PaparazzoExample.framework in Frameworks */,
			);
			runOnlyForDeploymentPostprocessing = 0;
		};
		25A489AE1E656A2B00CC431B /* Frameworks */ = {
			isa = PBXFrameworksBuildPhase;
			buildActionMask = 2147483647;
			files = (
				52BF18E8706EAF376B7D4FF7 /* Pods_PaparazzoExample_NoMarshroute.framework in Frameworks */,
			);
			runOnlyForDeploymentPostprocessing = 0;
		};
		25D303651FCDC5DD003BEEF3 /* Frameworks */ = {
			isa = PBXFrameworksBuildPhase;
			buildActionMask = 2147483647;
			files = (
				FE1A5E3CD6C581244E41DA90 /* Pods_PaparazzoTests.framework in Frameworks */,
			);
			runOnlyForDeploymentPostprocessing = 0;
		};
		F2F50FC01E6C9F60006F9171 /* Frameworks */ = {
			isa = PBXFrameworksBuildPhase;
			buildActionMask = 2147483647;
			files = (
				F87B8050880F891DF44960C1 /* Pods_PaparazzoExample_Storyboard.framework in Frameworks */,
			);
			runOnlyForDeploymentPostprocessing = 0;
		};
/* End PBXFrameworksBuildPhase section */

/* Begin PBXGroup section */
		065EA8ADECDAEC74625EFF26 /* Pods */ = {
			isa = PBXGroup;
			children = (
				BFE98D4C3B7F447CCCFEB3F0 /* Pods-PaparazzoExample.debug.xcconfig */,
				B3B80F15A34988487CF60811 /* Pods-PaparazzoExample.release.xcconfig */,
				48B835582ACD8332C9BA15E4 /* Pods-PaparazzoExample_NoMarshroute.debug.xcconfig */,
				315BAA835C81DEF5887BD7DB /* Pods-PaparazzoExample_NoMarshroute.release.xcconfig */,
				AAEDA1D8EF806709D04B01FB /* Pods-PaparazzoExample_Storyboard.debug.xcconfig */,
				D7FB8C690783332D531DCD20 /* Pods-PaparazzoExample_Storyboard.release.xcconfig */,
				8F41473A2CF3773A361B3B48 /* Pods-PaparazzoTests.debug.xcconfig */,
				74AC4D8E7402C9D75BBCCE64 /* Pods-PaparazzoTests.release.xcconfig */,
			);
			name = Pods;
			sourceTree = "<group>";
		};
		136F1C771F4ED91900C5CCA1 /* Filters */ = {
			isa = PBXGroup;
			children = (
				136F1C7A1F4EDDF500C5CCA1 /* AutoAdjustmentFilter.swift */,
			);
			path = Filters;
			sourceTree = "<group>";
		};
		13DCA02A2024B33E007F79EB /* StreamHandlers */ = {
			isa = PBXGroup;
			children = (
				13DCA02B2024B3D3007F79EB /* ObjectsRecognitionStreamHandler.swift */,
				1373874E203C4E3500679EAD /* SqueezeNet.mlmodel */,
				1373874C203C4CE200679EAD /* Sampler.swift */,
			);
			path = StreamHandlers;
			sourceTree = "<group>";
		};
		251E57B71E65651F0009A288 = {
			isa = PBXGroup;
			children = (
				251E57C21E65651F0009A288 /* PaparazzoExample */,
				25A489B21E656A2B00CC431B /* PaparazzoExample_NoMarshroute */,
				EFA7610C1E829434000EB296 /* Shared */,
				F2F50FC41E6C9F60006F9171 /* PaparazzoExample_Storyboard */,
				25D303691FCDC5DD003BEEF3 /* PaparazzoTests */,
				251E57C11E65651F0009A288 /* Products */,
				EC445A1109FBC420CB5CBEB8 /* Frameworks */,
				065EA8ADECDAEC74625EFF26 /* Pods */,
			);
			sourceTree = "<group>";
		};
		251E57C11E65651F0009A288 /* Products */ = {
			isa = PBXGroup;
			children = (
				251E57C01E65651F0009A288 /* PaparazzoExample.app */,
				25A489B11E656A2B00CC431B /* PaparazzoExample_NoMarshroute.app */,
				F2F50FC31E6C9F60006F9171 /* PaparazzoExample_Storyboard.app */,
				25D303681FCDC5DD003BEEF3 /* PaparazzoTests.xctest */,
			);
			name = Products;
			sourceTree = "<group>";
		};
		251E57C21E65651F0009A288 /* PaparazzoExample */ = {
			isa = PBXGroup;
			children = (
				253169661E65698C006F1E95 /* Assets.xcassets */,
				251E57C31E65651F0009A288 /* AppDelegate.swift */,
				251E57D51E6565890009A288 /* AppSpecificUITheme.swift */,
				251E57EF1E6565890009A288 /* NavigationController.swift */,
				136F1C771F4ED91900C5CCA1 /* Filters */,
				251E57D71E6565890009A288 /* Example */,
				251E57E71E6565890009A288 /* Fonts */,
				251E57ED1E6565890009A288 /* MarshrouteHelpers */,
				13DCA02A2024B33E007F79EB /* StreamHandlers */,
				251E57CF1E65651F0009A288 /* Info.plist */,
				2588E3531F8F8BB9009A2FD2 /* Paparazzo.strings */,
			);
			path = PaparazzoExample;
			sourceTree = "<group>";
		};
		251E57D71E6565890009A288 /* Example */ = {
			isa = PBXGroup;
			children = (
				251E57D81E6565890009A288 /* Assembly */,
				251E57DB1E6565890009A288 /* Interactor */,
				251E57DE1E6565890009A288 /* Presenter */,
				251E57E01E6565890009A288 /* Router */,
				251E57E31E6565890009A288 /* View */,
			);
			path = Example;
			sourceTree = "<group>";
		};
		251E57D81E6565890009A288 /* Assembly */ = {
			isa = PBXGroup;
			children = (
				251E57D91E6565890009A288 /* ExampleAssembly.swift */,
				251E57DA1E6565890009A288 /* ExampleAssemblyImpl.swift */,
			);
			path = Assembly;
			sourceTree = "<group>";
		};
		251E57DB1E6565890009A288 /* Interactor */ = {
			isa = PBXGroup;
			children = (
				251E57DC1E6565890009A288 /* ExampleInteractor.swift */,
				251E57DD1E6565890009A288 /* ExampleInteractorImpl.swift */,
			);
			path = Interactor;
			sourceTree = "<group>";
		};
		251E57DE1E6565890009A288 /* Presenter */ = {
			isa = PBXGroup;
			children = (
				251E57DF1E6565890009A288 /* ExamplePresenter.swift */,
			);
			path = Presenter;
			sourceTree = "<group>";
		};
		251E57E01E6565890009A288 /* Router */ = {
			isa = PBXGroup;
			children = (
				251E57E11E6565890009A288 /* ExampleRouter.swift */,
				251E57E21E6565890009A288 /* ExampleRouterImpl.swift */,
			);
			path = Router;
			sourceTree = "<group>";
		};
		251E57E31E6565890009A288 /* View */ = {
			isa = PBXGroup;
			children = (
				251E57E41E6565890009A288 /* ExampleView.swift */,
				251E57E51E6565890009A288 /* ExampleViewController.swift */,
				251E57E61E6565890009A288 /* ExampleViewInput.swift */,
			);
			path = View;
			sourceTree = "<group>";
		};
		251E57E71E6565890009A288 /* Fonts */ = {
			isa = PBXGroup;
			children = (
				251E57E81E6565890009A288 /* Latoto-Bold.ttf */,
				251E57E91E6565890009A288 /* Latoto-Light.ttf */,
				251E57EA1E6565890009A288 /* Latoto-Regular.ttf */,
				251E57EB1E6565890009A288 /* Latoto-Semibold.ttf */,
				251E57EC1E6565890009A288 /* Latoto-SemiboldItalic.ttf */,
			);
			path = Fonts;
			sourceTree = "<group>";
		};
		251E57ED1E6565890009A288 /* MarshrouteHelpers */ = {
			isa = PBXGroup;
			children = (
				251E57EE1E6565890009A288 /* MarshrouteFacade.swift */,
			);
			path = MarshrouteHelpers;
			sourceTree = "<group>";
		};
		25647DFB210761F6006B8A89 /* Mocks */ = {
			isa = PBXGroup;
			children = (
				25647DFC210761FB006B8A89 /* PhotoKit */,
			);
			path = Mocks;
			sourceTree = "<group>";
		};
		25647DFC210761FB006B8A89 /* PhotoKit */ = {
			isa = PBXGroup;
			children = (
				25647DFD2107620E006B8A89 /* PHAssetMock.swift */,
				25647DF721075DDF006B8A89 /* PHAssetFetchResultChangeDetailsMock.swift */,
				25647DFF2107623A006B8A89 /* PHAssetFetchResultMock.swift */,
			);
			path = PhotoKit;
			sourceTree = "<group>";
		};
		25A489B21E656A2B00CC431B /* PaparazzoExample_NoMarshroute */ = {
			isa = PBXGroup;
			children = (
				25A489B31E656A2B00CC431B /* AppDelegate.swift */,
				25A489BA1E656A2B00CC431B /* Assets.xcassets */,
				25A489BF1E656A2B00CC431B /* Info.plist */,
				2590D1011F9CCCB2009AAB6D /* kitten.jpg */,
			);
			path = PaparazzoExample_NoMarshroute;
			sourceTree = "<group>";
		};
		25D303691FCDC5DD003BEEF3 /* PaparazzoTests */ = {
			isa = PBXGroup;
			children = (
				25647DFB210761F6006B8A89 /* Mocks */,
				25D3036A1FCDC5DD003BEEF3 /* PhotoLibraryViewTests.swift */,
				25D303701FCDC9BF003BEEF3 /* ImageSourceStub.swift */,
				2573AD70210741F600DE0CE9 /* CollectionViewDataSourceTests.swift */,
				25647DF921075F1D006B8A89 /* PhotoLibraryChangesBuilderTests.swift */,
				25D3036C1FCDC5DD003BEEF3 /* Info.plist */,
			);
			path = PaparazzoTests;
			sourceTree = "<group>";
		};
		EC445A1109FBC420CB5CBEB8 /* Frameworks */ = {
			isa = PBXGroup;
			children = (
				B2428770CFA3629D9F546C0E /* Pods_PaparazzoExample.framework */,
				E6ABCF2170E5A525BF1AE4D9 /* Pods_PaparazzoExample_NoMarshroute.framework */,
				2595DFBC664C720DE0143EDE /* Pods_PaparazzoExample_Storyboard.framework */,
				60170B162745A4EC17CF12A7 /* Pods_PaparazzoTests.framework */,
			);
			name = Frameworks;
			sourceTree = "<group>";
		};
		EFA7610C1E829434000EB296 /* Shared */ = {
			isa = PBXGroup;
			children = (
				EFA7610D1E829434000EB296 /* ItemProvider.swift */,
				250CAE511FB72360006FA5DC /* LaunchScreen.storyboard */,
			);
			path = Shared;
			sourceTree = "<group>";
		};
		F2F50FC41E6C9F60006F9171 /* PaparazzoExample_Storyboard */ = {
			isa = PBXGroup;
			children = (
				F2F50FC51E6C9F60006F9171 /* AppDelegate.swift */,
				F2F50FC71E6C9F60006F9171 /* ViewController.swift */,
				F2F50FC91E6C9F60006F9171 /* Main.storyboard */,
				F2F50FCC1E6C9F60006F9171 /* Assets.xcassets */,
				F2F50FD11E6C9F60006F9171 /* Info.plist */,
			);
			path = PaparazzoExample_Storyboard;
			sourceTree = "<group>";
		};
/* End PBXGroup section */

/* Begin PBXNativeTarget section */
		251E57BF1E65651F0009A288 /* PaparazzoExample */ = {
			isa = PBXNativeTarget;
			buildConfigurationList = 251E57D21E65651F0009A288 /* Build configuration list for PBXNativeTarget "PaparazzoExample" */;
			buildPhases = (
				653986DC6000528CE9CF668C /* [CP] Check Pods Manifest.lock */,
				251E57BC1E65651F0009A288 /* Sources */,
				251E57BD1E65651F0009A288 /* Frameworks */,
				251E57BE1E65651F0009A288 /* Resources */,
				30EEA6FE2A6A03711FBBC445 /* [CP] Embed Pods Frameworks */,
			);
			buildRules = (
			);
			dependencies = (
			);
			name = PaparazzoExample;
			productName = PaparazzoExample;
			productReference = 251E57C01E65651F0009A288 /* PaparazzoExample.app */;
			productType = "com.apple.product-type.application";
		};
		25A489B01E656A2B00CC431B /* PaparazzoExample_NoMarshroute */ = {
			isa = PBXNativeTarget;
			buildConfigurationList = 25A489C01E656A2B00CC431B /* Build configuration list for PBXNativeTarget "PaparazzoExample_NoMarshroute" */;
			buildPhases = (
				0C3BE34A4E7961FEB811EBA2 /* [CP] Check Pods Manifest.lock */,
				25A489AD1E656A2B00CC431B /* Sources */,
				25A489AE1E656A2B00CC431B /* Frameworks */,
				25A489AF1E656A2B00CC431B /* Resources */,
				3F7D7B75A0D0D814B69B4169 /* [CP] Embed Pods Frameworks */,
			);
			buildRules = (
			);
			dependencies = (
			);
			name = PaparazzoExample_NoMarshroute;
			productName = PaparazzoExample_NoMarshroute;
			productReference = 25A489B11E656A2B00CC431B /* PaparazzoExample_NoMarshroute.app */;
			productType = "com.apple.product-type.application";
		};
		25D303671FCDC5DD003BEEF3 /* PaparazzoTests */ = {
			isa = PBXNativeTarget;
			buildConfigurationList = 25D3036F1FCDC5DD003BEEF3 /* Build configuration list for PBXNativeTarget "PaparazzoTests" */;
			buildPhases = (
				93A32D9825AF4F892DEB33EC /* [CP] Check Pods Manifest.lock */,
				25D303641FCDC5DD003BEEF3 /* Sources */,
				25D303651FCDC5DD003BEEF3 /* Frameworks */,
				25D303661FCDC5DD003BEEF3 /* Resources */,
				97B3552F1DADBEE7DC9442CD /* [CP] Embed Pods Frameworks */,
			);
			buildRules = (
			);
			dependencies = (
			);
			name = PaparazzoTests;
			productName = PaparazzoTests;
			productReference = 25D303681FCDC5DD003BEEF3 /* PaparazzoTests.xctest */;
			productType = "com.apple.product-type.bundle.unit-test";
		};
		F2F50FC21E6C9F60006F9171 /* PaparazzoExample_Storyboard */ = {
			isa = PBXNativeTarget;
			buildConfigurationList = F2F50FD41E6C9F60006F9171 /* Build configuration list for PBXNativeTarget "PaparazzoExample_Storyboard" */;
			buildPhases = (
				D52DD72F772717FAF15EC035 /* [CP] Check Pods Manifest.lock */,
				F2F50FBF1E6C9F60006F9171 /* Sources */,
				F2F50FC01E6C9F60006F9171 /* Frameworks */,
				F2F50FC11E6C9F60006F9171 /* Resources */,
				F2B5E45E5D54A87D655FD182 /* [CP] Embed Pods Frameworks */,
			);
			buildRules = (
			);
			dependencies = (
			);
			name = PaparazzoExample_Storyboard;
			productName = PaparazzoExample_Storyboard;
			productReference = F2F50FC31E6C9F60006F9171 /* PaparazzoExample_Storyboard.app */;
			productType = "com.apple.product-type.application";
		};
/* End PBXNativeTarget section */

/* Begin PBXProject section */
		251E57B81E65651F0009A288 /* Project object */ = {
			isa = PBXProject;
			attributes = {
				LastSwiftUpdateCheck = 0910;
				LastUpgradeCheck = 0820;
				ORGANIZATIONNAME = Avito;
				TargetAttributes = {
					251E57BF1E65651F0009A288 = {
						CreatedOnToolsVersion = 8.2.1;
						DevelopmentTeam = 5PHGGKL9UQ;
						ProvisioningStyle = Automatic;
					};
					25A489B01E656A2B00CC431B = {
						CreatedOnToolsVersion = 8.2.1;
						ProvisioningStyle = Manual;
					};
					25D303671FCDC5DD003BEEF3 = {
						CreatedOnToolsVersion = 9.1;
						ProvisioningStyle = Manual;
					};
					F2F50FC21E6C9F60006F9171 = {
						CreatedOnToolsVersion = 8.2.1;
						ProvisioningStyle = Manual;
					};
				};
			};
			buildConfigurationList = 251E57BB1E65651F0009A288 /* Build configuration list for PBXProject "PaparazzoExample" */;
			compatibilityVersion = "Xcode 3.2";
			developmentRegion = English;
			hasScannedForEncodings = 0;
			knownRegions = (
				en,
				Base,
				ru,
			);
			mainGroup = 251E57B71E65651F0009A288;
			productRefGroup = 251E57C11E65651F0009A288 /* Products */;
			projectDirPath = "";
			projectRoot = "";
			targets = (
				251E57BF1E65651F0009A288 /* PaparazzoExample */,
				25A489B01E656A2B00CC431B /* PaparazzoExample_NoMarshroute */,
				F2F50FC21E6C9F60006F9171 /* PaparazzoExample_Storyboard */,
				25D303671FCDC5DD003BEEF3 /* PaparazzoTests */,
			);
		};
/* End PBXProject section */

/* Begin PBXResourcesBuildPhase section */
		251E57BE1E65651F0009A288 /* Resources */ = {
			isa = PBXResourcesBuildPhase;
			buildActionMask = 2147483647;
			files = (
				251E57FD1E6565890009A288 /* Latoto-Light.ttf in Resources */,
				250CAE531FB72360006FA5DC /* LaunchScreen.storyboard in Resources */,
				251E57FF1E6565890009A288 /* Latoto-Semibold.ttf in Resources */,
				251E57FC1E6565890009A288 /* Latoto-Bold.ttf in Resources */,
				251E58001E6565890009A288 /* Latoto-SemiboldItalic.ttf in Resources */,
				253169671E65698C006F1E95 /* Assets.xcassets in Resources */,
				251E57FE1E6565890009A288 /* Latoto-Regular.ttf in Resources */,
				2588E3511F8F8BB9009A2FD2 /* Paparazzo.strings in Resources */,
			);
			runOnlyForDeploymentPostprocessing = 0;
		};
		25A489AF1E656A2B00CC431B /* Resources */ = {
			isa = PBXResourcesBuildPhase;
			buildActionMask = 2147483647;
			files = (
				25A489C81E656B2D00CC431B /* Latoto-Bold.ttf in Resources */,
				250CAE541FB72364006FA5DC /* LaunchScreen.storyboard in Resources */,
				2590D1021F9CCCB2009AAB6D /* kitten.jpg in Resources */,
				25A489CB1E656B2D00CC431B /* Latoto-Semibold.ttf in Resources */,
				25A489CC1E656B2D00CC431B /* Latoto-SemiboldItalic.ttf in Resources */,
				25A489C91E656B2D00CC431B /* Latoto-Light.ttf in Resources */,
				25A489CA1E656B2D00CC431B /* Latoto-Regular.ttf in Resources */,
				25A489BB1E656A2B00CC431B /* Assets.xcassets in Resources */,
			);
			runOnlyForDeploymentPostprocessing = 0;
		};
		25D303661FCDC5DD003BEEF3 /* Resources */ = {
			isa = PBXResourcesBuildPhase;
			buildActionMask = 2147483647;
			files = (
			);
			runOnlyForDeploymentPostprocessing = 0;
		};
		F2F50FC11E6C9F60006F9171 /* Resources */ = {
			isa = PBXResourcesBuildPhase;
			buildActionMask = 2147483647;
			files = (
				F2F50FD61E6CA160006F9171 /* Latoto-Bold.ttf in Resources */,
				250CAE551FB72364006FA5DC /* LaunchScreen.storyboard in Resources */,
				F2F50FD91E6CA160006F9171 /* Latoto-Semibold.ttf in Resources */,
				F2F50FDA1E6CA160006F9171 /* Latoto-SemiboldItalic.ttf in Resources */,
				F2F50FD71E6CA160006F9171 /* Latoto-Light.ttf in Resources */,
				F2F50FD81E6CA160006F9171 /* Latoto-Regular.ttf in Resources */,
				F2F50FCD1E6C9F60006F9171 /* Assets.xcassets in Resources */,
				F2F50FCB1E6C9F60006F9171 /* Main.storyboard in Resources */,
			);
			runOnlyForDeploymentPostprocessing = 0;
		};
/* End PBXResourcesBuildPhase section */

/* Begin PBXShellScriptBuildPhase section */
		0C3BE34A4E7961FEB811EBA2 /* [CP] Check Pods Manifest.lock */ = {
			isa = PBXShellScriptBuildPhase;
			buildActionMask = 2147483647;
			files = (
			);
			inputPaths = (
				"${PODS_PODFILE_DIR_PATH}/Podfile.lock",
				"${PODS_ROOT}/Manifest.lock",
			);
			name = "[CP] Check Pods Manifest.lock";
			outputPaths = (
				"$(DERIVED_FILE_DIR)/Pods-PaparazzoExample_NoMarshroute-checkManifestLockResult.txt",
			);
			runOnlyForDeploymentPostprocessing = 0;
			shellPath = /bin/sh;
			shellScript = "diff \"${PODS_PODFILE_DIR_PATH}/Podfile.lock\" \"${PODS_ROOT}/Manifest.lock\" > /dev/null\nif [ $? != 0 ] ; then\n    # print error to STDERR\n    echo \"error: The sandbox is not in sync with the Podfile.lock. Run 'pod install' or update your CocoaPods installation.\" >&2\n    exit 1\nfi\n# This output is used by Xcode 'outputs' to avoid re-running this script phase.\necho \"SUCCESS\" > \"${SCRIPT_OUTPUT_FILE_0}\"\n";
			showEnvVarsInLog = 0;
		};
		30EEA6FE2A6A03711FBBC445 /* [CP] Embed Pods Frameworks */ = {
			isa = PBXShellScriptBuildPhase;
			buildActionMask = 2147483647;
			files = (
			);
			inputPaths = (
				"${SRCROOT}/Pods/Target Support Files/Pods-PaparazzoExample/Pods-PaparazzoExample-frameworks.sh",
				"${BUILT_PRODUCTS_DIR}/Alamofire/Alamofire.framework",
				"${BUILT_PRODUCTS_DIR}/AlamofireImage/AlamofireImage.framework",
				"${BUILT_PRODUCTS_DIR}/ImageSource.default-UIKit/ImageSource.framework",
				"${BUILT_PRODUCTS_DIR}/JNWSpringAnimation/JNWSpringAnimation.framework",
				"${BUILT_PRODUCTS_DIR}/Marshroute/Marshroute.framework",
				"${BUILT_PRODUCTS_DIR}/Paparazzo/Paparazzo.framework",
			);
			name = "[CP] Embed Pods Frameworks";
			outputPaths = (
				"${TARGET_BUILD_DIR}/${FRAMEWORKS_FOLDER_PATH}/Alamofire.framework",
				"${TARGET_BUILD_DIR}/${FRAMEWORKS_FOLDER_PATH}/AlamofireImage.framework",
				"${TARGET_BUILD_DIR}/${FRAMEWORKS_FOLDER_PATH}/ImageSource.framework",
				"${TARGET_BUILD_DIR}/${FRAMEWORKS_FOLDER_PATH}/JNWSpringAnimation.framework",
				"${TARGET_BUILD_DIR}/${FRAMEWORKS_FOLDER_PATH}/Marshroute.framework",
				"${TARGET_BUILD_DIR}/${FRAMEWORKS_FOLDER_PATH}/Paparazzo.framework",
			);
			runOnlyForDeploymentPostprocessing = 0;
			shellPath = /bin/sh;
			shellScript = "\"${SRCROOT}/Pods/Target Support Files/Pods-PaparazzoExample/Pods-PaparazzoExample-frameworks.sh\"\n";
			showEnvVarsInLog = 0;
		};
		3F7D7B75A0D0D814B69B4169 /* [CP] Embed Pods Frameworks */ = {
			isa = PBXShellScriptBuildPhase;
			buildActionMask = 2147483647;
			files = (
			);
			inputPaths = (
				"${SRCROOT}/Pods/Target Support Files/Pods-PaparazzoExample_NoMarshroute/Pods-PaparazzoExample_NoMarshroute-frameworks.sh",
				"${BUILT_PRODUCTS_DIR}/ImageSource-Core-Local-PHAsset-Remote-SDWebImage-UIKit/ImageSource.framework",
				"${BUILT_PRODUCTS_DIR}/JNWSpringAnimation/JNWSpringAnimation.framework",
				"${BUILT_PRODUCTS_DIR}/Paparazzo-Core-SDWebImage/Paparazzo.framework",
				"${BUILT_PRODUCTS_DIR}/SDWebImage/SDWebImage.framework",
			);
			name = "[CP] Embed Pods Frameworks";
			outputPaths = (
				"${TARGET_BUILD_DIR}/${FRAMEWORKS_FOLDER_PATH}/ImageSource.framework",
				"${TARGET_BUILD_DIR}/${FRAMEWORKS_FOLDER_PATH}/JNWSpringAnimation.framework",
				"${TARGET_BUILD_DIR}/${FRAMEWORKS_FOLDER_PATH}/Paparazzo.framework",
				"${TARGET_BUILD_DIR}/${FRAMEWORKS_FOLDER_PATH}/SDWebImage.framework",
			);
			runOnlyForDeploymentPostprocessing = 0;
			shellPath = /bin/sh;
			shellScript = "\"${SRCROOT}/Pods/Target Support Files/Pods-PaparazzoExample_NoMarshroute/Pods-PaparazzoExample_NoMarshroute-frameworks.sh\"\n";
			showEnvVarsInLog = 0;
		};
		653986DC6000528CE9CF668C /* [CP] Check Pods Manifest.lock */ = {
			isa = PBXShellScriptBuildPhase;
			buildActionMask = 2147483647;
			files = (
			);
			inputPaths = (
				"${PODS_PODFILE_DIR_PATH}/Podfile.lock",
				"${PODS_ROOT}/Manifest.lock",
			);
			name = "[CP] Check Pods Manifest.lock";
			outputPaths = (
				"$(DERIVED_FILE_DIR)/Pods-PaparazzoExample-checkManifestLockResult.txt",
			);
			runOnlyForDeploymentPostprocessing = 0;
			shellPath = /bin/sh;
			shellScript = "diff \"${PODS_PODFILE_DIR_PATH}/Podfile.lock\" \"${PODS_ROOT}/Manifest.lock\" > /dev/null\nif [ $? != 0 ] ; then\n    # print error to STDERR\n    echo \"error: The sandbox is not in sync with the Podfile.lock. Run 'pod install' or update your CocoaPods installation.\" >&2\n    exit 1\nfi\n# This output is used by Xcode 'outputs' to avoid re-running this script phase.\necho \"SUCCESS\" > \"${SCRIPT_OUTPUT_FILE_0}\"\n";
			showEnvVarsInLog = 0;
		};
		93A32D9825AF4F892DEB33EC /* [CP] Check Pods Manifest.lock */ = {
			isa = PBXShellScriptBuildPhase;
			buildActionMask = 2147483647;
			files = (
			);
			inputPaths = (
				"${PODS_PODFILE_DIR_PATH}/Podfile.lock",
				"${PODS_ROOT}/Manifest.lock",
			);
			name = "[CP] Check Pods Manifest.lock";
			outputPaths = (
				"$(DERIVED_FILE_DIR)/Pods-PaparazzoTests-checkManifestLockResult.txt",
			);
			runOnlyForDeploymentPostprocessing = 0;
			shellPath = /bin/sh;
			shellScript = "diff \"${PODS_PODFILE_DIR_PATH}/Podfile.lock\" \"${PODS_ROOT}/Manifest.lock\" > /dev/null\nif [ $? != 0 ] ; then\n    # print error to STDERR\n    echo \"error: The sandbox is not in sync with the Podfile.lock. Run 'pod install' or update your CocoaPods installation.\" >&2\n    exit 1\nfi\n# This output is used by Xcode 'outputs' to avoid re-running this script phase.\necho \"SUCCESS\" > \"${SCRIPT_OUTPUT_FILE_0}\"\n";
			showEnvVarsInLog = 0;
		};
		97B3552F1DADBEE7DC9442CD /* [CP] Embed Pods Frameworks */ = {
			isa = PBXShellScriptBuildPhase;
			buildActionMask = 2147483647;
			files = (
			);
			inputPaths = (
				"${SRCROOT}/Pods/Target Support Files/Pods-PaparazzoTests/Pods-PaparazzoTests-frameworks.sh",
				"${BUILT_PRODUCTS_DIR}/Alamofire/Alamofire.framework",
				"${BUILT_PRODUCTS_DIR}/AlamofireImage/AlamofireImage.framework",
				"${BUILT_PRODUCTS_DIR}/ImageSource.default-UIKit/ImageSource.framework",
				"${BUILT_PRODUCTS_DIR}/JNWSpringAnimation/JNWSpringAnimation.framework",
				"${BUILT_PRODUCTS_DIR}/Marshroute/Marshroute.framework",
				"${BUILT_PRODUCTS_DIR}/Paparazzo/Paparazzo.framework",
			);
			name = "[CP] Embed Pods Frameworks";
			outputPaths = (
				"${TARGET_BUILD_DIR}/${FRAMEWORKS_FOLDER_PATH}/Alamofire.framework",
				"${TARGET_BUILD_DIR}/${FRAMEWORKS_FOLDER_PATH}/AlamofireImage.framework",
				"${TARGET_BUILD_DIR}/${FRAMEWORKS_FOLDER_PATH}/ImageSource.framework",
				"${TARGET_BUILD_DIR}/${FRAMEWORKS_FOLDER_PATH}/JNWSpringAnimation.framework",
				"${TARGET_BUILD_DIR}/${FRAMEWORKS_FOLDER_PATH}/Marshroute.framework",
				"${TARGET_BUILD_DIR}/${FRAMEWORKS_FOLDER_PATH}/Paparazzo.framework",
			);
			runOnlyForDeploymentPostprocessing = 0;
			shellPath = /bin/sh;
			shellScript = "\"${SRCROOT}/Pods/Target Support Files/Pods-PaparazzoTests/Pods-PaparazzoTests-frameworks.sh\"\n";
			showEnvVarsInLog = 0;
		};
		D52DD72F772717FAF15EC035 /* [CP] Check Pods Manifest.lock */ = {
			isa = PBXShellScriptBuildPhase;
			buildActionMask = 2147483647;
			files = (
			);
			inputPaths = (
				"${PODS_PODFILE_DIR_PATH}/Podfile.lock",
				"${PODS_ROOT}/Manifest.lock",
			);
			name = "[CP] Check Pods Manifest.lock";
			outputPaths = (
				"$(DERIVED_FILE_DIR)/Pods-PaparazzoExample_Storyboard-checkManifestLockResult.txt",
			);
			runOnlyForDeploymentPostprocessing = 0;
			shellPath = /bin/sh;
			shellScript = "diff \"${PODS_PODFILE_DIR_PATH}/Podfile.lock\" \"${PODS_ROOT}/Manifest.lock\" > /dev/null\nif [ $? != 0 ] ; then\n    # print error to STDERR\n    echo \"error: The sandbox is not in sync with the Podfile.lock. Run 'pod install' or update your CocoaPods installation.\" >&2\n    exit 1\nfi\n# This output is used by Xcode 'outputs' to avoid re-running this script phase.\necho \"SUCCESS\" > \"${SCRIPT_OUTPUT_FILE_0}\"\n";
			showEnvVarsInLog = 0;
		};
		F2B5E45E5D54A87D655FD182 /* [CP] Embed Pods Frameworks */ = {
			isa = PBXShellScriptBuildPhase;
			buildActionMask = 2147483647;
			files = (
			);
			inputPaths = (
				"${SRCROOT}/Pods/Target Support Files/Pods-PaparazzoExample_Storyboard/Pods-PaparazzoExample_Storyboard-frameworks.sh",
				"${BUILT_PRODUCTS_DIR}/Alamofire/Alamofire.framework",
				"${BUILT_PRODUCTS_DIR}/AlamofireImage/AlamofireImage.framework",
				"${BUILT_PRODUCTS_DIR}/ImageSource.default-UIKit/ImageSource.framework",
				"${BUILT_PRODUCTS_DIR}/JNWSpringAnimation/JNWSpringAnimation.framework",
				"${BUILT_PRODUCTS_DIR}/Paparazzo-Core/Paparazzo.framework",
			);
			name = "[CP] Embed Pods Frameworks";
			outputPaths = (
				"${TARGET_BUILD_DIR}/${FRAMEWORKS_FOLDER_PATH}/Alamofire.framework",
				"${TARGET_BUILD_DIR}/${FRAMEWORKS_FOLDER_PATH}/AlamofireImage.framework",
				"${TARGET_BUILD_DIR}/${FRAMEWORKS_FOLDER_PATH}/ImageSource.framework",
				"${TARGET_BUILD_DIR}/${FRAMEWORKS_FOLDER_PATH}/JNWSpringAnimation.framework",
				"${TARGET_BUILD_DIR}/${FRAMEWORKS_FOLDER_PATH}/Paparazzo.framework",
			);
			runOnlyForDeploymentPostprocessing = 0;
			shellPath = /bin/sh;
			shellScript = "\"${SRCROOT}/Pods/Target Support Files/Pods-PaparazzoExample_Storyboard/Pods-PaparazzoExample_Storyboard-frameworks.sh\"\n";
			showEnvVarsInLog = 0;
		};
/* End PBXShellScriptBuildPhase section */

/* Begin PBXSourcesBuildPhase section */
		251E57BC1E65651F0009A288 /* Sources */ = {
			isa = PBXSourcesBuildPhase;
			buildActionMask = 2147483647;
			files = (
				251E57FB1E6565890009A288 /* ExampleViewInput.swift in Sources */,
				1373874F203C4E3600679EAD /* SqueezeNet.mlmodel in Sources */,
				251E57FA1E6565890009A288 /* ExampleViewController.swift in Sources */,
				251E57F21E6565890009A288 /* ExampleAssembly.swift in Sources */,
				136F1C7C1F4EDE2B00C5CCA1 /* AutoAdjustmentFilter.swift in Sources */,
				251E57F41E6565890009A288 /* ExampleInteractor.swift in Sources */,
				1373874D203C4CE200679EAD /* Sampler.swift in Sources */,
				251E58011E6565890009A288 /* MarshrouteFacade.swift in Sources */,
				251E58021E6565890009A288 /* NavigationController.swift in Sources */,
				251E57C41E65651F0009A288 /* AppDelegate.swift in Sources */,
				251E57F81E6565890009A288 /* ExampleRouterImpl.swift in Sources */,
				251E57F71E6565890009A288 /* ExampleRouter.swift in Sources */,
				251E57F51E6565890009A288 /* ExampleInteractorImpl.swift in Sources */,
				251E57F61E6565890009A288 /* ExamplePresenter.swift in Sources */,
				251E57F31E6565890009A288 /* ExampleAssemblyImpl.swift in Sources */,
				251E57F01E6565890009A288 /* AppSpecificUITheme.swift in Sources */,
				EFA7610E1E829434000EB296 /* ItemProvider.swift in Sources */,
				13DCA02C2024B3D3007F79EB /* ObjectsRecognitionStreamHandler.swift in Sources */,
				251E57F91E6565890009A288 /* ExampleView.swift in Sources */,
			);
			runOnlyForDeploymentPostprocessing = 0;
		};
		25A489AD1E656A2B00CC431B /* Sources */ = {
			isa = PBXSourcesBuildPhase;
			buildActionMask = 2147483647;
			files = (
				25A489B41E656A2B00CC431B /* AppDelegate.swift in Sources */,
				25A489C71E656B1000CC431B /* NavigationController.swift in Sources */,
				25A489C61E656B0200CC431B /* ExampleViewInput.swift in Sources */,
				EFA7610F1E829569000EB296 /* ItemProvider.swift in Sources */,
				25A489C31E656AF400CC431B /* ExampleViewController.swift in Sources */,
				25A489C41E656AF800CC431B /* ExampleView.swift in Sources */,
				25A489C51E656AFB00CC431B /* AppSpecificUITheme.swift in Sources */,
			);
			runOnlyForDeploymentPostprocessing = 0;
		};
		25D303641FCDC5DD003BEEF3 /* Sources */ = {
			isa = PBXSourcesBuildPhase;
			buildActionMask = 2147483647;
			files = (
				25647DFE2107620E006B8A89 /* PHAssetMock.swift in Sources */,
				25D303711FCDC9BF003BEEF3 /* ImageSourceStub.swift in Sources */,
				25D3036B1FCDC5DD003BEEF3 /* PhotoLibraryViewTests.swift in Sources */,
				25647E002107623A006B8A89 /* PHAssetFetchResultMock.swift in Sources */,
				25647DF821075DDF006B8A89 /* PHAssetFetchResultChangeDetailsMock.swift in Sources */,
				2573AD71210741F600DE0CE9 /* CollectionViewDataSourceTests.swift in Sources */,
				25647DFA21075F1D006B8A89 /* PhotoLibraryChangesBuilderTests.swift in Sources */,
			);
			runOnlyForDeploymentPostprocessing = 0;
		};
		F2F50FBF1E6C9F60006F9171 /* Sources */ = {
			isa = PBXSourcesBuildPhase;
			buildActionMask = 2147483647;
			files = (
				F2F50FC81E6C9F60006F9171 /* ViewController.swift in Sources */,
				F2F50FD51E6CA09D006F9171 /* AppSpecificUITheme.swift in Sources */,
				F2F50FC61E6C9F60006F9171 /* AppDelegate.swift in Sources */,
				250CAE4C1FB72347006FA5DC /* ItemProvider.swift in Sources */,
			);
			runOnlyForDeploymentPostprocessing = 0;
		};
/* End PBXSourcesBuildPhase section */

/* Begin PBXVariantGroup section */
		250CAE511FB72360006FA5DC /* LaunchScreen.storyboard */ = {
			isa = PBXVariantGroup;
			children = (
				250CAE521FB72360006FA5DC /* Base */,
			);
			name = LaunchScreen.storyboard;
			sourceTree = "<group>";
		};
		2588E3531F8F8BB9009A2FD2 /* Paparazzo.strings */ = {
			isa = PBXVariantGroup;
			children = (
				2588E3541F8F8BBB009A2FD2 /* ru */,
			);
			name = Paparazzo.strings;
			sourceTree = "<group>";
		};
		F2F50FC91E6C9F60006F9171 /* Main.storyboard */ = {
			isa = PBXVariantGroup;
			children = (
				F2F50FCA1E6C9F60006F9171 /* Base */,
			);
			name = Main.storyboard;
			sourceTree = "<group>";
		};
/* End PBXVariantGroup section */

/* Begin XCBuildConfiguration section */
		251E57D01E65651F0009A288 /* Debug */ = {
			isa = XCBuildConfiguration;
			buildSettings = {
				ALWAYS_SEARCH_USER_PATHS = NO;
				CLANG_ANALYZER_LOCALIZABILITY_NONLOCALIZED = YES;
				CLANG_ANALYZER_NONNULL = YES;
				CLANG_CXX_LANGUAGE_STANDARD = "gnu++0x";
				CLANG_CXX_LIBRARY = "libc++";
				CLANG_ENABLE_MODULES = YES;
				CLANG_ENABLE_OBJC_ARC = YES;
				CLANG_WARN_BOOL_CONVERSION = YES;
				CLANG_WARN_CONSTANT_CONVERSION = YES;
				CLANG_WARN_DIRECT_OBJC_ISA_USAGE = YES_ERROR;
				CLANG_WARN_DOCUMENTATION_COMMENTS = YES;
				CLANG_WARN_EMPTY_BODY = YES;
				CLANG_WARN_ENUM_CONVERSION = YES;
				CLANG_WARN_INFINITE_RECURSION = YES;
				CLANG_WARN_INT_CONVERSION = YES;
				CLANG_WARN_OBJC_ROOT_CLASS = YES_ERROR;
				CLANG_WARN_SUSPICIOUS_MOVE = YES;
				CLANG_WARN_UNREACHABLE_CODE = YES;
				CLANG_WARN__DUPLICATE_METHOD_MATCH = YES;
				"CODE_SIGN_IDENTITY[sdk=iphoneos*]" = "iPhone Developer";
				COPY_PHASE_STRIP = NO;
				DEBUG_INFORMATION_FORMAT = dwarf;
				ENABLE_STRICT_OBJC_MSGSEND = YES;
				ENABLE_TESTABILITY = YES;
				GCC_C_LANGUAGE_STANDARD = gnu99;
				GCC_DYNAMIC_NO_PIC = NO;
				GCC_NO_COMMON_BLOCKS = YES;
				GCC_OPTIMIZATION_LEVEL = 0;
				GCC_PREPROCESSOR_DEFINITIONS = (
					"DEBUG=1",
					"$(inherited)",
				);
				GCC_WARN_64_TO_32_BIT_CONVERSION = YES;
				GCC_WARN_ABOUT_RETURN_TYPE = YES_ERROR;
				GCC_WARN_UNDECLARED_SELECTOR = YES;
				GCC_WARN_UNINITIALIZED_AUTOS = YES_AGGRESSIVE;
				GCC_WARN_UNUSED_FUNCTION = YES;
				GCC_WARN_UNUSED_VARIABLE = YES;
				IPHONEOS_DEPLOYMENT_TARGET = 10.2;
				MTL_ENABLE_DEBUG_INFO = YES;
				ONLY_ACTIVE_ARCH = YES;
				SDKROOT = iphoneos;
				SWIFT_ACTIVE_COMPILATION_CONDITIONS = DEBUG;
				SWIFT_OPTIMIZATION_LEVEL = "-Onone";
				SWIFT_VERSION = 4.0;
				TARGETED_DEVICE_FAMILY = "1,2";
			};
			name = Debug;
		};
		251E57D11E65651F0009A288 /* Release */ = {
			isa = XCBuildConfiguration;
			buildSettings = {
				ALWAYS_SEARCH_USER_PATHS = NO;
				CLANG_ANALYZER_LOCALIZABILITY_NONLOCALIZED = YES;
				CLANG_ANALYZER_NONNULL = YES;
				CLANG_CXX_LANGUAGE_STANDARD = "gnu++0x";
				CLANG_CXX_LIBRARY = "libc++";
				CLANG_ENABLE_MODULES = YES;
				CLANG_ENABLE_OBJC_ARC = YES;
				CLANG_WARN_BOOL_CONVERSION = YES;
				CLANG_WARN_CONSTANT_CONVERSION = YES;
				CLANG_WARN_DIRECT_OBJC_ISA_USAGE = YES_ERROR;
				CLANG_WARN_DOCUMENTATION_COMMENTS = YES;
				CLANG_WARN_EMPTY_BODY = YES;
				CLANG_WARN_ENUM_CONVERSION = YES;
				CLANG_WARN_INFINITE_RECURSION = YES;
				CLANG_WARN_INT_CONVERSION = YES;
				CLANG_WARN_OBJC_ROOT_CLASS = YES_ERROR;
				CLANG_WARN_SUSPICIOUS_MOVE = YES;
				CLANG_WARN_UNREACHABLE_CODE = YES;
				CLANG_WARN__DUPLICATE_METHOD_MATCH = YES;
				"CODE_SIGN_IDENTITY[sdk=iphoneos*]" = "iPhone Developer";
				COPY_PHASE_STRIP = NO;
				DEBUG_INFORMATION_FORMAT = "dwarf-with-dsym";
				ENABLE_NS_ASSERTIONS = NO;
				ENABLE_STRICT_OBJC_MSGSEND = YES;
				GCC_C_LANGUAGE_STANDARD = gnu99;
				GCC_NO_COMMON_BLOCKS = YES;
				GCC_WARN_64_TO_32_BIT_CONVERSION = YES;
				GCC_WARN_ABOUT_RETURN_TYPE = YES_ERROR;
				GCC_WARN_UNDECLARED_SELECTOR = YES;
				GCC_WARN_UNINITIALIZED_AUTOS = YES_AGGRESSIVE;
				GCC_WARN_UNUSED_FUNCTION = YES;
				GCC_WARN_UNUSED_VARIABLE = YES;
				IPHONEOS_DEPLOYMENT_TARGET = 10.2;
				MTL_ENABLE_DEBUG_INFO = NO;
				SDKROOT = iphoneos;
				SWIFT_OPTIMIZATION_LEVEL = "-Owholemodule";
				SWIFT_VERSION = 4.0;
				TARGETED_DEVICE_FAMILY = "1,2";
				VALIDATE_PRODUCT = YES;
			};
			name = Release;
		};
		251E57D31E65651F0009A288 /* Debug */ = {
			isa = XCBuildConfiguration;
			baseConfigurationReference = BFE98D4C3B7F447CCCFEB3F0 /* Pods-PaparazzoExample.debug.xcconfig */;
			buildSettings = {
				ASSETCATALOG_COMPILER_APPICON_NAME = AppIcon;
				ASSETCATALOG_COMPILER_LAUNCHIMAGE_NAME = LaunchImage;
				CODE_SIGN_IDENTITY = "iPhone Developer";
				"CODE_SIGN_IDENTITY[sdk=iphoneos*]" = "iPhone Developer";
				CODE_SIGN_STYLE = Automatic;
				DEVELOPMENT_TEAM = 5PHGGKL9UQ;
				INFOPLIST_FILE = PaparazzoExample/Info.plist;
				IPHONEOS_DEPLOYMENT_TARGET = 8.0;
				LD_RUNPATH_SEARCH_PATHS = "$(inherited) @executable_path/Frameworks";
				PRODUCT_BUNDLE_IDENTIFIER = ru.avito.PaparazzoExample;
				PRODUCT_NAME = "$(TARGET_NAME)";
				PROVISIONING_PROFILE_SPECIFIER = "";
				SWIFT_VERSION = 4.0;
			};
			name = Debug;
		};
		251E57D41E65651F0009A288 /* Release */ = {
			isa = XCBuildConfiguration;
			baseConfigurationReference = B3B80F15A34988487CF60811 /* Pods-PaparazzoExample.release.xcconfig */;
			buildSettings = {
				ASSETCATALOG_COMPILER_APPICON_NAME = AppIcon;
				ASSETCATALOG_COMPILER_LAUNCHIMAGE_NAME = LaunchImage;
				CODE_SIGN_IDENTITY = "iPhone Developer";
				"CODE_SIGN_IDENTITY[sdk=iphoneos*]" = "iPhone Developer";
				CODE_SIGN_STYLE = Automatic;
				DEVELOPMENT_TEAM = 5PHGGKL9UQ;
				INFOPLIST_FILE = PaparazzoExample/Info.plist;
				IPHONEOS_DEPLOYMENT_TARGET = 8.0;
				LD_RUNPATH_SEARCH_PATHS = "$(inherited) @executable_path/Frameworks";
				PRODUCT_BUNDLE_IDENTIFIER = ru.avito.PaparazzoExample;
				PRODUCT_NAME = "$(TARGET_NAME)";
				PROVISIONING_PROFILE_SPECIFIER = "";
				SWIFT_VERSION = 4.0;
			};
			name = Release;
		};
		25A489C11E656A2B00CC431B /* Debug */ = {
			isa = XCBuildConfiguration;
			baseConfigurationReference = 48B835582ACD8332C9BA15E4 /* Pods-PaparazzoExample_NoMarshroute.debug.xcconfig */;
			buildSettings = {
				ASSETCATALOG_COMPILER_APPICON_NAME = AppIcon;
				ASSETCATALOG_COMPILER_LAUNCHIMAGE_NAME = LaunchImage;
				DEVELOPMENT_TEAM = "";
				INFOPLIST_FILE = PaparazzoExample_NoMarshroute/Info.plist;
				IPHONEOS_DEPLOYMENT_TARGET = 8.0;
				LD_RUNPATH_SEARCH_PATHS = "$(inherited) @executable_path/Frameworks";
				PRODUCT_BUNDLE_IDENTIFIER = "ru.avito.PaparazzoExample-NoMarshroute";
				PRODUCT_NAME = "$(TARGET_NAME)";
				SWIFT_VERSION = 4.0;
			};
			name = Debug;
		};
		25A489C21E656A2B00CC431B /* Release */ = {
			isa = XCBuildConfiguration;
			baseConfigurationReference = 315BAA835C81DEF5887BD7DB /* Pods-PaparazzoExample_NoMarshroute.release.xcconfig */;
			buildSettings = {
				ASSETCATALOG_COMPILER_APPICON_NAME = AppIcon;
				ASSETCATALOG_COMPILER_LAUNCHIMAGE_NAME = LaunchImage;
				DEVELOPMENT_TEAM = "";
				INFOPLIST_FILE = PaparazzoExample_NoMarshroute/Info.plist;
				IPHONEOS_DEPLOYMENT_TARGET = 8.0;
				LD_RUNPATH_SEARCH_PATHS = "$(inherited) @executable_path/Frameworks";
				PRODUCT_BUNDLE_IDENTIFIER = "ru.avito.PaparazzoExample-NoMarshroute";
				PRODUCT_NAME = "$(TARGET_NAME)";
				SWIFT_VERSION = 4.0;
			};
			name = Release;
		};
		25D3036D1FCDC5DD003BEEF3 /* Debug */ = {
			isa = XCBuildConfiguration;
			baseConfigurationReference = 8F41473A2CF3773A361B3B48 /* Pods-PaparazzoTests.debug.xcconfig */;
			buildSettings = {
				CLANG_ANALYZER_NUMBER_OBJECT_CONVERSION = YES_AGGRESSIVE;
				CLANG_CXX_LANGUAGE_STANDARD = "gnu++14";
				CLANG_WARN_BLOCK_CAPTURE_AUTORELEASING = YES;
				CLANG_WARN_COMMA = YES;
				CLANG_WARN_NON_LITERAL_NULL_CONVERSION = YES;
				CLANG_WARN_OBJC_LITERAL_CONVERSION = YES;
				CLANG_WARN_RANGE_LOOP_ANALYSIS = YES;
				CLANG_WARN_STRICT_PROTOTYPES = YES;
				CLANG_WARN_UNGUARDED_AVAILABILITY = YES_AGGRESSIVE;
				CODE_SIGN_IDENTITY = "iPhone Developer";
				CODE_SIGN_STYLE = Manual;
				DEVELOPMENT_TEAM = "";
				GCC_C_LANGUAGE_STANDARD = gnu11;
				INFOPLIST_FILE = PaparazzoTests/Info.plist;
				IPHONEOS_DEPLOYMENT_TARGET = 11.1;
				LD_RUNPATH_SEARCH_PATHS = "$(inherited) @executable_path/Frameworks @loader_path/Frameworks";
				PRODUCT_BUNDLE_IDENTIFIER = ru.avito.PaparazzoTests;
				PRODUCT_NAME = "$(TARGET_NAME)";
				PROVISIONING_PROFILE_SPECIFIER = "";
				SWIFT_VERSION = 4.0;
				TARGETED_DEVICE_FAMILY = "1,2";
			};
			name = Debug;
		};
		25D3036E1FCDC5DD003BEEF3 /* Release */ = {
			isa = XCBuildConfiguration;
			baseConfigurationReference = 74AC4D8E7402C9D75BBCCE64 /* Pods-PaparazzoTests.release.xcconfig */;
			buildSettings = {
				CLANG_ANALYZER_NUMBER_OBJECT_CONVERSION = YES_AGGRESSIVE;
				CLANG_CXX_LANGUAGE_STANDARD = "gnu++14";
				CLANG_WARN_BLOCK_CAPTURE_AUTORELEASING = YES;
				CLANG_WARN_COMMA = YES;
				CLANG_WARN_NON_LITERAL_NULL_CONVERSION = YES;
				CLANG_WARN_OBJC_LITERAL_CONVERSION = YES;
				CLANG_WARN_RANGE_LOOP_ANALYSIS = YES;
				CLANG_WARN_STRICT_PROTOTYPES = YES;
				CLANG_WARN_UNGUARDED_AVAILABILITY = YES_AGGRESSIVE;
				CODE_SIGN_IDENTITY = "iPhone Developer";
				CODE_SIGN_STYLE = Manual;
				DEVELOPMENT_TEAM = "";
				GCC_C_LANGUAGE_STANDARD = gnu11;
				INFOPLIST_FILE = PaparazzoTests/Info.plist;
				IPHONEOS_DEPLOYMENT_TARGET = 11.1;
				LD_RUNPATH_SEARCH_PATHS = "$(inherited) @executable_path/Frameworks @loader_path/Frameworks";
				PRODUCT_BUNDLE_IDENTIFIER = ru.avito.PaparazzoTests;
				PRODUCT_NAME = "$(TARGET_NAME)";
				PROVISIONING_PROFILE_SPECIFIER = "";
				SWIFT_VERSION = 4.0;
				TARGETED_DEVICE_FAMILY = "1,2";
			};
			name = Release;
		};
		F2F50FD21E6C9F60006F9171 /* Debug */ = {
			isa = XCBuildConfiguration;
			baseConfigurationReference = AAEDA1D8EF806709D04B01FB /* Pods-PaparazzoExample_Storyboard.debug.xcconfig */;
			buildSettings = {
				ASSETCATALOG_COMPILER_APPICON_NAME = AppIcon;
				DEVELOPMENT_TEAM = "";
				INFOPLIST_FILE = PaparazzoExample_Storyboard/Info.plist;
				IPHONEOS_DEPLOYMENT_TARGET = 8.0;
				LD_RUNPATH_SEARCH_PATHS = "$(inherited) @executable_path/Frameworks";
				PRODUCT_BUNDLE_IDENTIFIER = "ru.avito.PaparazzoExample-Storyboard";
				PRODUCT_NAME = "$(TARGET_NAME)";
				SWIFT_VERSION = 4.0;
			};
			name = Debug;
		};
		F2F50FD31E6C9F60006F9171 /* Release */ = {
			isa = XCBuildConfiguration;
			baseConfigurationReference = D7FB8C690783332D531DCD20 /* Pods-PaparazzoExample_Storyboard.release.xcconfig */;
			buildSettings = {
				ASSETCATALOG_COMPILER_APPICON_NAME = AppIcon;
				DEVELOPMENT_TEAM = "";
				INFOPLIST_FILE = PaparazzoExample_Storyboard/Info.plist;
				IPHONEOS_DEPLOYMENT_TARGET = 8.0;
				LD_RUNPATH_SEARCH_PATHS = "$(inherited) @executable_path/Frameworks";
				PRODUCT_BUNDLE_IDENTIFIER = "ru.avito.PaparazzoExample-Storyboard";
				PRODUCT_NAME = "$(TARGET_NAME)";
				SWIFT_VERSION = 4.0;
			};
			name = Release;
		};
/* End XCBuildConfiguration section */

/* Begin XCConfigurationList section */
		251E57BB1E65651F0009A288 /* Build configuration list for PBXProject "PaparazzoExample" */ = {
			isa = XCConfigurationList;
			buildConfigurations = (
				251E57D01E65651F0009A288 /* Debug */,
				251E57D11E65651F0009A288 /* Release */,
			);
			defaultConfigurationIsVisible = 0;
			defaultConfigurationName = Release;
		};
		251E57D21E65651F0009A288 /* Build configuration list for PBXNativeTarget "PaparazzoExample" */ = {
			isa = XCConfigurationList;
			buildConfigurations = (
				251E57D31E65651F0009A288 /* Debug */,
				251E57D41E65651F0009A288 /* Release */,
			);
			defaultConfigurationIsVisible = 0;
			defaultConfigurationName = Release;
		};
		25A489C01E656A2B00CC431B /* Build configuration list for PBXNativeTarget "PaparazzoExample_NoMarshroute" */ = {
			isa = XCConfigurationList;
			buildConfigurations = (
				25A489C11E656A2B00CC431B /* Debug */,
				25A489C21E656A2B00CC431B /* Release */,
			);
			defaultConfigurationIsVisible = 0;
			defaultConfigurationName = Release;
		};
		25D3036F1FCDC5DD003BEEF3 /* Build configuration list for PBXNativeTarget "PaparazzoTests" */ = {
			isa = XCConfigurationList;
			buildConfigurations = (
				25D3036D1FCDC5DD003BEEF3 /* Debug */,
				25D3036E1FCDC5DD003BEEF3 /* Release */,
			);
			defaultConfigurationIsVisible = 0;
			defaultConfigurationName = Release;
		};
		F2F50FD41E6C9F60006F9171 /* Build configuration list for PBXNativeTarget "PaparazzoExample_Storyboard" */ = {
			isa = XCConfigurationList;
			buildConfigurations = (
				F2F50FD21E6C9F60006F9171 /* Debug */,
				F2F50FD31E6C9F60006F9171 /* Release */,
			);
			defaultConfigurationIsVisible = 0;
			defaultConfigurationName = Release;
		};
/* End XCConfigurationList section */
	};
	rootObject = 251E57B81E65651F0009A288 /* Project object */;
}
