// !$*UTF8*$!
{
	archiveVersion = 1;
	classes = {
	};
	objectVersion = 46;
	objects = {

/* Begin PBXBuildFile section */
		088535F351074F52B19B1688 /* Pods_PaparazzoExample_NoMarshroute.framework in Frameworks */ = {isa = PBXBuildFile; fileRef = B9A4E214165A8FB30A7CE203 /* Pods_PaparazzoExample_NoMarshroute.framework */; };
		08BB7920D2F1F31E8D8C1760 /* Pods_PaparazzoExample_Storyboard.framework in Frameworks */ = {isa = PBXBuildFile; fileRef = 3B16F0AF7B8CAAE81DB10090 /* Pods_PaparazzoExample_Storyboard.framework */; };
		251E57C41E65651F0009A288 /* AppDelegate.swift in Sources */ = {isa = PBXBuildFile; fileRef = 251E57C31E65651F0009A288 /* AppDelegate.swift */; };
		251E57F01E6565890009A288 /* AppSpecificUITheme.swift in Sources */ = {isa = PBXBuildFile; fileRef = 251E57D51E6565890009A288 /* AppSpecificUITheme.swift */; };
		251E57F21E6565890009A288 /* ExampleAssembly.swift in Sources */ = {isa = PBXBuildFile; fileRef = 251E57D91E6565890009A288 /* ExampleAssembly.swift */; };
		251E57F31E6565890009A288 /* ExampleAssemblyImpl.swift in Sources */ = {isa = PBXBuildFile; fileRef = 251E57DA1E6565890009A288 /* ExampleAssemblyImpl.swift */; };
		251E57F41E6565890009A288 /* ExampleInteractor.swift in Sources */ = {isa = PBXBuildFile; fileRef = 251E57DC1E6565890009A288 /* ExampleInteractor.swift */; };
		251E57F51E6565890009A288 /* ExampleInteractorImpl.swift in Sources */ = {isa = PBXBuildFile; fileRef = 251E57DD1E6565890009A288 /* ExampleInteractorImpl.swift */; };
		251E57F61E6565890009A288 /* ExamplePresenter.swift in Sources */ = {isa = PBXBuildFile; fileRef = 251E57DF1E6565890009A288 /* ExamplePresenter.swift */; };
		251E57F71E6565890009A288 /* ExampleRouter.swift in Sources */ = {isa = PBXBuildFile; fileRef = 251E57E11E6565890009A288 /* ExampleRouter.swift */; };
		251E57F81E6565890009A288 /* ExampleRouterImpl.swift in Sources */ = {isa = PBXBuildFile; fileRef = 251E57E21E6565890009A288 /* ExampleRouterImpl.swift */; };
		251E57F91E6565890009A288 /* ExampleView.swift in Sources */ = {isa = PBXBuildFile; fileRef = 251E57E41E6565890009A288 /* ExampleView.swift */; };
		251E57FA1E6565890009A288 /* ExampleViewController.swift in Sources */ = {isa = PBXBuildFile; fileRef = 251E57E51E6565890009A288 /* ExampleViewController.swift */; };
		251E57FB1E6565890009A288 /* ExampleViewInput.swift in Sources */ = {isa = PBXBuildFile; fileRef = 251E57E61E6565890009A288 /* ExampleViewInput.swift */; };
		251E57FC1E6565890009A288 /* Latoto-Bold.ttf in Resources */ = {isa = PBXBuildFile; fileRef = 251E57E81E6565890009A288 /* Latoto-Bold.ttf */; };
		251E57FD1E6565890009A288 /* Latoto-Light.ttf in Resources */ = {isa = PBXBuildFile; fileRef = 251E57E91E6565890009A288 /* Latoto-Light.ttf */; };
		251E57FE1E6565890009A288 /* Latoto-Regular.ttf in Resources */ = {isa = PBXBuildFile; fileRef = 251E57EA1E6565890009A288 /* Latoto-Regular.ttf */; };
		251E57FF1E6565890009A288 /* Latoto-Semibold.ttf in Resources */ = {isa = PBXBuildFile; fileRef = 251E57EB1E6565890009A288 /* Latoto-Semibold.ttf */; };
		251E58001E6565890009A288 /* Latoto-SemiboldItalic.ttf in Resources */ = {isa = PBXBuildFile; fileRef = 251E57EC1E6565890009A288 /* Latoto-SemiboldItalic.ttf */; };
		251E58011E6565890009A288 /* MarshrouteFacade.swift in Sources */ = {isa = PBXBuildFile; fileRef = 251E57EE1E6565890009A288 /* MarshrouteFacade.swift */; };
		251E58021E6565890009A288 /* NavigationController.swift in Sources */ = {isa = PBXBuildFile; fileRef = 251E57EF1E6565890009A288 /* NavigationController.swift */; };
		253169671E65698C006F1E95 /* Assets.xcassets in Resources */ = {isa = PBXBuildFile; fileRef = 253169661E65698C006F1E95 /* Assets.xcassets */; };
		25A489B41E656A2B00CC431B /* AppDelegate.swift in Sources */ = {isa = PBXBuildFile; fileRef = 25A489B31E656A2B00CC431B /* AppDelegate.swift */; };
		25A489BB1E656A2B00CC431B /* Assets.xcassets in Resources */ = {isa = PBXBuildFile; fileRef = 25A489BA1E656A2B00CC431B /* Assets.xcassets */; };
		25A489C31E656AF400CC431B /* ExampleViewController.swift in Sources */ = {isa = PBXBuildFile; fileRef = 251E57E51E6565890009A288 /* ExampleViewController.swift */; };
		25A489C41E656AF800CC431B /* ExampleView.swift in Sources */ = {isa = PBXBuildFile; fileRef = 251E57E41E6565890009A288 /* ExampleView.swift */; };
		25A489C51E656AFB00CC431B /* AppSpecificUITheme.swift in Sources */ = {isa = PBXBuildFile; fileRef = 251E57D51E6565890009A288 /* AppSpecificUITheme.swift */; };
		25A489C61E656B0200CC431B /* ExampleViewInput.swift in Sources */ = {isa = PBXBuildFile; fileRef = 251E57E61E6565890009A288 /* ExampleViewInput.swift */; };
		25A489C71E656B1000CC431B /* NavigationController.swift in Sources */ = {isa = PBXBuildFile; fileRef = 251E57EF1E6565890009A288 /* NavigationController.swift */; };
		25A489C81E656B2D00CC431B /* Latoto-Bold.ttf in Resources */ = {isa = PBXBuildFile; fileRef = 251E57E81E6565890009A288 /* Latoto-Bold.ttf */; };
		25A489C91E656B2D00CC431B /* Latoto-Light.ttf in Resources */ = {isa = PBXBuildFile; fileRef = 251E57E91E6565890009A288 /* Latoto-Light.ttf */; };
		25A489CA1E656B2D00CC431B /* Latoto-Regular.ttf in Resources */ = {isa = PBXBuildFile; fileRef = 251E57EA1E6565890009A288 /* Latoto-Regular.ttf */; };
		25A489CB1E656B2D00CC431B /* Latoto-Semibold.ttf in Resources */ = {isa = PBXBuildFile; fileRef = 251E57EB1E6565890009A288 /* Latoto-Semibold.ttf */; };
		25A489CC1E656B2D00CC431B /* Latoto-SemiboldItalic.ttf in Resources */ = {isa = PBXBuildFile; fileRef = 251E57EC1E6565890009A288 /* Latoto-SemiboldItalic.ttf */; };
		68D619AA8C30AB479F72525D /* Pods_PaparazzoExample.framework in Frameworks */ = {isa = PBXBuildFile; fileRef = AD2DAC113521ADEBFF8A22F1 /* Pods_PaparazzoExample.framework */; };
		EFA7610E1E829434000EB296 /* ItemProvider.swift in Sources */ = {isa = PBXBuildFile; fileRef = EFA7610D1E829434000EB296 /* ItemProvider.swift */; };
		EFA7610F1E829569000EB296 /* ItemProvider.swift in Sources */ = {isa = PBXBuildFile; fileRef = EFA7610D1E829434000EB296 /* ItemProvider.swift */; };
		F2F50FC61E6C9F60006F9171 /* AppDelegate.swift in Sources */ = {isa = PBXBuildFile; fileRef = F2F50FC51E6C9F60006F9171 /* AppDelegate.swift */; };
		F2F50FC81E6C9F60006F9171 /* ViewController.swift in Sources */ = {isa = PBXBuildFile; fileRef = F2F50FC71E6C9F60006F9171 /* ViewController.swift */; };
		F2F50FCB1E6C9F60006F9171 /* Main.storyboard in Resources */ = {isa = PBXBuildFile; fileRef = F2F50FC91E6C9F60006F9171 /* Main.storyboard */; };
		F2F50FCD1E6C9F60006F9171 /* Assets.xcassets in Resources */ = {isa = PBXBuildFile; fileRef = F2F50FCC1E6C9F60006F9171 /* Assets.xcassets */; };
		F2F50FD01E6C9F60006F9171 /* LaunchScreen.storyboard in Resources */ = {isa = PBXBuildFile; fileRef = F2F50FCE1E6C9F60006F9171 /* LaunchScreen.storyboard */; };
		F2F50FD51E6CA09D006F9171 /* AppSpecificUITheme.swift in Sources */ = {isa = PBXBuildFile; fileRef = 251E57D51E6565890009A288 /* AppSpecificUITheme.swift */; };
		F2F50FD61E6CA160006F9171 /* Latoto-Bold.ttf in Resources */ = {isa = PBXBuildFile; fileRef = 251E57E81E6565890009A288 /* Latoto-Bold.ttf */; };
		F2F50FD71E6CA160006F9171 /* Latoto-Light.ttf in Resources */ = {isa = PBXBuildFile; fileRef = 251E57E91E6565890009A288 /* Latoto-Light.ttf */; };
		F2F50FD81E6CA160006F9171 /* Latoto-Regular.ttf in Resources */ = {isa = PBXBuildFile; fileRef = 251E57EA1E6565890009A288 /* Latoto-Regular.ttf */; };
		F2F50FD91E6CA160006F9171 /* Latoto-Semibold.ttf in Resources */ = {isa = PBXBuildFile; fileRef = 251E57EB1E6565890009A288 /* Latoto-Semibold.ttf */; };
		F2F50FDA1E6CA160006F9171 /* Latoto-SemiboldItalic.ttf in Resources */ = {isa = PBXBuildFile; fileRef = 251E57EC1E6565890009A288 /* Latoto-SemiboldItalic.ttf */; };
/* End PBXBuildFile section */

/* Begin PBXFileReference section */
		0CD08CDB3C698AABC02FE1C4 /* Pods-PaparazzoExample.release.xcconfig */ = {isa = PBXFileReference; includeInIndex = 1; lastKnownFileType = text.xcconfig; name = "Pods-PaparazzoExample.release.xcconfig"; path = "Pods/Target Support Files/Pods-PaparazzoExample/Pods-PaparazzoExample.release.xcconfig"; sourceTree = "<group>"; };
		251E57C01E65651F0009A288 /* PaparazzoExample.app */ = {isa = PBXFileReference; explicitFileType = wrapper.application; includeInIndex = 0; path = PaparazzoExample.app; sourceTree = BUILT_PRODUCTS_DIR; };
		251E57C31E65651F0009A288 /* AppDelegate.swift */ = {isa = PBXFileReference; lastKnownFileType = sourcecode.swift; path = AppDelegate.swift; sourceTree = "<group>"; };
		251E57CF1E65651F0009A288 /* Info.plist */ = {isa = PBXFileReference; lastKnownFileType = text.plist.xml; path = Info.plist; sourceTree = "<group>"; };
		251E57D51E6565890009A288 /* AppSpecificUITheme.swift */ = {isa = PBXFileReference; fileEncoding = 4; lastKnownFileType = sourcecode.swift; path = AppSpecificUITheme.swift; sourceTree = "<group>"; };
		251E57D91E6565890009A288 /* ExampleAssembly.swift */ = {isa = PBXFileReference; fileEncoding = 4; lastKnownFileType = sourcecode.swift; path = ExampleAssembly.swift; sourceTree = "<group>"; };
		251E57DA1E6565890009A288 /* ExampleAssemblyImpl.swift */ = {isa = PBXFileReference; fileEncoding = 4; lastKnownFileType = sourcecode.swift; path = ExampleAssemblyImpl.swift; sourceTree = "<group>"; };
		251E57DC1E6565890009A288 /* ExampleInteractor.swift */ = {isa = PBXFileReference; fileEncoding = 4; lastKnownFileType = sourcecode.swift; path = ExampleInteractor.swift; sourceTree = "<group>"; };
		251E57DD1E6565890009A288 /* ExampleInteractorImpl.swift */ = {isa = PBXFileReference; fileEncoding = 4; lastKnownFileType = sourcecode.swift; path = ExampleInteractorImpl.swift; sourceTree = "<group>"; };
		251E57DF1E6565890009A288 /* ExamplePresenter.swift */ = {isa = PBXFileReference; fileEncoding = 4; lastKnownFileType = sourcecode.swift; path = ExamplePresenter.swift; sourceTree = "<group>"; };
		251E57E11E6565890009A288 /* ExampleRouter.swift */ = {isa = PBXFileReference; fileEncoding = 4; lastKnownFileType = sourcecode.swift; path = ExampleRouter.swift; sourceTree = "<group>"; };
		251E57E21E6565890009A288 /* ExampleRouterImpl.swift */ = {isa = PBXFileReference; fileEncoding = 4; lastKnownFileType = sourcecode.swift; path = ExampleRouterImpl.swift; sourceTree = "<group>"; };
		251E57E41E6565890009A288 /* ExampleView.swift */ = {isa = PBXFileReference; fileEncoding = 4; lastKnownFileType = sourcecode.swift; path = ExampleView.swift; sourceTree = "<group>"; };
		251E57E51E6565890009A288 /* ExampleViewController.swift */ = {isa = PBXFileReference; fileEncoding = 4; lastKnownFileType = sourcecode.swift; path = ExampleViewController.swift; sourceTree = "<group>"; };
		251E57E61E6565890009A288 /* ExampleViewInput.swift */ = {isa = PBXFileReference; fileEncoding = 4; lastKnownFileType = sourcecode.swift; path = ExampleViewInput.swift; sourceTree = "<group>"; };
		251E57E81E6565890009A288 /* Latoto-Bold.ttf */ = {isa = PBXFileReference; lastKnownFileType = file; path = "Latoto-Bold.ttf"; sourceTree = "<group>"; };
		251E57E91E6565890009A288 /* Latoto-Light.ttf */ = {isa = PBXFileReference; lastKnownFileType = file; path = "Latoto-Light.ttf"; sourceTree = "<group>"; };
		251E57EA1E6565890009A288 /* Latoto-Regular.ttf */ = {isa = PBXFileReference; lastKnownFileType = file; path = "Latoto-Regular.ttf"; sourceTree = "<group>"; };
		251E57EB1E6565890009A288 /* Latoto-Semibold.ttf */ = {isa = PBXFileReference; lastKnownFileType = file; path = "Latoto-Semibold.ttf"; sourceTree = "<group>"; };
		251E57EC1E6565890009A288 /* Latoto-SemiboldItalic.ttf */ = {isa = PBXFileReference; lastKnownFileType = file; path = "Latoto-SemiboldItalic.ttf"; sourceTree = "<group>"; };
		251E57EE1E6565890009A288 /* MarshrouteFacade.swift */ = {isa = PBXFileReference; fileEncoding = 4; lastKnownFileType = sourcecode.swift; path = MarshrouteFacade.swift; sourceTree = "<group>"; };
		251E57EF1E6565890009A288 /* NavigationController.swift */ = {isa = PBXFileReference; fileEncoding = 4; lastKnownFileType = sourcecode.swift; path = NavigationController.swift; sourceTree = "<group>"; };
		253169661E65698C006F1E95 /* Assets.xcassets */ = {isa = PBXFileReference; lastKnownFileType = folder.assetcatalog; path = Assets.xcassets; sourceTree = "<group>"; };
		25A489B11E656A2B00CC431B /* PaparazzoExample_NoMarshroute.app */ = {isa = PBXFileReference; explicitFileType = wrapper.application; includeInIndex = 0; path = PaparazzoExample_NoMarshroute.app; sourceTree = BUILT_PRODUCTS_DIR; };
		25A489B31E656A2B00CC431B /* AppDelegate.swift */ = {isa = PBXFileReference; lastKnownFileType = sourcecode.swift; path = AppDelegate.swift; sourceTree = "<group>"; };
		25A489BA1E656A2B00CC431B /* Assets.xcassets */ = {isa = PBXFileReference; lastKnownFileType = folder.assetcatalog; path = Assets.xcassets; sourceTree = "<group>"; };
		25A489BF1E656A2B00CC431B /* Info.plist */ = {isa = PBXFileReference; lastKnownFileType = text.plist.xml; path = Info.plist; sourceTree = "<group>"; };
		3B16F0AF7B8CAAE81DB10090 /* Pods_PaparazzoExample_Storyboard.framework */ = {isa = PBXFileReference; explicitFileType = wrapper.framework; includeInIndex = 0; path = Pods_PaparazzoExample_Storyboard.framework; sourceTree = BUILT_PRODUCTS_DIR; };
		51E027ACADF45EAB33801BAC /* Pods-PaparazzoExample_NoMarshroute.release.xcconfig */ = {isa = PBXFileReference; includeInIndex = 1; lastKnownFileType = text.xcconfig; name = "Pods-PaparazzoExample_NoMarshroute.release.xcconfig"; path = "Pods/Target Support Files/Pods-PaparazzoExample_NoMarshroute/Pods-PaparazzoExample_NoMarshroute.release.xcconfig"; sourceTree = "<group>"; };
		55EF0CF8CEB9A01973F0A26C /* Pods-PaparazzoExample_Storyboard.debug.xcconfig */ = {isa = PBXFileReference; includeInIndex = 1; lastKnownFileType = text.xcconfig; name = "Pods-PaparazzoExample_Storyboard.debug.xcconfig"; path = "Pods/Target Support Files/Pods-PaparazzoExample_Storyboard/Pods-PaparazzoExample_Storyboard.debug.xcconfig"; sourceTree = "<group>"; };
		72D3BDEDCB9FAE3B0647A4EC /* Pods-PaparazzoExample_NoMarshroute.debug.xcconfig */ = {isa = PBXFileReference; includeInIndex = 1; lastKnownFileType = text.xcconfig; name = "Pods-PaparazzoExample_NoMarshroute.debug.xcconfig"; path = "Pods/Target Support Files/Pods-PaparazzoExample_NoMarshroute/Pods-PaparazzoExample_NoMarshroute.debug.xcconfig"; sourceTree = "<group>"; };
		8EC973CB836BAD3EDC80CABA /* Pods-PaparazzoExample.debug.xcconfig */ = {isa = PBXFileReference; includeInIndex = 1; lastKnownFileType = text.xcconfig; name = "Pods-PaparazzoExample.debug.xcconfig"; path = "Pods/Target Support Files/Pods-PaparazzoExample/Pods-PaparazzoExample.debug.xcconfig"; sourceTree = "<group>"; };
		AD2DAC113521ADEBFF8A22F1 /* Pods_PaparazzoExample.framework */ = {isa = PBXFileReference; explicitFileType = wrapper.framework; includeInIndex = 0; path = Pods_PaparazzoExample.framework; sourceTree = BUILT_PRODUCTS_DIR; };
		B9A4E214165A8FB30A7CE203 /* Pods_PaparazzoExample_NoMarshroute.framework */ = {isa = PBXFileReference; explicitFileType = wrapper.framework; includeInIndex = 0; path = Pods_PaparazzoExample_NoMarshroute.framework; sourceTree = BUILT_PRODUCTS_DIR; };
		EFA7610D1E829434000EB296 /* ItemProvider.swift */ = {isa = PBXFileReference; fileEncoding = 4; lastKnownFileType = sourcecode.swift; path = ItemProvider.swift; sourceTree = "<group>"; };
		E747D4112A5EEA41675E0267 /* Pods-PaparazzoExample_Storyboard.release.xcconfig */ = {isa = PBXFileReference; includeInIndex = 1; lastKnownFileType = text.xcconfig; name = "Pods-PaparazzoExample_Storyboard.release.xcconfig"; path = "Pods/Target Support Files/Pods-PaparazzoExample_Storyboard/Pods-PaparazzoExample_Storyboard.release.xcconfig"; sourceTree = "<group>"; };
		F2F50FC31E6C9F60006F9171 /* PaparazzoExample_Storyboard.app */ = {isa = PBXFileReference; explicitFileType = wrapper.application; includeInIndex = 0; path = PaparazzoExample_Storyboard.app; sourceTree = BUILT_PRODUCTS_DIR; };
		F2F50FC51E6C9F60006F9171 /* AppDelegate.swift */ = {isa = PBXFileReference; lastKnownFileType = sourcecode.swift; path = AppDelegate.swift; sourceTree = "<group>"; };
		F2F50FC71E6C9F60006F9171 /* ViewController.swift */ = {isa = PBXFileReference; lastKnownFileType = sourcecode.swift; path = ViewController.swift; sourceTree = "<group>"; };
		F2F50FCA1E6C9F60006F9171 /* Base */ = {isa = PBXFileReference; lastKnownFileType = file.storyboard; name = Base; path = Base.lproj/Main.storyboard; sourceTree = "<group>"; };
		F2F50FCC1E6C9F60006F9171 /* Assets.xcassets */ = {isa = PBXFileReference; lastKnownFileType = folder.assetcatalog; path = Assets.xcassets; sourceTree = "<group>"; };
		F2F50FCF1E6C9F60006F9171 /* Base */ = {isa = PBXFileReference; lastKnownFileType = file.storyboard; name = Base; path = Base.lproj/LaunchScreen.storyboard; sourceTree = "<group>"; };
		F2F50FD11E6C9F60006F9171 /* Info.plist */ = {isa = PBXFileReference; lastKnownFileType = text.plist.xml; path = Info.plist; sourceTree = "<group>"; };
/* End PBXFileReference section */

/* Begin PBXFrameworksBuildPhase section */
		251E57BD1E65651F0009A288 /* Frameworks */ = {
			isa = PBXFrameworksBuildPhase;
			buildActionMask = 2147483647;
			files = (
				68D619AA8C30AB479F72525D /* Pods_PaparazzoExample.framework in Frameworks */,
			);
			runOnlyForDeploymentPostprocessing = 0;
		};
		25A489AE1E656A2B00CC431B /* Frameworks */ = {
			isa = PBXFrameworksBuildPhase;
			buildActionMask = 2147483647;
			files = (
				088535F351074F52B19B1688 /* Pods_PaparazzoExample_NoMarshroute.framework in Frameworks */,
			);
			runOnlyForDeploymentPostprocessing = 0;
		};
		F2F50FC01E6C9F60006F9171 /* Frameworks */ = {
			isa = PBXFrameworksBuildPhase;
			buildActionMask = 2147483647;
			files = (
				08BB7920D2F1F31E8D8C1760 /* Pods_PaparazzoExample_Storyboard.framework in Frameworks */,
			);
			runOnlyForDeploymentPostprocessing = 0;
		};
/* End PBXFrameworksBuildPhase section */

/* Begin PBXGroup section */
		251E57B71E65651F0009A288 = {
			isa = PBXGroup;
			children = (
				251E57C21E65651F0009A288 /* PaparazzoExample */,
				25A489B21E656A2B00CC431B /* PaparazzoExample_NoMarshroute */,
				EFA7610C1E829434000EB296 /* Shared */,
				F2F50FC41E6C9F60006F9171 /* PaparazzoExample_Storyboard */,
				251E57C11E65651F0009A288 /* Products */,
				46BDCFFEF47DC3838FD4018B /* Pods */,
				5DF9D2378585A5A97F9DD7F3 /* Frameworks */,
			);
			sourceTree = "<group>";
		};
		251E57C11E65651F0009A288 /* Products */ = {
			isa = PBXGroup;
			children = (
				251E57C01E65651F0009A288 /* PaparazzoExample.app */,
				25A489B11E656A2B00CC431B /* PaparazzoExample_NoMarshroute.app */,
				F2F50FC31E6C9F60006F9171 /* PaparazzoExample_Storyboard.app */,
			);
			name = Products;
			sourceTree = "<group>";
		};
		251E57C21E65651F0009A288 /* PaparazzoExample */ = {
			isa = PBXGroup;
			children = (
				253169661E65698C006F1E95 /* Assets.xcassets */,
				251E57C31E65651F0009A288 /* AppDelegate.swift */,
				251E57D51E6565890009A288 /* AppSpecificUITheme.swift */,
				251E57EF1E6565890009A288 /* NavigationController.swift */,
				251E57D71E6565890009A288 /* Example */,
				251E57E71E6565890009A288 /* Fonts */,
				251E57ED1E6565890009A288 /* MarshrouteHelpers */,
				251E57CF1E65651F0009A288 /* Info.plist */,
			);
			path = PaparazzoExample;
			sourceTree = "<group>";
		};
		251E57D71E6565890009A288 /* Example */ = {
			isa = PBXGroup;
			children = (
				251E57D81E6565890009A288 /* Assembly */,
				251E57DB1E6565890009A288 /* Interactor */,
				251E57DE1E6565890009A288 /* Presenter */,
				251E57E01E6565890009A288 /* Router */,
				251E57E31E6565890009A288 /* View */,
			);
			path = Example;
			sourceTree = "<group>";
		};
		251E57D81E6565890009A288 /* Assembly */ = {
			isa = PBXGroup;
			children = (
				251E57D91E6565890009A288 /* ExampleAssembly.swift */,
				251E57DA1E6565890009A288 /* ExampleAssemblyImpl.swift */,
			);
			path = Assembly;
			sourceTree = "<group>";
		};
		251E57DB1E6565890009A288 /* Interactor */ = {
			isa = PBXGroup;
			children = (
				251E57DC1E6565890009A288 /* ExampleInteractor.swift */,
				251E57DD1E6565890009A288 /* ExampleInteractorImpl.swift */,
			);
			path = Interactor;
			sourceTree = "<group>";
		};
		251E57DE1E6565890009A288 /* Presenter */ = {
			isa = PBXGroup;
			children = (
				251E57DF1E6565890009A288 /* ExamplePresenter.swift */,
			);
			path = Presenter;
			sourceTree = "<group>";
		};
		251E57E01E6565890009A288 /* Router */ = {
			isa = PBXGroup;
			children = (
				251E57E11E6565890009A288 /* ExampleRouter.swift */,
				251E57E21E6565890009A288 /* ExampleRouterImpl.swift */,
			);
			path = Router;
			sourceTree = "<group>";
		};
		251E57E31E6565890009A288 /* View */ = {
			isa = PBXGroup;
			children = (
				251E57E41E6565890009A288 /* ExampleView.swift */,
				251E57E51E6565890009A288 /* ExampleViewController.swift */,
				251E57E61E6565890009A288 /* ExampleViewInput.swift */,
			);
			path = View;
			sourceTree = "<group>";
		};
		251E57E71E6565890009A288 /* Fonts */ = {
			isa = PBXGroup;
			children = (
				251E57E81E6565890009A288 /* Latoto-Bold.ttf */,
				251E57E91E6565890009A288 /* Latoto-Light.ttf */,
				251E57EA1E6565890009A288 /* Latoto-Regular.ttf */,
				251E57EB1E6565890009A288 /* Latoto-Semibold.ttf */,
				251E57EC1E6565890009A288 /* Latoto-SemiboldItalic.ttf */,
			);
			path = Fonts;
			sourceTree = "<group>";
		};
		251E57ED1E6565890009A288 /* MarshrouteHelpers */ = {
			isa = PBXGroup;
			children = (
				251E57EE1E6565890009A288 /* MarshrouteFacade.swift */,
			);
			path = MarshrouteHelpers;
			sourceTree = "<group>";
		};
		25A489B21E656A2B00CC431B /* PaparazzoExample_NoMarshroute */ = {
			isa = PBXGroup;
			children = (
				25A489B31E656A2B00CC431B /* AppDelegate.swift */,
				25A489BA1E656A2B00CC431B /* Assets.xcassets */,
				25A489BF1E656A2B00CC431B /* Info.plist */,
			);
			path = PaparazzoExample_NoMarshroute;
			sourceTree = "<group>";
		};
		46BDCFFEF47DC3838FD4018B /* Pods */ = {
			isa = PBXGroup;
			children = (
				8EC973CB836BAD3EDC80CABA /* Pods-PaparazzoExample.debug.xcconfig */,
				0CD08CDB3C698AABC02FE1C4 /* Pods-PaparazzoExample.release.xcconfig */,
				72D3BDEDCB9FAE3B0647A4EC /* Pods-PaparazzoExample_NoMarshroute.debug.xcconfig */,
				51E027ACADF45EAB33801BAC /* Pods-PaparazzoExample_NoMarshroute.release.xcconfig */,
				55EF0CF8CEB9A01973F0A26C /* Pods-PaparazzoExample_Storyboard.debug.xcconfig */,
				E747D4112A5EEA41675E0267 /* Pods-PaparazzoExample_Storyboard.release.xcconfig */,
			);
			name = Pods;
			sourceTree = "<group>";
		};
		5DF9D2378585A5A97F9DD7F3 /* Frameworks */ = {
			isa = PBXGroup;
			children = (
				AD2DAC113521ADEBFF8A22F1 /* Pods_PaparazzoExample.framework */,
				B9A4E214165A8FB30A7CE203 /* Pods_PaparazzoExample_NoMarshroute.framework */,
				3B16F0AF7B8CAAE81DB10090 /* Pods_PaparazzoExample_Storyboard.framework */,
			);
			name = Frameworks;
			sourceTree = "<group>";
		};
		EFA7610C1E829434000EB296 /* Shared */ = {
			isa = PBXGroup;
			children = (
				EFA7610D1E829434000EB296 /* ItemProvider.swift */,
			);
			path = Shared;
			sourceTree = "<group>";
		};
		F2F50FC41E6C9F60006F9171 /* PaparazzoExample_Storyboard */ = {
			isa = PBXGroup;
			children = (
				F2F50FC51E6C9F60006F9171 /* AppDelegate.swift */,
				F2F50FC71E6C9F60006F9171 /* ViewController.swift */,
				F2F50FC91E6C9F60006F9171 /* Main.storyboard */,
				F2F50FCC1E6C9F60006F9171 /* Assets.xcassets */,
				F2F50FCE1E6C9F60006F9171 /* LaunchScreen.storyboard */,
				F2F50FD11E6C9F60006F9171 /* Info.plist */,
			);
			path = PaparazzoExample_Storyboard;
			sourceTree = "<group>";
		};
/* End PBXGroup section */

/* Begin PBXNativeTarget section */
		251E57BF1E65651F0009A288 /* PaparazzoExample */ = {
			isa = PBXNativeTarget;
			buildConfigurationList = 251E57D21E65651F0009A288 /* Build configuration list for PBXNativeTarget "PaparazzoExample" */;
			buildPhases = (
				B76186DA682095C7999991AD /* [CP] Check Pods Manifest.lock */,
				251E57BC1E65651F0009A288 /* Sources */,
				251E57BD1E65651F0009A288 /* Frameworks */,
				251E57BE1E65651F0009A288 /* Resources */,
				BE84EDEE72F665CE084E60AC /* [CP] Embed Pods Frameworks */,
				6620037BC3D2966EBE230528 /* [CP] Copy Pods Resources */,
			);
			buildRules = (
			);
			dependencies = (
			);
			name = PaparazzoExample;
			productName = PaparazzoExample;
			productReference = 251E57C01E65651F0009A288 /* PaparazzoExample.app */;
			productType = "com.apple.product-type.application";
		};
		25A489B01E656A2B00CC431B /* PaparazzoExample_NoMarshroute */ = {
			isa = PBXNativeTarget;
			buildConfigurationList = 25A489C01E656A2B00CC431B /* Build configuration list for PBXNativeTarget "PaparazzoExample_NoMarshroute" */;
			buildPhases = (
				5D3D5789B0C8E4E7C317BF41 /* [CP] Check Pods Manifest.lock */,
				25A489AD1E656A2B00CC431B /* Sources */,
				25A489AE1E656A2B00CC431B /* Frameworks */,
				25A489AF1E656A2B00CC431B /* Resources */,
				E607E68B79D7FA6BB43CDC07 /* [CP] Embed Pods Frameworks */,
				5562E44245926B67EA030865 /* [CP] Copy Pods Resources */,
			);
			buildRules = (
			);
			dependencies = (
			);
			name = PaparazzoExample_NoMarshroute;
			productName = PaparazzoExample_NoMarshroute;
			productReference = 25A489B11E656A2B00CC431B /* PaparazzoExample_NoMarshroute.app */;
			productType = "com.apple.product-type.application";
		};
		F2F50FC21E6C9F60006F9171 /* PaparazzoExample_Storyboard */ = {
			isa = PBXNativeTarget;
			buildConfigurationList = F2F50FD41E6C9F60006F9171 /* Build configuration list for PBXNativeTarget "PaparazzoExample_Storyboard" */;
			buildPhases = (
				C9271E4CAC2F451DB3F375F1 /* [CP] Check Pods Manifest.lock */,
				F2F50FBF1E6C9F60006F9171 /* Sources */,
				F2F50FC01E6C9F60006F9171 /* Frameworks */,
				F2F50FC11E6C9F60006F9171 /* Resources */,
				F3D94581AC585B52B34EA845 /* [CP] Embed Pods Frameworks */,
				A048B4CEC542DAE1C227FB24 /* [CP] Copy Pods Resources */,
			);
			buildRules = (
			);
			dependencies = (
			);
			name = PaparazzoExample_Storyboard;
			productName = PaparazzoExample_Storyboard;
			productReference = F2F50FC31E6C9F60006F9171 /* PaparazzoExample_Storyboard.app */;
			productType = "com.apple.product-type.application";
		};
/* End PBXNativeTarget section */

/* Begin PBXProject section */
		251E57B81E65651F0009A288 /* Project object */ = {
			isa = PBXProject;
			attributes = {
				LastSwiftUpdateCheck = 0820;
				LastUpgradeCheck = 0820;
				ORGANIZATIONNAME = Avito;
				TargetAttributes = {
					251E57BF1E65651F0009A288 = {
						CreatedOnToolsVersion = 8.2.1;
						ProvisioningStyle = Manual;
					};
					25A489B01E656A2B00CC431B = {
						CreatedOnToolsVersion = 8.2.1;
						ProvisioningStyle = Manual;
					};
					F2F50FC21E6C9F60006F9171 = {
						CreatedOnToolsVersion = 8.2.1;
						ProvisioningStyle = Manual;
					};
				};
			};
			buildConfigurationList = 251E57BB1E65651F0009A288 /* Build configuration list for PBXProject "PaparazzoExample" */;
			compatibilityVersion = "Xcode 3.2";
			developmentRegion = English;
			hasScannedForEncodings = 0;
			knownRegions = (
				en,
				Base,
			);
			mainGroup = 251E57B71E65651F0009A288;
			productRefGroup = 251E57C11E65651F0009A288 /* Products */;
			projectDirPath = "";
			projectRoot = "";
			targets = (
				251E57BF1E65651F0009A288 /* PaparazzoExample */,
				25A489B01E656A2B00CC431B /* PaparazzoExample_NoMarshroute */,
				F2F50FC21E6C9F60006F9171 /* PaparazzoExample_Storyboard */,
			);
		};
/* End PBXProject section */

/* Begin PBXResourcesBuildPhase section */
		251E57BE1E65651F0009A288 /* Resources */ = {
			isa = PBXResourcesBuildPhase;
			buildActionMask = 2147483647;
			files = (
				251E57FD1E6565890009A288 /* Latoto-Light.ttf in Resources */,
				251E57FF1E6565890009A288 /* Latoto-Semibold.ttf in Resources */,
				251E57FC1E6565890009A288 /* Latoto-Bold.ttf in Resources */,
				251E58001E6565890009A288 /* Latoto-SemiboldItalic.ttf in Resources */,
				253169671E65698C006F1E95 /* Assets.xcassets in Resources */,
				251E57FE1E6565890009A288 /* Latoto-Regular.ttf in Resources */,
			);
			runOnlyForDeploymentPostprocessing = 0;
		};
		25A489AF1E656A2B00CC431B /* Resources */ = {
			isa = PBXResourcesBuildPhase;
			buildActionMask = 2147483647;
			files = (
				25A489C81E656B2D00CC431B /* Latoto-Bold.ttf in Resources */,
				25A489CB1E656B2D00CC431B /* Latoto-Semibold.ttf in Resources */,
				25A489CC1E656B2D00CC431B /* Latoto-SemiboldItalic.ttf in Resources */,
				25A489C91E656B2D00CC431B /* Latoto-Light.ttf in Resources */,
				25A489CA1E656B2D00CC431B /* Latoto-Regular.ttf in Resources */,
				25A489BB1E656A2B00CC431B /* Assets.xcassets in Resources */,
			);
			runOnlyForDeploymentPostprocessing = 0;
		};
		F2F50FC11E6C9F60006F9171 /* Resources */ = {
			isa = PBXResourcesBuildPhase;
			buildActionMask = 2147483647;
			files = (
				F2F50FD61E6CA160006F9171 /* Latoto-Bold.ttf in Resources */,
				F2F50FD91E6CA160006F9171 /* Latoto-Semibold.ttf in Resources */,
				F2F50FDA1E6CA160006F9171 /* Latoto-SemiboldItalic.ttf in Resources */,
				F2F50FD71E6CA160006F9171 /* Latoto-Light.ttf in Resources */,
				F2F50FD81E6CA160006F9171 /* Latoto-Regular.ttf in Resources */,
				F2F50FD01E6C9F60006F9171 /* LaunchScreen.storyboard in Resources */,
				F2F50FCD1E6C9F60006F9171 /* Assets.xcassets in Resources */,
				F2F50FCB1E6C9F60006F9171 /* Main.storyboard in Resources */,
			);
			runOnlyForDeploymentPostprocessing = 0;
		};
/* End PBXResourcesBuildPhase section */

/* Begin PBXShellScriptBuildPhase section */
		5562E44245926B67EA030865 /* [CP] Copy Pods Resources */ = {
			isa = PBXShellScriptBuildPhase;
			buildActionMask = 2147483647;
			files = (
			);
			inputPaths = (
			);
			name = "[CP] Copy Pods Resources";
			outputPaths = (
			);
			runOnlyForDeploymentPostprocessing = 0;
			shellPath = /bin/sh;
			shellScript = "\"${SRCROOT}/Pods/Target Support Files/Pods-PaparazzoExample_NoMarshroute/Pods-PaparazzoExample_NoMarshroute-resources.sh\"\n";
			showEnvVarsInLog = 0;
		};
		5D3D5789B0C8E4E7C317BF41 /* [CP] Check Pods Manifest.lock */ = {
			isa = PBXShellScriptBuildPhase;
			buildActionMask = 2147483647;
			files = (
			);
			inputPaths = (
			);
			name = "[CP] Check Pods Manifest.lock";
			outputPaths = (
			);
			runOnlyForDeploymentPostprocessing = 0;
			shellPath = /bin/sh;
			shellScript = "diff \"${PODS_ROOT}/../Podfile.lock\" \"${PODS_ROOT}/Manifest.lock\" > /dev/null\nif [ $? != 0 ] ; then\n    # print error to STDERR\n    echo \"error: The sandbox is not in sync with the Podfile.lock. Run 'pod install' or update your CocoaPods installation.\" >&2\n    exit 1\nfi\n";
			showEnvVarsInLog = 0;
		};
		6620037BC3D2966EBE230528 /* [CP] Copy Pods Resources */ = {
			isa = PBXShellScriptBuildPhase;
			buildActionMask = 2147483647;
			files = (
			);
			inputPaths = (
			);
			name = "[CP] Copy Pods Resources";
			outputPaths = (
			);
			runOnlyForDeploymentPostprocessing = 0;
			shellPath = /bin/sh;
			shellScript = "\"${SRCROOT}/Pods/Target Support Files/Pods-PaparazzoExample/Pods-PaparazzoExample-resources.sh\"\n";
			showEnvVarsInLog = 0;
		};
		A048B4CEC542DAE1C227FB24 /* [CP] Copy Pods Resources */ = {
			isa = PBXShellScriptBuildPhase;
			buildActionMask = 2147483647;
			files = (
			);
			inputPaths = (
			);
			name = "[CP] Copy Pods Resources";
			outputPaths = (
			);
			runOnlyForDeploymentPostprocessing = 0;
			shellPath = /bin/sh;
			shellScript = "\"${SRCROOT}/Pods/Target Support Files/Pods-PaparazzoExample_Storyboard/Pods-PaparazzoExample_Storyboard-resources.sh\"\n";
			showEnvVarsInLog = 0;
		};
		B76186DA682095C7999991AD /* [CP] Check Pods Manifest.lock */ = {
			isa = PBXShellScriptBuildPhase;
			buildActionMask = 2147483647;
			files = (
			);
			inputPaths = (
			);
			name = "[CP] Check Pods Manifest.lock";
			outputPaths = (
			);
			runOnlyForDeploymentPostprocessing = 0;
			shellPath = /bin/sh;
			shellScript = "diff \"${PODS_ROOT}/../Podfile.lock\" \"${PODS_ROOT}/Manifest.lock\" > /dev/null\nif [ $? != 0 ] ; then\n    # print error to STDERR\n    echo \"error: The sandbox is not in sync with the Podfile.lock. Run 'pod install' or update your CocoaPods installation.\" >&2\n    exit 1\nfi\n";
			showEnvVarsInLog = 0;
		};
		BE84EDEE72F665CE084E60AC /* [CP] Embed Pods Frameworks */ = {
			isa = PBXShellScriptBuildPhase;
			buildActionMask = 2147483647;
			files = (
			);
			inputPaths = (
			);
			name = "[CP] Embed Pods Frameworks";
			outputPaths = (
			);
			runOnlyForDeploymentPostprocessing = 0;
			shellPath = /bin/sh;
			shellScript = "\"${SRCROOT}/Pods/Target Support Files/Pods-PaparazzoExample/Pods-PaparazzoExample-frameworks.sh\"\n";
			showEnvVarsInLog = 0;
		};
		C9271E4CAC2F451DB3F375F1 /* [CP] Check Pods Manifest.lock */ = {
			isa = PBXShellScriptBuildPhase;
			buildActionMask = 2147483647;
			files = (
			);
			inputPaths = (
			);
			name = "[CP] Check Pods Manifest.lock";
			outputPaths = (
			);
			runOnlyForDeploymentPostprocessing = 0;
			shellPath = /bin/sh;
			shellScript = "diff \"${PODS_ROOT}/../Podfile.lock\" \"${PODS_ROOT}/Manifest.lock\" > /dev/null\nif [ $? != 0 ] ; then\n    # print error to STDERR\n    echo \"error: The sandbox is not in sync with the Podfile.lock. Run 'pod install' or update your CocoaPods installation.\" >&2\n    exit 1\nfi\n";
			showEnvVarsInLog = 0;
		};
		E607E68B79D7FA6BB43CDC07 /* [CP] Embed Pods Frameworks */ = {
			isa = PBXShellScriptBuildPhase;
			buildActionMask = 2147483647;
			files = (
			);
			inputPaths = (
			);
			name = "[CP] Embed Pods Frameworks";
			outputPaths = (
			);
			runOnlyForDeploymentPostprocessing = 0;
			shellPath = /bin/sh;
			shellScript = "\"${SRCROOT}/Pods/Target Support Files/Pods-PaparazzoExample_NoMarshroute/Pods-PaparazzoExample_NoMarshroute-frameworks.sh\"\n";
			showEnvVarsInLog = 0;
		};
		F3D94581AC585B52B34EA845 /* [CP] Embed Pods Frameworks */ = {
			isa = PBXShellScriptBuildPhase;
			buildActionMask = 2147483647;
			files = (
			);
			inputPaths = (
			);
			name = "[CP] Embed Pods Frameworks";
			outputPaths = (
			);
			runOnlyForDeploymentPostprocessing = 0;
			shellPath = /bin/sh;
			shellScript = "\"${SRCROOT}/Pods/Target Support Files/Pods-PaparazzoExample_Storyboard/Pods-PaparazzoExample_Storyboard-frameworks.sh\"\n";
			showEnvVarsInLog = 0;
		};
/* End PBXShellScriptBuildPhase section */

/* Begin PBXSourcesBuildPhase section */
		251E57BC1E65651F0009A288 /* Sources */ = {
			isa = PBXSourcesBuildPhase;
			buildActionMask = 2147483647;
			files = (
				251E57FB1E6565890009A288 /* ExampleViewInput.swift in Sources */,
				251E57FA1E6565890009A288 /* ExampleViewController.swift in Sources */,
				251E57F21E6565890009A288 /* ExampleAssembly.swift in Sources */,
				251E57F41E6565890009A288 /* ExampleInteractor.swift in Sources */,
				251E58011E6565890009A288 /* MarshrouteFacade.swift in Sources */,
				251E58021E6565890009A288 /* NavigationController.swift in Sources */,
				251E57C41E65651F0009A288 /* AppDelegate.swift in Sources */,
				251E57F81E6565890009A288 /* ExampleRouterImpl.swift in Sources */,
				251E57F71E6565890009A288 /* ExampleRouter.swift in Sources */,
				251E57F51E6565890009A288 /* ExampleInteractorImpl.swift in Sources */,
				251E57F61E6565890009A288 /* ExamplePresenter.swift in Sources */,
				251E57F31E6565890009A288 /* ExampleAssemblyImpl.swift in Sources */,
				251E57F01E6565890009A288 /* AppSpecificUITheme.swift in Sources */,
				EFA7610E1E829434000EB296 /* ItemProvider.swift in Sources */,
				251E57F91E6565890009A288 /* ExampleView.swift in Sources */,
			);
			runOnlyForDeploymentPostprocessing = 0;
		};
		25A489AD1E656A2B00CC431B /* Sources */ = {
			isa = PBXSourcesBuildPhase;
			buildActionMask = 2147483647;
			files = (
				25A489B41E656A2B00CC431B /* AppDelegate.swift in Sources */,
				25A489C71E656B1000CC431B /* NavigationController.swift in Sources */,
				25A489C61E656B0200CC431B /* ExampleViewInput.swift in Sources */,
				EFA7610F1E829569000EB296 /* ItemProvider.swift in Sources */,
				25A489C31E656AF400CC431B /* ExampleViewController.swift in Sources */,
				25A489C41E656AF800CC431B /* ExampleView.swift in Sources */,
				25A489C51E656AFB00CC431B /* AppSpecificUITheme.swift in Sources */,
			);
			runOnlyForDeploymentPostprocessing = 0;
		};
		F2F50FBF1E6C9F60006F9171 /* Sources */ = {
			isa = PBXSourcesBuildPhase;
			buildActionMask = 2147483647;
			files = (
				F2F50FC81E6C9F60006F9171 /* ViewController.swift in Sources */,
				F2F50FD51E6CA09D006F9171 /* AppSpecificUITheme.swift in Sources */,
				F2F50FC61E6C9F60006F9171 /* AppDelegate.swift in Sources */,
			);
			runOnlyForDeploymentPostprocessing = 0;
		};
/* End PBXSourcesBuildPhase section */

/* Begin PBXVariantGroup section */
		F2F50FC91E6C9F60006F9171 /* Main.storyboard */ = {
			isa = PBXVariantGroup;
			children = (
				F2F50FCA1E6C9F60006F9171 /* Base */,
			);
			name = Main.storyboard;
			sourceTree = "<group>";
		};
		F2F50FCE1E6C9F60006F9171 /* LaunchScreen.storyboard */ = {
			isa = PBXVariantGroup;
			children = (
				F2F50FCF1E6C9F60006F9171 /* Base */,
			);
			name = LaunchScreen.storyboard;
			sourceTree = "<group>";
		};
/* End PBXVariantGroup section */

/* Begin XCBuildConfiguration section */
		251E57D01E65651F0009A288 /* Debug */ = {
			isa = XCBuildConfiguration;
			buildSettings = {
				ALWAYS_SEARCH_USER_PATHS = NO;
				CLANG_ANALYZER_NONNULL = YES;
				CLANG_CXX_LANGUAGE_STANDARD = "gnu++0x";
				CLANG_CXX_LIBRARY = "libc++";
				CLANG_ENABLE_MODULES = YES;
				CLANG_ENABLE_OBJC_ARC = YES;
				CLANG_WARN_BOOL_CONVERSION = YES;
				CLANG_WARN_CONSTANT_CONVERSION = YES;
				CLANG_WARN_DIRECT_OBJC_ISA_USAGE = YES_ERROR;
				CLANG_WARN_DOCUMENTATION_COMMENTS = YES;
				CLANG_WARN_EMPTY_BODY = YES;
				CLANG_WARN_ENUM_CONVERSION = YES;
				CLANG_WARN_INFINITE_RECURSION = YES;
				CLANG_WARN_INT_CONVERSION = YES;
				CLANG_WARN_OBJC_ROOT_CLASS = YES_ERROR;
				CLANG_WARN_SUSPICIOUS_MOVE = YES;
				CLANG_WARN_UNREACHABLE_CODE = YES;
				CLANG_WARN__DUPLICATE_METHOD_MATCH = YES;
				"CODE_SIGN_IDENTITY[sdk=iphoneos*]" = "iPhone Developer";
				COPY_PHASE_STRIP = NO;
				DEBUG_INFORMATION_FORMAT = dwarf;
				ENABLE_STRICT_OBJC_MSGSEND = YES;
				ENABLE_TESTABILITY = YES;
				GCC_C_LANGUAGE_STANDARD = gnu99;
				GCC_DYNAMIC_NO_PIC = NO;
				GCC_NO_COMMON_BLOCKS = YES;
				GCC_OPTIMIZATION_LEVEL = 0;
				GCC_PREPROCESSOR_DEFINITIONS = (
					"DEBUG=1",
					"$(inherited)",
				);
				GCC_WARN_64_TO_32_BIT_CONVERSION = YES;
				GCC_WARN_ABOUT_RETURN_TYPE = YES_ERROR;
				GCC_WARN_UNDECLARED_SELECTOR = YES;
				GCC_WARN_UNINITIALIZED_AUTOS = YES_AGGRESSIVE;
				GCC_WARN_UNUSED_FUNCTION = YES;
				GCC_WARN_UNUSED_VARIABLE = YES;
				IPHONEOS_DEPLOYMENT_TARGET = 10.2;
				MTL_ENABLE_DEBUG_INFO = YES;
				ONLY_ACTIVE_ARCH = YES;
				SDKROOT = iphoneos;
				SWIFT_ACTIVE_COMPILATION_CONDITIONS = DEBUG;
				SWIFT_OPTIMIZATION_LEVEL = "-Onone";
				TARGETED_DEVICE_FAMILY = "1,2";
			};
			name = Debug;
		};
		251E57D11E65651F0009A288 /* Release */ = {
			isa = XCBuildConfiguration;
			buildSettings = {
				ALWAYS_SEARCH_USER_PATHS = NO;
				CLANG_ANALYZER_NONNULL = YES;
				CLANG_CXX_LANGUAGE_STANDARD = "gnu++0x";
				CLANG_CXX_LIBRARY = "libc++";
				CLANG_ENABLE_MODULES = YES;
				CLANG_ENABLE_OBJC_ARC = YES;
				CLANG_WARN_BOOL_CONVERSION = YES;
				CLANG_WARN_CONSTANT_CONVERSION = YES;
				CLANG_WARN_DIRECT_OBJC_ISA_USAGE = YES_ERROR;
				CLANG_WARN_DOCUMENTATION_COMMENTS = YES;
				CLANG_WARN_EMPTY_BODY = YES;
				CLANG_WARN_ENUM_CONVERSION = YES;
				CLANG_WARN_INFINITE_RECURSION = YES;
				CLANG_WARN_INT_CONVERSION = YES;
				CLANG_WARN_OBJC_ROOT_CLASS = YES_ERROR;
				CLANG_WARN_SUSPICIOUS_MOVE = YES;
				CLANG_WARN_UNREACHABLE_CODE = YES;
				CLANG_WARN__DUPLICATE_METHOD_MATCH = YES;
				"CODE_SIGN_IDENTITY[sdk=iphoneos*]" = "iPhone Developer";
				COPY_PHASE_STRIP = NO;
				DEBUG_INFORMATION_FORMAT = "dwarf-with-dsym";
				ENABLE_NS_ASSERTIONS = NO;
				ENABLE_STRICT_OBJC_MSGSEND = YES;
				GCC_C_LANGUAGE_STANDARD = gnu99;
				GCC_NO_COMMON_BLOCKS = YES;
				GCC_WARN_64_TO_32_BIT_CONVERSION = YES;
				GCC_WARN_ABOUT_RETURN_TYPE = YES_ERROR;
				GCC_WARN_UNDECLARED_SELECTOR = YES;
				GCC_WARN_UNINITIALIZED_AUTOS = YES_AGGRESSIVE;
				GCC_WARN_UNUSED_FUNCTION = YES;
				GCC_WARN_UNUSED_VARIABLE = YES;
				IPHONEOS_DEPLOYMENT_TARGET = 10.2;
				MTL_ENABLE_DEBUG_INFO = NO;
				SDKROOT = iphoneos;
				SWIFT_OPTIMIZATION_LEVEL = "-Owholemodule";
				TARGETED_DEVICE_FAMILY = "1,2";
				VALIDATE_PRODUCT = YES;
			};
			name = Release;
		};
		251E57D31E65651F0009A288 /* Debug */ = {
			isa = XCBuildConfiguration;
			baseConfigurationReference = 8EC973CB836BAD3EDC80CABA /* Pods-PaparazzoExample.debug.xcconfig */;
			buildSettings = {
				ASSETCATALOG_COMPILER_APPICON_NAME = AppIcon;
				ASSETCATALOG_COMPILER_LAUNCHIMAGE_NAME = LaunchImage;
				DEVELOPMENT_TEAM = "";
				INFOPLIST_FILE = PaparazzoExample/Info.plist;
				IPHONEOS_DEPLOYMENT_TARGET = 8.0;
				LD_RUNPATH_SEARCH_PATHS = "$(inherited) @executable_path/Frameworks";
				PRODUCT_BUNDLE_IDENTIFIER = ru.avito.PaparazzoExample;
				PRODUCT_NAME = "$(TARGET_NAME)";
				SWIFT_VERSION = 3.0;
			};
			name = Debug;
		};
		251E57D41E65651F0009A288 /* Release */ = {
			isa = XCBuildConfiguration;
			baseConfigurationReference = 0CD08CDB3C698AABC02FE1C4 /* Pods-PaparazzoExample.release.xcconfig */;
			buildSettings = {
				ASSETCATALOG_COMPILER_APPICON_NAME = AppIcon;
				ASSETCATALOG_COMPILER_LAUNCHIMAGE_NAME = LaunchImage;
				DEVELOPMENT_TEAM = "";
				INFOPLIST_FILE = PaparazzoExample/Info.plist;
				IPHONEOS_DEPLOYMENT_TARGET = 8.0;
				LD_RUNPATH_SEARCH_PATHS = "$(inherited) @executable_path/Frameworks";
				PRODUCT_BUNDLE_IDENTIFIER = ru.avito.PaparazzoExample;
				PRODUCT_NAME = "$(TARGET_NAME)";
				SWIFT_VERSION = 3.0;
			};
			name = Release;
		};
		25A489C11E656A2B00CC431B /* Debug */ = {
			isa = XCBuildConfiguration;
			baseConfigurationReference = 72D3BDEDCB9FAE3B0647A4EC /* Pods-PaparazzoExample_NoMarshroute.debug.xcconfig */;
			buildSettings = {
				ASSETCATALOG_COMPILER_APPICON_NAME = AppIcon;
				ASSETCATALOG_COMPILER_LAUNCHIMAGE_NAME = LaunchImage;
				DEVELOPMENT_TEAM = "";
				INFOPLIST_FILE = PaparazzoExample_NoMarshroute/Info.plist;
				IPHONEOS_DEPLOYMENT_TARGET = 8.0;
				LD_RUNPATH_SEARCH_PATHS = "$(inherited) @executable_path/Frameworks";
				PRODUCT_BUNDLE_IDENTIFIER = "ru.avito.PaparazzoExample-NoMarshroute";
				PRODUCT_NAME = "$(TARGET_NAME)";
				SWIFT_VERSION = 3.0;
			};
			name = Debug;
		};
		25A489C21E656A2B00CC431B /* Release */ = {
			isa = XCBuildConfiguration;
			baseConfigurationReference = 51E027ACADF45EAB33801BAC /* Pods-PaparazzoExample_NoMarshroute.release.xcconfig */;
			buildSettings = {
				ASSETCATALOG_COMPILER_APPICON_NAME = AppIcon;
				ASSETCATALOG_COMPILER_LAUNCHIMAGE_NAME = LaunchImage;
				DEVELOPMENT_TEAM = "";
				INFOPLIST_FILE = PaparazzoExample_NoMarshroute/Info.plist;
				IPHONEOS_DEPLOYMENT_TARGET = 8.0;
				LD_RUNPATH_SEARCH_PATHS = "$(inherited) @executable_path/Frameworks";
				PRODUCT_BUNDLE_IDENTIFIER = "ru.avito.PaparazzoExample-NoMarshroute";
				PRODUCT_NAME = "$(TARGET_NAME)";
				SWIFT_VERSION = 3.0;
			};
			name = Release;
		};
		F2F50FD21E6C9F60006F9171 /* Debug */ = {
			isa = XCBuildConfiguration;
			baseConfigurationReference = 55EF0CF8CEB9A01973F0A26C /* Pods-PaparazzoExample_Storyboard.debug.xcconfig */;
			buildSettings = {
				ASSETCATALOG_COMPILER_APPICON_NAME = AppIcon;
				DEVELOPMENT_TEAM = "";
				INFOPLIST_FILE = PaparazzoExample_Storyboard/Info.plist;
				IPHONEOS_DEPLOYMENT_TARGET = 8.0;
				LD_RUNPATH_SEARCH_PATHS = "$(inherited) @executable_path/Frameworks";
				PRODUCT_BUNDLE_IDENTIFIER = "ru.avito.PaparazzoExample-Storyboard";
				PRODUCT_NAME = "$(TARGET_NAME)";
				SWIFT_VERSION = 3.0;
			};
			name = Debug;
		};
		F2F50FD31E6C9F60006F9171 /* Release */ = {
			isa = XCBuildConfiguration;
			baseConfigurationReference = E747D4112A5EEA41675E0267 /* Pods-PaparazzoExample_Storyboard.release.xcconfig */;
			buildSettings = {
				ASSETCATALOG_COMPILER_APPICON_NAME = AppIcon;
				DEVELOPMENT_TEAM = "";
				INFOPLIST_FILE = PaparazzoExample_Storyboard/Info.plist;
				IPHONEOS_DEPLOYMENT_TARGET = 8.0;
				LD_RUNPATH_SEARCH_PATHS = "$(inherited) @executable_path/Frameworks";
				PRODUCT_BUNDLE_IDENTIFIER = "ru.avito.PaparazzoExample-Storyboard";
				PRODUCT_NAME = "$(TARGET_NAME)";
				SWIFT_VERSION = 3.0;
			};
			name = Release;
		};
/* End XCBuildConfiguration section */

/* Begin XCConfigurationList section */
		251E57BB1E65651F0009A288 /* Build configuration list for PBXProject "PaparazzoExample" */ = {
			isa = XCConfigurationList;
			buildConfigurations = (
				251E57D01E65651F0009A288 /* Debug */,
				251E57D11E65651F0009A288 /* Release */,
			);
			defaultConfigurationIsVisible = 0;
			defaultConfigurationName = Release;
		};
		251E57D21E65651F0009A288 /* Build configuration list for PBXNativeTarget "PaparazzoExample" */ = {
			isa = XCConfigurationList;
			buildConfigurations = (
				251E57D31E65651F0009A288 /* Debug */,
				251E57D41E65651F0009A288 /* Release */,
			);
			defaultConfigurationIsVisible = 0;
			defaultConfigurationName = Release;
		};
		25A489C01E656A2B00CC431B /* Build configuration list for PBXNativeTarget "PaparazzoExample_NoMarshroute" */ = {
			isa = XCConfigurationList;
			buildConfigurations = (
				25A489C11E656A2B00CC431B /* Debug */,
				25A489C21E656A2B00CC431B /* Release */,
			);
			defaultConfigurationIsVisible = 0;
			defaultConfigurationName = Release;
		};
		F2F50FD41E6C9F60006F9171 /* Build configuration list for PBXNativeTarget "PaparazzoExample_Storyboard" */ = {
			isa = XCConfigurationList;
			buildConfigurations = (
				F2F50FD21E6C9F60006F9171 /* Debug */,
				F2F50FD31E6C9F60006F9171 /* Release */,
			);
			defaultConfigurationIsVisible = 0;
			defaultConfigurationName = Release;
		};
/* End XCConfigurationList section */
	};
	rootObject = 251E57B81E65651F0009A288 /* Project object */;
}
