PODS:
  - AvitoDesignKit (0.0.6):
    - JVFloatLabeledTextField (= 1.1.0)
    - TTTAttributedLabel (= 1.13.0)
  - JVFloatLabeledTextField (1.1.0)
  - Marshroute (0.3.3)
  - TTTAttributedLabel (1.13.0)

DEPENDENCIES:
  - AvitoDesignKit (from `ssh://git@stash.msk.avito.ru:7999/ma/avito-ios-design-kit.git`,
    branch `master`)
  - Marshroute

EXTERNAL SOURCES:
  AvitoDesignKit:
    :branch: master
    :git: ssh://git@stash.msk.avito.ru:7999/ma/avito-ios-design-kit.git

CHECKOUT OPTIONS:
  AvitoDesignKit:
    :commit: 926a40a5268ca114699d992901fdd767a545afe3
    :git: ssh://git@stash.msk.avito.ru:7999/ma/avito-ios-design-kit.git

SPEC CHECKSUMS:
  AvitoDesignKit: bc2e237c78d5811b131228cc1c0a16d7378dc286
  JVFloatLabeledTextField: ea4a3d8387ddd43724c472bb2b8ab39b79af05d4
  Marshroute: a7d3e67733a20630f618b4fbd418b9d559099a52
  TTTAttributedLabel: 8aeaf67481bb38970711e2641211cba912bd5239

COCOAPODS: 0.39.0
