// !$*UTF8*$!
{
	archiveVersion = 1;
	classes = {
	};
	objectVersion = 46;
	objects = {

/* Begin PBXBuildFile section */
		480CA87EAD66B7BEDB204F8D /* Pods_ImageSourceTest.framework in Frameworks */ = {isa = PBXBuildFile; fileRef = ABD1FF6B0AAE1FDC4473F9D7 /* Pods_ImageSourceTest.framework */; };
		F27929771E4E520100003915 /* AppDelegate.swift in Sources */ = {isa = PBXBuildFile; fileRef = F27929761E4E520100003915 /* AppDelegate.swift */; };
		F27929791E4E520100003915 /* ViewController.swift in Sources */ = {isa = PBXBuildFile; fileRef = F27929781E4E520100003915 /* ViewController.swift */; };
		F279297C1E4E520100003915 /* Main.storyboard in Resources */ = {isa = PBXBuildFile; fileRef = F279297A1E4E520100003915 /* Main.storyboard */; };
		F279297E1E4E520100003915 /* Assets.xcassets in Resources */ = {isa = PBXBuildFile; fileRef = F279297D1E4E520100003915 /* Assets.xcassets */; };
		F27929811E4E520100003915 /* LaunchScreen.storyboard in Resources */ = {isa = PBXBuildFile; fileRef = F279297F1E4E520100003915 /* LaunchScreen.storyboard */; };
/* End PBXBuildFile section */

/* Begin PBXFileReference section */
		358EFCFD2F0EFB1B036624F5 /* Pods-ImageSourceTest.debug.xcconfig */ = {isa = PBXFileReference; includeInIndex = 1; lastKnownFileType = text.xcconfig; name = "Pods-ImageSourceTest.debug.xcconfig"; path = "Pods/Target Support Files/Pods-ImageSourceTest/Pods-ImageSourceTest.debug.xcconfig"; sourceTree = "<group>"; };
		ABD1FF6B0AAE1FDC4473F9D7 /* Pods_ImageSourceTest.framework */ = {isa = PBXFileReference; explicitFileType = wrapper.framework; includeInIndex = 0; path = Pods_ImageSourceTest.framework; sourceTree = BUILT_PRODUCTS_DIR; };
		EE8679759B8D40A0DA34622A /* Pods-ImageSourceTest.release.xcconfig */ = {isa = PBXFileReference; includeInIndex = 1; lastKnownFileType = text.xcconfig; name = "Pods-ImageSourceTest.release.xcconfig"; path = "Pods/Target Support Files/Pods-ImageSourceTest/Pods-ImageSourceTest.release.xcconfig"; sourceTree = "<group>"; };
		F27929731E4E520100003915 /* ImageSourceTest.app */ = {isa = PBXFileReference; explicitFileType = wrapper.application; includeInIndex = 0; path = ImageSourceTest.app; sourceTree = BUILT_PRODUCTS_DIR; };
		F27929761E4E520100003915 /* AppDelegate.swift */ = {isa = PBXFileReference; lastKnownFileType = sourcecode.swift; path = AppDelegate.swift; sourceTree = "<group>"; };
		F27929781E4E520100003915 /* ViewController.swift */ = {isa = PBXFileReference; lastKnownFileType = sourcecode.swift; path = ViewController.swift; sourceTree = "<group>"; };
		F279297B1E4E520100003915 /* Base */ = {isa = PBXFileReference; lastKnownFileType = file.storyboard; name = Base; path = Base.lproj/Main.storyboard; sourceTree = "<group>"; };
		F279297D1E4E520100003915 /* Assets.xcassets */ = {isa = PBXFileReference; lastKnownFileType = folder.assetcatalog; path = Assets.xcassets; sourceTree = "<group>"; };
		F27929801E4E520100003915 /* Base */ = {isa = PBXFileReference; lastKnownFileType = file.storyboard; name = Base; path = Base.lproj/LaunchScreen.storyboard; sourceTree = "<group>"; };
		F27929821E4E520100003915 /* Info.plist */ = {isa = PBXFileReference; lastKnownFileType = text.plist.xml; path = Info.plist; sourceTree = "<group>"; };
/* End PBXFileReference section */

/* Begin PBXFrameworksBuildPhase section */
		F27929701E4E520100003915 /* Frameworks */ = {
			isa = PBXFrameworksBuildPhase;
			buildActionMask = 2147483647;
			files = (
				480CA87EAD66B7BEDB204F8D /* Pods_ImageSourceTest.framework in Frameworks */,
			);
			runOnlyForDeploymentPostprocessing = 0;
		};
/* End PBXFrameworksBuildPhase section */

/* Begin PBXGroup section */
		711C8319D171A96D013C880B /* Frameworks */ = {
			isa = PBXGroup;
			children = (
				ABD1FF6B0AAE1FDC4473F9D7 /* Pods_ImageSourceTest.framework */,
			);
			name = Frameworks;
			sourceTree = "<group>";
		};
		CF4C1833D9B2B2AAAE33B552 /* Pods */ = {
			isa = PBXGroup;
			children = (
				358EFCFD2F0EFB1B036624F5 /* Pods-ImageSourceTest.debug.xcconfig */,
				EE8679759B8D40A0DA34622A /* Pods-ImageSourceTest.release.xcconfig */,
			);
			name = Pods;
			sourceTree = "<group>";
		};
		F279296A1E4E520100003915 = {
			isa = PBXGroup;
			children = (
				F27929751E4E520100003915 /* ImageSourceTest */,
				F27929741E4E520100003915 /* Products */,
				CF4C1833D9B2B2AAAE33B552 /* Pods */,
				711C8319D171A96D013C880B /* Frameworks */,
			);
			sourceTree = "<group>";
		};
		F27929741E4E520100003915 /* Products */ = {
			isa = PBXGroup;
			children = (
				F27929731E4E520100003915 /* ImageSourceTest.app */,
			);
			name = Products;
			sourceTree = "<group>";
		};
		F27929751E4E520100003915 /* ImageSourceTest */ = {
			isa = PBXGroup;
			children = (
				F27929761E4E520100003915 /* AppDelegate.swift */,
				F27929781E4E520100003915 /* ViewController.swift */,
				F279297A1E4E520100003915 /* Main.storyboard */,
				F279297D1E4E520100003915 /* Assets.xcassets */,
				F279297F1E4E520100003915 /* LaunchScreen.storyboard */,
				F27929821E4E520100003915 /* Info.plist */,
			);
			path = ImageSourceTest;
			sourceTree = "<group>";
		};
/* End PBXGroup section */

/* Begin PBXNativeTarget section */
		F27929721E4E520100003915 /* ImageSourceTest */ = {
			isa = PBXNativeTarget;
			buildConfigurationList = F27929851E4E520100003915 /* Build configuration list for PBXNativeTarget "ImageSourceTest" */;
			buildPhases = (
				EC0F069292EDAA5958DC9614 /* [CP] Check Pods Manifest.lock */,
				F279296F1E4E520100003915 /* Sources */,
				F27929701E4E520100003915 /* Frameworks */,
				F27929711E4E520100003915 /* Resources */,
				59D85D73B41F237076A6F5F0 /* [CP] Embed Pods Frameworks */,
				90CEA04C38361C9D16B3A538 /* [CP] Copy Pods Resources */,
			);
			buildRules = (
			);
			dependencies = (
			);
			name = ImageSourceTest;
			productName = ImageSourceTest;
			productReference = F27929731E4E520100003915 /* ImageSourceTest.app */;
			productType = "com.apple.product-type.application";
		};
/* End PBXNativeTarget section */

/* Begin PBXProject section */
		F279296B1E4E520100003915 /* Project object */ = {
			isa = PBXProject;
			attributes = {
				LastSwiftUpdateCheck = 0820;
				LastUpgradeCheck = 0820;
				ORGANIZATIONNAME = Seedway;
				TargetAttributes = {
					F27929721E4E520100003915 = {
						CreatedOnToolsVersion = 8.2.1;
						ProvisioningStyle = Automatic;
					};
				};
			};
			buildConfigurationList = F279296E1E4E520100003915 /* Build configuration list for PBXProject "ImageSourceTest" */;
			compatibilityVersion = "Xcode 3.2";
			developmentRegion = English;
			hasScannedForEncodings = 0;
			knownRegions = (
				en,
				Base,
			);
			mainGroup = F279296A1E4E520100003915;
			productRefGroup = F27929741E4E520100003915 /* Products */;
			projectDirPath = "";
			projectRoot = "";
			targets = (
				F27929721E4E520100003915 /* ImageSourceTest */,
			);
		};
/* End PBXProject section */

/* Begin PBXResourcesBuildPhase section */
		F27929711E4E520100003915 /* Resources */ = {
			isa = PBXResourcesBuildPhase;
			buildActionMask = 2147483647;
			files = (
				F27929811E4E520100003915 /* LaunchScreen.storyboard in Resources */,
				F279297E1E4E520100003915 /* Assets.xcassets in Resources */,
				F279297C1E4E520100003915 /* Main.storyboard in Resources */,
			);
			runOnlyForDeploymentPostprocessing = 0;
		};
/* End PBXResourcesBuildPhase section */

/* Begin PBXShellScriptBuildPhase section */
		59D85D73B41F237076A6F5F0 /* [CP] Embed Pods Frameworks */ = {
			isa = PBXShellScriptBuildPhase;
			buildActionMask = 2147483647;
			files = (
			);
			inputPaths = (
			);
			name = "[CP] Embed Pods Frameworks";
			outputPaths = (
			);
			runOnlyForDeploymentPostprocessing = 0;
			shellPath = /bin/sh;
			shellScript = "\"${SRCROOT}/Pods/Target Support Files/Pods-ImageSourceTest/Pods-ImageSourceTest-frameworks.sh\"\n";
			showEnvVarsInLog = 0;
		};
		90CEA04C38361C9D16B3A538 /* [CP] Copy Pods Resources */ = {
			isa = PBXShellScriptBuildPhase;
			buildActionMask = 2147483647;
			files = (
			);
			inputPaths = (
			);
			name = "[CP] Copy Pods Resources";
			outputPaths = (
			);
			runOnlyForDeploymentPostprocessing = 0;
			shellPath = /bin/sh;
			shellScript = "\"${SRCROOT}/Pods/Target Support Files/Pods-ImageSourceTest/Pods-ImageSourceTest-resources.sh\"\n";
			showEnvVarsInLog = 0;
		};
		EC0F069292EDAA5958DC9614 /* [CP] Check Pods Manifest.lock */ = {
			isa = PBXShellScriptBuildPhase;
			buildActionMask = 2147483647;
			files = (
			);
			inputPaths = (
			);
			name = "[CP] Check Pods Manifest.lock";
			outputPaths = (
			);
			runOnlyForDeploymentPostprocessing = 0;
			shellPath = /bin/sh;
			shellScript = "diff \"${PODS_ROOT}/../Podfile.lock\" \"${PODS_ROOT}/Manifest.lock\" > /dev/null\nif [ $? != 0 ] ; then\n    # print error to STDERR\n    echo \"error: The sandbox is not in sync with the Podfile.lock. Run 'pod install' or update your CocoaPods installation.\" >&2\n    exit 1\nfi\n";
			showEnvVarsInLog = 0;
		};
/* End PBXShellScriptBuildPhase section */

/* Begin PBXSourcesBuildPhase section */
		F279296F1E4E520100003915 /* Sources */ = {
			isa = PBXSourcesBuildPhase;
			buildActionMask = 2147483647;
			files = (
				F27929791E4E520100003915 /* ViewController.swift in Sources */,
				F27929771E4E520100003915 /* AppDelegate.swift in Sources */,
			);
			runOnlyForDeploymentPostprocessing = 0;
		};
/* End PBXSourcesBuildPhase section */

/* Begin PBXVariantGroup section */
		F279297A1E4E520100003915 /* Main.storyboard */ = {
			isa = PBXVariantGroup;
			children = (
				F279297B1E4E520100003915 /* Base */,
			);
			name = Main.storyboard;
			sourceTree = "<group>";
		};
		F279297F1E4E520100003915 /* LaunchScreen.storyboard */ = {
			isa = PBXVariantGroup;
			children = (
				F27929801E4E520100003915 /* Base */,
			);
			name = LaunchScreen.storyboard;
			sourceTree = "<group>";
		};
/* End PBXVariantGroup section */

/* Begin XCBuildConfiguration section */
		F27929831E4E520100003915 /* Debug */ = {
			isa = XCBuildConfiguration;
			buildSettings = {
				ALWAYS_SEARCH_USER_PATHS = NO;
				CLANG_ANALYZER_NONNULL = YES;
				CLANG_CXX_LANGUAGE_STANDARD = "gnu++0x";
				CLANG_CXX_LIBRARY = "libc++";
				CLANG_ENABLE_MODULES = YES;
				CLANG_ENABLE_OBJC_ARC = YES;
				CLANG_WARN_BOOL_CONVERSION = YES;
				CLANG_WARN_CONSTANT_CONVERSION = YES;
				CLANG_WARN_DIRECT_OBJC_ISA_USAGE = YES_ERROR;
				CLANG_WARN_DOCUMENTATION_COMMENTS = YES;
				CLANG_WARN_EMPTY_BODY = YES;
				CLANG_WARN_ENUM_CONVERSION = YES;
				CLANG_WARN_INFINITE_RECURSION = YES;
				CLANG_WARN_INT_CONVERSION = YES;
				CLANG_WARN_OBJC_ROOT_CLASS = YES_ERROR;
				CLANG_WARN_SUSPICIOUS_MOVE = YES;
				CLANG_WARN_UNREACHABLE_CODE = YES;
				CLANG_WARN__DUPLICATE_METHOD_MATCH = YES;
				"CODE_SIGN_IDENTITY[sdk=iphoneos*]" = "iPhone Developer";
				COPY_PHASE_STRIP = NO;
				DEBUG_INFORMATION_FORMAT = dwarf;
				ENABLE_STRICT_OBJC_MSGSEND = YES;
				ENABLE_TESTABILITY = YES;
				GCC_C_LANGUAGE_STANDARD = gnu99;
				GCC_DYNAMIC_NO_PIC = NO;
				GCC_NO_COMMON_BLOCKS = YES;
				GCC_OPTIMIZATION_LEVEL = 0;
				GCC_PREPROCESSOR_DEFINITIONS = (
					"DEBUG=1",
					"$(inherited)",
				);
				GCC_WARN_64_TO_32_BIT_CONVERSION = YES;
				GCC_WARN_ABOUT_RETURN_TYPE = YES_ERROR;
				GCC_WARN_UNDECLARED_SELECTOR = YES;
				GCC_WARN_UNINITIALIZED_AUTOS = YES_AGGRESSIVE;
				GCC_WARN_UNUSED_FUNCTION = YES;
				GCC_WARN_UNUSED_VARIABLE = YES;
				IPHONEOS_DEPLOYMENT_TARGET = 10.2;
				MTL_ENABLE_DEBUG_INFO = YES;
				ONLY_ACTIVE_ARCH = YES;
				SDKROOT = iphoneos;
				SWIFT_ACTIVE_COMPILATION_CONDITIONS = DEBUG;
				SWIFT_OPTIMIZATION_LEVEL = "-Onone";
			};
			name = Debug;
		};
		F27929841E4E520100003915 /* Release */ = {
			isa = XCBuildConfiguration;
			buildSettings = {
				ALWAYS_SEARCH_USER_PATHS = NO;
				CLANG_ANALYZER_NONNULL = YES;
				CLANG_CXX_LANGUAGE_STANDARD = "gnu++0x";
				CLANG_CXX_LIBRARY = "libc++";
				CLANG_ENABLE_MODULES = YES;
				CLANG_ENABLE_OBJC_ARC = YES;
				CLANG_WARN_BOOL_CONVERSION = YES;
				CLANG_WARN_CONSTANT_CONVERSION = YES;
				CLANG_WARN_DIRECT_OBJC_ISA_USAGE = YES_ERROR;
				CLANG_WARN_DOCUMENTATION_COMMENTS = YES;
				CLANG_WARN_EMPTY_BODY = YES;
				CLANG_WARN_ENUM_CONVERSION = YES;
				CLANG_WARN_INFINITE_RECURSION = YES;
				CLANG_WARN_INT_CONVERSION = YES;
				CLANG_WARN_OBJC_ROOT_CLASS = YES_ERROR;
				CLANG_WARN_SUSPICIOUS_MOVE = YES;
				CLANG_WARN_UNREACHABLE_CODE = YES;
				CLANG_WARN__DUPLICATE_METHOD_MATCH = YES;
				"CODE_SIGN_IDENTITY[sdk=iphoneos*]" = "iPhone Developer";
				COPY_PHASE_STRIP = NO;
				DEBUG_INFORMATION_FORMAT = "dwarf-with-dsym";
				ENABLE_NS_ASSERTIONS = NO;
				ENABLE_STRICT_OBJC_MSGSEND = YES;
				GCC_C_LANGUAGE_STANDARD = gnu99;
				GCC_NO_COMMON_BLOCKS = YES;
				GCC_WARN_64_TO_32_BIT_CONVERSION = YES;
				GCC_WARN_ABOUT_RETURN_TYPE = YES_ERROR;
				GCC_WARN_UNDECLARED_SELECTOR = YES;
				GCC_WARN_UNINITIALIZED_AUTOS = YES_AGGRESSIVE;
				GCC_WARN_UNUSED_FUNCTION = YES;
				GCC_WARN_UNUSED_VARIABLE = YES;
				IPHONEOS_DEPLOYMENT_TARGET = 10.2;
				MTL_ENABLE_DEBUG_INFO = NO;
				SDKROOT = iphoneos;
				SWIFT_OPTIMIZATION_LEVEL = "-Owholemodule";
				VALIDATE_PRODUCT = YES;
			};
			name = Release;
		};
		F27929861E4E520100003915 /* Debug */ = {
			isa = XCBuildConfiguration;
			baseConfigurationReference = 358EFCFD2F0EFB1B036624F5 /* Pods-ImageSourceTest.debug.xcconfig */;
			buildSettings = {
				ASSETCATALOG_COMPILER_APPICON_NAME = AppIcon;
				INFOPLIST_FILE = ImageSourceTest/Info.plist;
				LD_RUNPATH_SEARCH_PATHS = "$(inherited) @executable_path/Frameworks";
				PRODUCT_BUNDLE_IDENTIFIER = ru.seedway.ImageSourceTest;
				PRODUCT_NAME = "$(TARGET_NAME)";
				SWIFT_VERSION = 3.0;
			};
			name = Debug;
		};
		F27929871E4E520100003915 /* Release */ = {
			isa = XCBuildConfiguration;
			baseConfigurationReference = EE8679759B8D40A0DA34622A /* Pods-ImageSourceTest.release.xcconfig */;
			buildSettings = {
				ASSETCATALOG_COMPILER_APPICON_NAME = AppIcon;
				INFOPLIST_FILE = ImageSourceTest/Info.plist;
				LD_RUNPATH_SEARCH_PATHS = "$(inherited) @executable_path/Frameworks";
				PRODUCT_BUNDLE_IDENTIFIER = ru.seedway.ImageSourceTest;
				PRODUCT_NAME = "$(TARGET_NAME)";
				SWIFT_VERSION = 3.0;
			};
			name = Release;
		};
/* End XCBuildConfiguration section */

/* Begin XCConfigurationList section */
		F279296E1E4E520100003915 /* Build configuration list for PBXProject "ImageSourceTest" */ = {
			isa = XCConfigurationList;
			buildConfigurations = (
				F27929831E4E520100003915 /* Debug */,
				F27929841E4E520100003915 /* Release */,
			);
			defaultConfigurationIsVisible = 0;
			defaultConfigurationName = Release;
		};
		F27929851E4E520100003915 /* Build configuration list for PBXNativeTarget "ImageSourceTest" */ = {
			isa = XCConfigurationList;
			buildConfigurations = (
				F27929861E4E520100003915 /* Debug */,
				F27929871E4E520100003915 /* Release */,
			);
			defaultConfigurationIsVisible = 0;
		};
/* End XCConfigurationList section */
	};
	rootObject = F279296B1E4E520100003915 /* Project object */;
}
