// !$*UTF8*$!
{
	archiveVersion = 1;
	classes = {
	};
	objectVersion = 46;
	objects = {

/* Begin PBXBuildFile section */
		251FCEC41D1045FD00970324 /* NavigationController.swift in Sources */ = {isa = PBXBuildFile; fileRef = 251FCEC31D1045FD00970324 /* NavigationController.swift */; };
		253FC2581D0AA495000185B4 /* DeviceOrientationService.swift in Sources */ = {isa = PBXBuildFile; fileRef = 253FC2571D0AA495000185B4 /* DeviceOrientationService.swift */; };
		253FC25A1D0AA8CF000185B4 /* LazyImage.swift in Sources */ = {isa = PBXBuildFile; fileRef = 253FC2591D0AA8CF000185B4 /* LazyImage.swift */; };
		253FC29B1D0AC057000185B4 /* CGAffineTransform+DeviceOrientation.swift in Sources */ = {isa = PBXBuildFile; fileRef = 253FC29A1D0AC057000185B4 /* CGAffineTransform+DeviceOrientation.swift */; };
		253FC29F1D0AE59A000185B4 /* UIImage+LazyImage.swift in Sources */ = {isa = PBXBuildFile; fileRef = 253FC29E1D0AE59A000185B4 /* UIImage+LazyImage.swift */; };
		253FC2A21D0AEE8E000185B4 /* PhotoLibraryLatestPhotoProvider.swift in Sources */ = {isa = PBXBuildFile; fileRef = 253FC2A11D0AEE8E000185B4 /* PhotoLibraryLatestPhotoProvider.swift */; };
		2554CEB91D0421CC009371FB /* AppDelegate.swift in Sources */ = {isa = PBXBuildFile; fileRef = 2554CEB81D0421CC009371FB /* AppDelegate.swift */; };
		2554CEC01D0421CC009371FB /* Assets.xcassets in Resources */ = {isa = PBXBuildFile; fileRef = 2554CEBF1D0421CC009371FB /* Assets.xcassets */; };
		2554CECE1D04243A009371FB /* AVFoundation.framework in Frameworks */ = {isa = PBXBuildFile; fileRef = 2554CECD1D04243A009371FB /* AVFoundation.framework */; };
		25AEA6D11D070EE10037E7BF /* CameraService.swift in Sources */ = {isa = PBXBuildFile; fileRef = 25AEA6D01D070EE10037E7BF /* CameraService.swift */; };
		25AEA6D41D071BC30037E7BF /* BridgingToAvito.swift in Sources */ = {isa = PBXBuildFile; fileRef = 25AEA6D31D071BC30037E7BF /* BridgingToAvito.swift */; };
		25AEA6D61D0806290037E7BF /* ImageResizingService.swift in Sources */ = {isa = PBXBuildFile; fileRef = 25AEA6D51D0806290037E7BF /* ImageResizingService.swift */; };
		25AEA6DD1D084BC70037E7BF /* Photos.framework in Frameworks */ = {isa = PBXBuildFile; fileRef = 25AEA6DC1D084BC70037E7BF /* Photos.framework */; };
		25BF69A41D0DACD2002ECFB3 /* UIImageView+LazyImage.swift in Sources */ = {isa = PBXBuildFile; fileRef = 25BF69A31D0DACD2002ECFB3 /* UIImageView+LazyImage.swift */; };
		3CAFE073805A791558BDAB6B /* PhotoLibraryRouter.swift in Sources */ = {isa = PBXBuildFile; fileRef = 3CAFEA0EDE53DFEEDFB463DC /* PhotoLibraryRouter.swift */; };
		3CAFE0ACE65B12EDFB101D98 /* ImageCroppingViewInput.swift in Sources */ = {isa = PBXBuildFile; fileRef = 3CAFE4B4AE02DEC087B7FB42 /* ImageCroppingViewInput.swift */; };
		3CAFE12AA99A6946FC834ACE /* CameraPhotoImage.swift in Sources */ = {isa = PBXBuildFile; fileRef = 3CAFE8EE5A5D659C5D03E82E /* CameraPhotoImage.swift */; };
		3CAFE13E2DD717CB80B340F8 /* MediaPickerRouterImpl.swift in Sources */ = {isa = PBXBuildFile; fileRef = 3CAFE85EB026391C19004E93 /* MediaPickerRouterImpl.swift */; };
		3CAFE269A190D556BE9152ED /* MediaPickerPresenter.swift in Sources */ = {isa = PBXBuildFile; fileRef = 3CAFEFF2B639891F4ED438BB /* MediaPickerPresenter.swift */; };
		3CAFE2785ABF69F02A994997 /* ImageCroppingInteractor.swift in Sources */ = {isa = PBXBuildFile; fileRef = 3CAFE1F4206341B7BDDC18B6 /* ImageCroppingInteractor.swift */; };
		3CAFE2CEE58612C2CF2052FC /* PhotoLibraryAssemblyImpl.swift in Sources */ = {isa = PBXBuildFile; fileRef = 3CAFE1B261F15564F589329C /* PhotoLibraryAssemblyImpl.swift */; };
		3CAFE322875FD8D19F06A031 /* MediaPickerView.swift in Sources */ = {isa = PBXBuildFile; fileRef = 3CAFECF75068CE224CD7119F /* MediaPickerView.swift */; };
		3CAFE353344D7F1A850A8052 /* MediaPickerViewController.swift in Sources */ = {isa = PBXBuildFile; fileRef = 3CAFE2C4EBF68C44E991287A /* MediaPickerViewController.swift */; };
		3CAFE398643D1DF8F08A925B /* ImageCroppingView.swift in Sources */ = {isa = PBXBuildFile; fileRef = 3CAFE444DB5BFF19AEDFA2FF /* ImageCroppingView.swift */; };
		3CAFE42D51BD3F6F9A2687E6 /* AssemblyFactory.swift in Sources */ = {isa = PBXBuildFile; fileRef = 3CAFE893C73C509B45E04EBF /* AssemblyFactory.swift */; };
		3CAFE42EBE82B5CAE8D55720 /* MediaPickerModuleInputOutput.swift in Sources */ = {isa = PBXBuildFile; fileRef = 3CAFE4F729E4EE33627D484F /* MediaPickerModuleInputOutput.swift */; };
		3CAFE490666158FE695541D0 /* ImageCroppingAssemblyImpl.swift in Sources */ = {isa = PBXBuildFile; fileRef = 3CAFE1A6E7A16EF00802F8AD /* ImageCroppingAssemblyImpl.swift */; };
		3CAFE4D5C2DF44D5AD432B65 /* ImageCroppingPresenter.swift in Sources */ = {isa = PBXBuildFile; fileRef = 3CAFEE56D689AA261E0D4747 /* ImageCroppingPresenter.swift */; };
		3CAFE57CC9652C97B282DFDF /* CameraControlsView.swift in Sources */ = {isa = PBXBuildFile; fileRef = 3CAFEAE12DB41C8034C1A719 /* CameraControlsView.swift */; };
		3CAFE5DC688AD70830F93A13 /* MediaRibbonCell.swift in Sources */ = {isa = PBXBuildFile; fileRef = 3CAFE2B23EFBDBD99D0BBAED /* MediaRibbonCell.swift */; };
		3CAFE5E901963B1A04B0AB81 /* PhotoLibraryModuleInputOutput.swift in Sources */ = {isa = PBXBuildFile; fileRef = 3CAFEE6B698E2FF6FD3DA197 /* PhotoLibraryModuleInputOutput.swift */; };
		3CAFE662A830FC7FB216769B /* MediaPickerRouter.swift in Sources */ = {isa = PBXBuildFile; fileRef = 3CAFEB869DBC84F35F20A5C7 /* MediaPickerRouter.swift */; };
		3CAFE6BCCFBD2E0C6D8D73C5 /* MarshrouteFacade.swift in Sources */ = {isa = PBXBuildFile; fileRef = 3CAFE032B06F4C4DD309FF49 /* MarshrouteFacade.swift */; };
		3CAFE6D4612E31D55E6A84A0 /* ImageCroppingModuleInputOutput.swift in Sources */ = {isa = PBXBuildFile; fileRef = 3CAFE0CFDDA96786AD367A41 /* ImageCroppingModuleInputOutput.swift */; };
		3CAFE724FBED6AA73D388398 /* PhotoLibraryView.swift in Sources */ = {isa = PBXBuildFile; fileRef = 3CAFE4054F36726E1998C9D0 /* PhotoLibraryView.swift */; };
		3CAFE7843E211380C8BA9786 /* PhotoLibraryViewInput.swift in Sources */ = {isa = PBXBuildFile; fileRef = 3CAFE90791C6B1290B040DB9 /* PhotoLibraryViewInput.swift */; };
		3CAFE89C06E1DE2979470F9B /* MediaPickerViewInput.swift in Sources */ = {isa = PBXBuildFile; fileRef = 3CAFEDCD7F6A99D9D43D7985 /* MediaPickerViewInput.swift */; };
		3CAFE8FDEE9301BD01D6273F /* ImageCroppingRouter.swift in Sources */ = {isa = PBXBuildFile; fileRef = 3CAFE8A79132616CDAF38A67 /* ImageCroppingRouter.swift */; };
		3CAFE91561B09A6099B4B785 /* PhotoLibraryRouterImpl.swift in Sources */ = {isa = PBXBuildFile; fileRef = 3CAFE97818272C2CDDDCF57F /* PhotoLibraryRouterImpl.swift */; };
		3CAFE92B63672603304E5115 /* PhotoControlsView.swift in Sources */ = {isa = PBXBuildFile; fileRef = 3CAFE4592BCFFAE70E254002 /* PhotoControlsView.swift */; };
		3CAFE9BF3056C71901CB66DF /* MediaRibbonDataSource.swift in Sources */ = {isa = PBXBuildFile; fileRef = 3CAFE8EF8BC8BA860D437DF0 /* MediaRibbonDataSource.swift */; };
		3CAFEA139A2E43527A03D825 /* PhotoLibraryPresenter.swift in Sources */ = {isa = PBXBuildFile; fileRef = 3CAFE56463A3DC87D9671BB6 /* PhotoLibraryPresenter.swift */; };
		3CAFEA6109B37A9B960E773B /* ImageCroppingViewController.swift in Sources */ = {isa = PBXBuildFile; fileRef = 3CAFED56BA18B46A9E4B2CB4 /* ImageCroppingViewController.swift */; };
		3CAFEAABB3F482293B994992 /* MediaPickerInteractorImpl.swift in Sources */ = {isa = PBXBuildFile; fileRef = 3CAFE054FF6BF6868661E190 /* MediaPickerInteractorImpl.swift */; };
		3CAFEAE6649A1EF45DC0EEB0 /* ImageCroppingAssembly.swift in Sources */ = {isa = PBXBuildFile; fileRef = 3CAFEE6698017ECA2A42B7A4 /* ImageCroppingAssembly.swift */; };
		3CAFEB6B4ACA14924CA36529 /* MediaPickerAssemblyImpl.swift in Sources */ = {isa = PBXBuildFile; fileRef = 3CAFE98EA738DF107CE2483B /* MediaPickerAssemblyImpl.swift */; };
		3CAFEBBDF61FD2E027F63119 /* ImageCroppingInteractorImpl.swift in Sources */ = {isa = PBXBuildFile; fileRef = 3CAFE0D48EFBC0EC51DF3FE6 /* ImageCroppingInteractorImpl.swift */; };
		3CAFEC556606606EE692D8E0 /* PhotoLibraryInteractorImpl.swift in Sources */ = {isa = PBXBuildFile; fileRef = 3CAFE8A205BD798B51E4C332 /* PhotoLibraryInteractorImpl.swift */; };
		3CAFEC9D826F7C88934AC19A /* MediaPickerAssembly.swift in Sources */ = {isa = PBXBuildFile; fileRef = 3CAFE9E84104CADDB89EAFEF /* MediaPickerAssembly.swift */; };
		3CAFED58B0B9F2FD9B35A117 /* PhotoLibraryInteractor.swift in Sources */ = {isa = PBXBuildFile; fileRef = 3CAFED57F6B0BF40BC4C8772 /* PhotoLibraryInteractor.swift */; };
		3CAFEDD34950B8F6131F8C8D /* ImageCroppingRouterImpl.swift in Sources */ = {isa = PBXBuildFile; fileRef = 3CAFEE7EDD1346D65B25062B /* ImageCroppingRouterImpl.swift */; };
		3CAFEE6DA015385C0177799F /* PhotoLibraryAssetImage.swift in Sources */ = {isa = PBXBuildFile; fileRef = 3CAFE4D8EC2E453BAE654E9E /* PhotoLibraryAssetImage.swift */; };
		3CAFEE7E1C4A2B53DCAECF17 /* PhotoLibraryAssembly.swift in Sources */ = {isa = PBXBuildFile; fileRef = 3CAFE3B5329150C95659EB1A /* PhotoLibraryAssembly.swift */; };
		3CAFEE875FF09717548AD2EF /* MediaRibbonLayout.swift in Sources */ = {isa = PBXBuildFile; fileRef = 3CAFE6BAEBAF106E819173EA /* MediaRibbonLayout.swift */; };
		3CAFEEAC0FC5FB88C348C19D /* PhotoLibraryViewController.swift in Sources */ = {isa = PBXBuildFile; fileRef = 3CAFEAB615488A37E2F49B42 /* PhotoLibraryViewController.swift */; };
		3CAFEFAD78734D2F41D1CB63 /* MediaPickerInteractor.swift in Sources */ = {isa = PBXBuildFile; fileRef = 3CAFE32325C06236691C7E09 /* MediaPickerInteractor.swift */; };
		BD44C2A29274452087648D97 /* Pods_AvitoMediaPicker.framework in Frameworks */ = {isa = PBXBuildFile; fileRef = DF63B5B765CCF907822DEAEF /* Pods_AvitoMediaPicker.framework */; };
/* End PBXBuildFile section */

/* Begin PBXFileReference section */
		251FCEC31D1045FD00970324 /* NavigationController.swift */ = {isa = PBXFileReference; fileEncoding = 4; lastKnownFileType = sourcecode.swift; path = NavigationController.swift; sourceTree = "<group>"; };
		253FC2571D0AA495000185B4 /* DeviceOrientationService.swift */ = {isa = PBXFileReference; fileEncoding = 4; lastKnownFileType = sourcecode.swift; name = DeviceOrientationService.swift; path = Services/DeviceOrientationService.swift; sourceTree = "<group>"; };
		253FC2591D0AA8CF000185B4 /* LazyImage.swift */ = {isa = PBXFileReference; fileEncoding = 4; lastKnownFileType = sourcecode.swift; path = LazyImage.swift; sourceTree = "<group>"; };
		253FC29A1D0AC057000185B4 /* CGAffineTransform+DeviceOrientation.swift */ = {isa = PBXFileReference; fileEncoding = 4; lastKnownFileType = sourcecode.swift; name = "CGAffineTransform+DeviceOrientation.swift"; path = "Extensions/CGAffineTransform+DeviceOrientation.swift"; sourceTree = "<group>"; };
		253FC29E1D0AE59A000185B4 /* UIImage+LazyImage.swift */ = {isa = PBXFileReference; fileEncoding = 4; lastKnownFileType = sourcecode.swift; name = "UIImage+LazyImage.swift"; path = "Extensions/UIImage+LazyImage.swift"; sourceTree = "<group>"; };
		253FC2A11D0AEE8E000185B4 /* PhotoLibraryLatestPhotoProvider.swift */ = {isa = PBXFileReference; fileEncoding = 4; lastKnownFileType = sourcecode.swift; name = PhotoLibraryLatestPhotoProvider.swift; path = Services/PhotoLibrary/PhotoLibraryLatestPhotoProvider.swift; sourceTree = "<group>"; };
		2554CEB51D0421CC009371FB /* AvitoMediaPicker.app */ = {isa = PBXFileReference; explicitFileType = wrapper.application; includeInIndex = 0; path = AvitoMediaPicker.app; sourceTree = BUILT_PRODUCTS_DIR; };
		2554CEB81D0421CC009371FB /* AppDelegate.swift */ = {isa = PBXFileReference; lastKnownFileType = sourcecode.swift; path = AppDelegate.swift; sourceTree = "<group>"; };
		2554CEBF1D0421CC009371FB /* Assets.xcassets */ = {isa = PBXFileReference; lastKnownFileType = folder.assetcatalog; path = Assets.xcassets; sourceTree = "<group>"; };
		2554CEC41D0421CC009371FB /* Info.plist */ = {isa = PBXFileReference; lastKnownFileType = text.plist.xml; path = Info.plist; sourceTree = "<group>"; };
		2554CECD1D04243A009371FB /* AVFoundation.framework */ = {isa = PBXFileReference; lastKnownFileType = wrapper.framework; name = AVFoundation.framework; path = System/Library/Frameworks/AVFoundation.framework; sourceTree = SDKROOT; };
		25AEA6D01D070EE10037E7BF /* CameraService.swift */ = {isa = PBXFileReference; fileEncoding = 4; lastKnownFileType = sourcecode.swift; name = CameraService.swift; path = Services/CameraService.swift; sourceTree = "<group>"; };
		25AEA6D31D071BC30037E7BF /* BridgingToAvito.swift */ = {isa = PBXFileReference; fileEncoding = 4; lastKnownFileType = sourcecode.swift; path = BridgingToAvito.swift; sourceTree = "<group>"; };
		25AEA6D51D0806290037E7BF /* ImageResizingService.swift */ = {isa = PBXFileReference; fileEncoding = 4; lastKnownFileType = sourcecode.swift; name = ImageResizingService.swift; path = Services/ImageResizingService.swift; sourceTree = "<group>"; };
		25AEA6DC1D084BC70037E7BF /* Photos.framework */ = {isa = PBXFileReference; lastKnownFileType = wrapper.framework; name = Photos.framework; path = System/Library/Frameworks/Photos.framework; sourceTree = SDKROOT; };
		25BF69A31D0DACD2002ECFB3 /* UIImageView+LazyImage.swift */ = {isa = PBXFileReference; fileEncoding = 4; lastKnownFileType = sourcecode.swift; name = "UIImageView+LazyImage.swift"; path = "Extensions/UIImageView+LazyImage.swift"; sourceTree = "<group>"; };
		3CAFE032B06F4C4DD309FF49 /* MarshrouteFacade.swift */ = {isa = PBXFileReference; fileEncoding = 4; lastKnownFileType = sourcecode.swift; path = MarshrouteFacade.swift; sourceTree = "<group>"; };
		3CAFE054FF6BF6868661E190 /* MediaPickerInteractorImpl.swift */ = {isa = PBXFileReference; fileEncoding = 4; lastKnownFileType = sourcecode.swift; path = MediaPickerInteractorImpl.swift; sourceTree = "<group>"; };
		3CAFE0CFDDA96786AD367A41 /* ImageCroppingModuleInputOutput.swift */ = {isa = PBXFileReference; fileEncoding = 4; lastKnownFileType = sourcecode.swift; path = ImageCroppingModuleInputOutput.swift; sourceTree = "<group>"; };
		3CAFE0D48EFBC0EC51DF3FE6 /* ImageCroppingInteractorImpl.swift */ = {isa = PBXFileReference; fileEncoding = 4; lastKnownFileType = sourcecode.swift; path = ImageCroppingInteractorImpl.swift; sourceTree = "<group>"; };
		3CAFE1A6E7A16EF00802F8AD /* ImageCroppingAssemblyImpl.swift */ = {isa = PBXFileReference; fileEncoding = 4; lastKnownFileType = sourcecode.swift; path = ImageCroppingAssemblyImpl.swift; sourceTree = "<group>"; };
		3CAFE1B261F15564F589329C /* PhotoLibraryAssemblyImpl.swift */ = {isa = PBXFileReference; fileEncoding = 4; lastKnownFileType = sourcecode.swift; path = PhotoLibraryAssemblyImpl.swift; sourceTree = "<group>"; };
		3CAFE1F4206341B7BDDC18B6 /* ImageCroppingInteractor.swift */ = {isa = PBXFileReference; fileEncoding = 4; lastKnownFileType = sourcecode.swift; path = ImageCroppingInteractor.swift; sourceTree = "<group>"; };
		3CAFE2B23EFBDBD99D0BBAED /* MediaRibbonCell.swift */ = {isa = PBXFileReference; fileEncoding = 4; lastKnownFileType = sourcecode.swift; path = MediaRibbonCell.swift; sourceTree = "<group>"; };
		3CAFE2C4EBF68C44E991287A /* MediaPickerViewController.swift */ = {isa = PBXFileReference; fileEncoding = 4; lastKnownFileType = sourcecode.swift; path = MediaPickerViewController.swift; sourceTree = "<group>"; };
		3CAFE32325C06236691C7E09 /* MediaPickerInteractor.swift */ = {isa = PBXFileReference; fileEncoding = 4; lastKnownFileType = sourcecode.swift; path = MediaPickerInteractor.swift; sourceTree = "<group>"; };
		3CAFE3B5329150C95659EB1A /* PhotoLibraryAssembly.swift */ = {isa = PBXFileReference; fileEncoding = 4; lastKnownFileType = sourcecode.swift; path = PhotoLibraryAssembly.swift; sourceTree = "<group>"; };
		3CAFE4054F36726E1998C9D0 /* PhotoLibraryView.swift */ = {isa = PBXFileReference; fileEncoding = 4; lastKnownFileType = sourcecode.swift; path = PhotoLibraryView.swift; sourceTree = "<group>"; };
		3CAFE444DB5BFF19AEDFA2FF /* ImageCroppingView.swift */ = {isa = PBXFileReference; fileEncoding = 4; lastKnownFileType = sourcecode.swift; path = ImageCroppingView.swift; sourceTree = "<group>"; };
		3CAFE4592BCFFAE70E254002 /* PhotoControlsView.swift */ = {isa = PBXFileReference; fileEncoding = 4; lastKnownFileType = sourcecode.swift; path = PhotoControlsView.swift; sourceTree = "<group>"; };
		3CAFE4B4AE02DEC087B7FB42 /* ImageCroppingViewInput.swift */ = {isa = PBXFileReference; fileEncoding = 4; lastKnownFileType = sourcecode.swift; path = ImageCroppingViewInput.swift; sourceTree = "<group>"; };
		3CAFE4D8EC2E453BAE654E9E /* PhotoLibraryAssetImage.swift */ = {isa = PBXFileReference; fileEncoding = 4; lastKnownFileType = sourcecode.swift; path = PhotoLibraryAssetImage.swift; sourceTree = "<group>"; };
		3CAFE4F729E4EE33627D484F /* MediaPickerModuleInputOutput.swift */ = {isa = PBXFileReference; fileEncoding = 4; lastKnownFileType = sourcecode.swift; path = MediaPickerModuleInputOutput.swift; sourceTree = "<group>"; };
		3CAFE56463A3DC87D9671BB6 /* PhotoLibraryPresenter.swift */ = {isa = PBXFileReference; fileEncoding = 4; lastKnownFileType = sourcecode.swift; path = PhotoLibraryPresenter.swift; sourceTree = "<group>"; };
		3CAFE6BAEBAF106E819173EA /* MediaRibbonLayout.swift */ = {isa = PBXFileReference; fileEncoding = 4; lastKnownFileType = sourcecode.swift; path = MediaRibbonLayout.swift; sourceTree = "<group>"; };
		3CAFE85EB026391C19004E93 /* MediaPickerRouterImpl.swift */ = {isa = PBXFileReference; fileEncoding = 4; lastKnownFileType = sourcecode.swift; path = MediaPickerRouterImpl.swift; sourceTree = "<group>"; };
		3CAFE893C73C509B45E04EBF /* AssemblyFactory.swift */ = {isa = PBXFileReference; fileEncoding = 4; lastKnownFileType = sourcecode.swift; path = AssemblyFactory.swift; sourceTree = "<group>"; };
		3CAFE8A205BD798B51E4C332 /* PhotoLibraryInteractorImpl.swift */ = {isa = PBXFileReference; fileEncoding = 4; lastKnownFileType = sourcecode.swift; path = PhotoLibraryInteractorImpl.swift; sourceTree = "<group>"; };
		3CAFE8A79132616CDAF38A67 /* ImageCroppingRouter.swift */ = {isa = PBXFileReference; fileEncoding = 4; lastKnownFileType = sourcecode.swift; path = ImageCroppingRouter.swift; sourceTree = "<group>"; };
		3CAFE8EE5A5D659C5D03E82E /* CameraPhotoImage.swift */ = {isa = PBXFileReference; fileEncoding = 4; lastKnownFileType = sourcecode.swift; path = CameraPhotoImage.swift; sourceTree = "<group>"; };
		3CAFE8EF8BC8BA860D437DF0 /* MediaRibbonDataSource.swift */ = {isa = PBXFileReference; fileEncoding = 4; lastKnownFileType = sourcecode.swift; path = MediaRibbonDataSource.swift; sourceTree = "<group>"; };
		3CAFE90791C6B1290B040DB9 /* PhotoLibraryViewInput.swift */ = {isa = PBXFileReference; fileEncoding = 4; lastKnownFileType = sourcecode.swift; path = PhotoLibraryViewInput.swift; sourceTree = "<group>"; };
		3CAFE97818272C2CDDDCF57F /* PhotoLibraryRouterImpl.swift */ = {isa = PBXFileReference; fileEncoding = 4; lastKnownFileType = sourcecode.swift; path = PhotoLibraryRouterImpl.swift; sourceTree = "<group>"; };
		3CAFE98EA738DF107CE2483B /* MediaPickerAssemblyImpl.swift */ = {isa = PBXFileReference; fileEncoding = 4; lastKnownFileType = sourcecode.swift; path = MediaPickerAssemblyImpl.swift; sourceTree = "<group>"; };
		3CAFE9E84104CADDB89EAFEF /* MediaPickerAssembly.swift */ = {isa = PBXFileReference; fileEncoding = 4; lastKnownFileType = sourcecode.swift; path = MediaPickerAssembly.swift; sourceTree = "<group>"; };
		3CAFEA0EDE53DFEEDFB463DC /* PhotoLibraryRouter.swift */ = {isa = PBXFileReference; fileEncoding = 4; lastKnownFileType = sourcecode.swift; path = PhotoLibraryRouter.swift; sourceTree = "<group>"; };
		3CAFEAB615488A37E2F49B42 /* PhotoLibraryViewController.swift */ = {isa = PBXFileReference; fileEncoding = 4; lastKnownFileType = sourcecode.swift; path = PhotoLibraryViewController.swift; sourceTree = "<group>"; };
		3CAFEAE12DB41C8034C1A719 /* CameraControlsView.swift */ = {isa = PBXFileReference; fileEncoding = 4; lastKnownFileType = sourcecode.swift; path = CameraControlsView.swift; sourceTree = "<group>"; };
		3CAFEB869DBC84F35F20A5C7 /* MediaPickerRouter.swift */ = {isa = PBXFileReference; fileEncoding = 4; lastKnownFileType = sourcecode.swift; path = MediaPickerRouter.swift; sourceTree = "<group>"; };
		3CAFECF75068CE224CD7119F /* MediaPickerView.swift */ = {isa = PBXFileReference; fileEncoding = 4; lastKnownFileType = sourcecode.swift; path = MediaPickerView.swift; sourceTree = "<group>"; };
		3CAFED56BA18B46A9E4B2CB4 /* ImageCroppingViewController.swift */ = {isa = PBXFileReference; fileEncoding = 4; lastKnownFileType = sourcecode.swift; path = ImageCroppingViewController.swift; sourceTree = "<group>"; };
		3CAFED57F6B0BF40BC4C8772 /* PhotoLibraryInteractor.swift */ = {isa = PBXFileReference; fileEncoding = 4; lastKnownFileType = sourcecode.swift; path = PhotoLibraryInteractor.swift; sourceTree = "<group>"; };
		3CAFEDCD7F6A99D9D43D7985 /* MediaPickerViewInput.swift */ = {isa = PBXFileReference; fileEncoding = 4; lastKnownFileType = sourcecode.swift; path = MediaPickerViewInput.swift; sourceTree = "<group>"; };
		3CAFEE56D689AA261E0D4747 /* ImageCroppingPresenter.swift */ = {isa = PBXFileReference; fileEncoding = 4; lastKnownFileType = sourcecode.swift; path = ImageCroppingPresenter.swift; sourceTree = "<group>"; };
		3CAFEE6698017ECA2A42B7A4 /* ImageCroppingAssembly.swift */ = {isa = PBXFileReference; fileEncoding = 4; lastKnownFileType = sourcecode.swift; path = ImageCroppingAssembly.swift; sourceTree = "<group>"; };
		3CAFEE6B698E2FF6FD3DA197 /* PhotoLibraryModuleInputOutput.swift */ = {isa = PBXFileReference; fileEncoding = 4; lastKnownFileType = sourcecode.swift; path = PhotoLibraryModuleInputOutput.swift; sourceTree = "<group>"; };
		3CAFEE7EDD1346D65B25062B /* ImageCroppingRouterImpl.swift */ = {isa = PBXFileReference; fileEncoding = 4; lastKnownFileType = sourcecode.swift; path = ImageCroppingRouterImpl.swift; sourceTree = "<group>"; };
		3CAFEFF2B639891F4ED438BB /* MediaPickerPresenter.swift */ = {isa = PBXFileReference; fileEncoding = 4; lastKnownFileType = sourcecode.swift; path = MediaPickerPresenter.swift; sourceTree = "<group>"; };
		AD70B1A17A3D9606448873FA /* Pods-AvitoMediaPicker.debug.xcconfig */ = {isa = PBXFileReference; includeInIndex = 1; lastKnownFileType = text.xcconfig; name = "Pods-AvitoMediaPicker.debug.xcconfig"; path = "Pods/Target Support Files/Pods-AvitoMediaPicker/Pods-AvitoMediaPicker.debug.xcconfig"; sourceTree = "<group>"; };
		DF63B5B765CCF907822DEAEF /* Pods_AvitoMediaPicker.framework */ = {isa = PBXFileReference; explicitFileType = wrapper.framework; includeInIndex = 0; path = Pods_AvitoMediaPicker.framework; sourceTree = BUILT_PRODUCTS_DIR; };
		EE1C2DE176DF364440E83004 /* Pods-AvitoMediaPicker.release.xcconfig */ = {isa = PBXFileReference; includeInIndex = 1; lastKnownFileType = text.xcconfig; name = "Pods-AvitoMediaPicker.release.xcconfig"; path = "Pods/Target Support Files/Pods-AvitoMediaPicker/Pods-AvitoMediaPicker.release.xcconfig"; sourceTree = "<group>"; };
/* End PBXFileReference section */

/* Begin PBXFrameworksBuildPhase section */
		2554CEB21D0421CC009371FB /* Frameworks */ = {
			isa = PBXFrameworksBuildPhase;
			buildActionMask = 2147483647;
			files = (
				25AEA6DD1D084BC70037E7BF /* Photos.framework in Frameworks */,
				2554CECE1D04243A009371FB /* AVFoundation.framework in Frameworks */,
				BD44C2A29274452087648D97 /* Pods_AvitoMediaPicker.framework in Frameworks */,
			);
			runOnlyForDeploymentPostprocessing = 0;
		};
/* End PBXFrameworksBuildPhase section */

/* Begin PBXGroup section */
		253FC2991D0AC027000185B4 /* Extensions */ = {
			isa = PBXGroup;
			children = (
				253FC29A1D0AC057000185B4 /* CGAffineTransform+DeviceOrientation.swift */,
				253FC29E1D0AE59A000185B4 /* UIImage+LazyImage.swift */,
				25BF69A31D0DACD2002ECFB3 /* UIImageView+LazyImage.swift */,
			);
			name = Extensions;
			sourceTree = "<group>";
		};
		253FC2A01D0AEE6A000185B4 /* PhotoLibrary */ = {
			isa = PBXGroup;
			children = (
				253FC2A11D0AEE8E000185B4 /* PhotoLibraryLatestPhotoProvider.swift */,
				3CAFE4D8EC2E453BAE654E9E /* PhotoLibraryAssetImage.swift */,
			);
			name = PhotoLibrary;
			sourceTree = "<group>";
		};
		2554CEAC1D0421CC009371FB = {
			isa = PBXGroup;
			children = (
				2554CEB71D0421CC009371FB /* AvitoMediaPicker */,
				2554CEB61D0421CC009371FB /* Products */,
				8C54012FAA260E0844532C4B /* Pods */,
				7823F5CE36495ED8D3C892A2 /* Frameworks */,
			);
			sourceTree = "<group>";
		};
		2554CEB61D0421CC009371FB /* Products */ = {
			isa = PBXGroup;
			children = (
				2554CEB51D0421CC009371FB /* AvitoMediaPicker.app */,
			);
			name = Products;
			sourceTree = "<group>";
		};
		2554CEB71D0421CC009371FB /* AvitoMediaPicker */ = {
			isa = PBXGroup;
			children = (
				253FC2991D0AC027000185B4 /* Extensions */,
				3CAFEAFF8F9B9969A28E5AFB /* MarshrouteHelpers */,
				25AEA6CB1D070ACC0037E7BF /* Services */,
				3CAFE948024F3E5857150049 /* VIPER */,
				2554CEB81D0421CC009371FB /* AppDelegate.swift */,
				25AEA6D31D071BC30037E7BF /* BridgingToAvito.swift */,
				253FC2591D0AA8CF000185B4 /* LazyImage.swift */,
				251FCEC31D1045FD00970324 /* NavigationController.swift */,
				2554CEBF1D0421CC009371FB /* Assets.xcassets */,
				2554CEC41D0421CC009371FB /* Info.plist */,
			);
			path = AvitoMediaPicker;
			sourceTree = "<group>";
		};
		25AEA6CB1D070ACC0037E7BF /* Services */ = {
			isa = PBXGroup;
			children = (
				253FC2A01D0AEE6A000185B4 /* PhotoLibrary */,
				25AEA6D01D070EE10037E7BF /* CameraService.swift */,
				25AEA6D51D0806290037E7BF /* ImageResizingService.swift */,
				253FC2571D0AA495000185B4 /* DeviceOrientationService.swift */,
			);
			name = Services;
			sourceTree = "<group>";
		};
		3CAFE1C89E46D1D626B17526 /* Presenter */ = {
			isa = PBXGroup;
			children = (
				3CAFE56463A3DC87D9671BB6 /* PhotoLibraryPresenter.swift */,
			);
			path = Presenter;
			sourceTree = "<group>";
		};
		3CAFE3530FFA6E71DA663146 /* View */ = {
			isa = PBXGroup;
			children = (
				3CAFE4054F36726E1998C9D0 /* PhotoLibraryView.swift */,
				3CAFEAB615488A37E2F49B42 /* PhotoLibraryViewController.swift */,
				3CAFE90791C6B1290B040DB9 /* PhotoLibraryViewInput.swift */,
			);
			path = View;
			sourceTree = "<group>";
		};
		3CAFE5248D7589BD4F9692E7 /* Presenter */ = {
			isa = PBXGroup;
			children = (
				3CAFEE56D689AA261E0D4747 /* ImageCroppingPresenter.swift */,
			);
			path = Presenter;
			sourceTree = "<group>";
		};
		3CAFE5252E181ACA2AD6A675 /* View */ = {
			isa = PBXGroup;
			children = (
				3CAFEDCD7F6A99D9D43D7985 /* MediaPickerViewInput.swift */,
				3CAFE2C4EBF68C44E991287A /* MediaPickerViewController.swift */,
				3CAFECF75068CE224CD7119F /* MediaPickerView.swift */,
				3CAFEAE12DB41C8034C1A719 /* CameraControlsView.swift */,
				3CAFE4592BCFFAE70E254002 /* PhotoControlsView.swift */,
				3CAFE6BAEBAF106E819173EA /* MediaRibbonLayout.swift */,
				3CAFE2B23EFBDBD99D0BBAED /* MediaRibbonCell.swift */,
				3CAFE8EF8BC8BA860D437DF0 /* MediaRibbonDataSource.swift */,
			);
			path = View;
			sourceTree = "<group>";
		};
		3CAFE5C155F8144ADB330B30 /* Assembly */ = {
			isa = PBXGroup;
			children = (
				3CAFEE6698017ECA2A42B7A4 /* ImageCroppingAssembly.swift */,
				3CAFE1A6E7A16EF00802F8AD /* ImageCroppingAssemblyImpl.swift */,
			);
			path = Assembly;
			sourceTree = "<group>";
		};
		3CAFE6B1A9623BD4F1F17FE5 /* Presenter */ = {
			isa = PBXGroup;
			children = (
				3CAFEFF2B639891F4ED438BB /* MediaPickerPresenter.swift */,
			);
			path = Presenter;
			sourceTree = "<group>";
		};
		3CAFE6C25A8177527DAD72CB /* Module */ = {
			isa = PBXGroup;
			children = (
				3CAFEE6B698E2FF6FD3DA197 /* PhotoLibraryModuleInputOutput.swift */,
			);
			path = Module;
			sourceTree = "<group>";
		};
		3CAFE7CCF3EBDFD5063CDFC3 /* Assembly */ = {
			isa = PBXGroup;
			children = (
				3CAFE9E84104CADDB89EAFEF /* MediaPickerAssembly.swift */,
				3CAFE98EA738DF107CE2483B /* MediaPickerAssemblyImpl.swift */,
			);
			path = Assembly;
			sourceTree = "<group>";
		};
		3CAFE7F6188BC2FEA17F45AF /* PhotoLibrary */ = {
			isa = PBXGroup;
			children = (
				3CAFEBC33BE9DD94AF5E2B8D /* Assembly */,
				3CAFECA0CBF42C7B1DB4DED5 /* Interactor */,
				3CAFE6C25A8177527DAD72CB /* Module */,
				3CAFE1C89E46D1D626B17526 /* Presenter */,
				3CAFEDDF4DB1EA4B7C5278F4 /* Router */,
				3CAFE3530FFA6E71DA663146 /* View */,
			);
			path = PhotoLibrary;
			sourceTree = "<group>";
		};
		3CAFE948024F3E5857150049 /* VIPER */ = {
			isa = PBXGroup;
			children = (
				3CAFEED4449B6170027B8E25 /* MediaPicker */,
				3CAFE7F6188BC2FEA17F45AF /* PhotoLibrary */,
				3CAFEC821139B4CBF9AEA1B2 /* ImageCropping */,
				3CAFE893C73C509B45E04EBF /* AssemblyFactory.swift */,
			);
			path = VIPER;
			sourceTree = "<group>";
		};
		3CAFE980554F69FF02DFA5A6 /* Module */ = {
			isa = PBXGroup;
			children = (
				3CAFE0CFDDA96786AD367A41 /* ImageCroppingModuleInputOutput.swift */,
			);
			path = Module;
			sourceTree = "<group>";
		};
		3CAFE9A8045697BF5406CBFE /* Interactor */ = {
			isa = PBXGroup;
			children = (
				3CAFE32325C06236691C7E09 /* MediaPickerInteractor.swift */,
				3CAFE054FF6BF6868661E190 /* MediaPickerInteractorImpl.swift */,
				3CAFE8EE5A5D659C5D03E82E /* CameraPhotoImage.swift */,
			);
			path = Interactor;
			sourceTree = "<group>";
		};
		3CAFEAA1C8525897B56067BA /* Router */ = {
			isa = PBXGroup;
			children = (
				3CAFEB869DBC84F35F20A5C7 /* MediaPickerRouter.swift */,
				3CAFE85EB026391C19004E93 /* MediaPickerRouterImpl.swift */,
			);
			path = Router;
			sourceTree = "<group>";
		};
		3CAFEAD41C945293CD7E9197 /* View */ = {
			isa = PBXGroup;
			children = (
				3CAFE444DB5BFF19AEDFA2FF /* ImageCroppingView.swift */,
				3CAFED56BA18B46A9E4B2CB4 /* ImageCroppingViewController.swift */,
				3CAFE4B4AE02DEC087B7FB42 /* ImageCroppingViewInput.swift */,
			);
			path = View;
			sourceTree = "<group>";
		};
		3CAFEAFF8F9B9969A28E5AFB /* MarshrouteHelpers */ = {
			isa = PBXGroup;
			children = (
				3CAFE032B06F4C4DD309FF49 /* MarshrouteFacade.swift */,
			);
			path = MarshrouteHelpers;
			sourceTree = "<group>";
		};
		3CAFEBC33BE9DD94AF5E2B8D /* Assembly */ = {
			isa = PBXGroup;
			children = (
				3CAFE3B5329150C95659EB1A /* PhotoLibraryAssembly.swift */,
				3CAFE1B261F15564F589329C /* PhotoLibraryAssemblyImpl.swift */,
			);
			path = Assembly;
			sourceTree = "<group>";
		};
		3CAFEC38FA14FA60CA5C0F41 /* Module */ = {
			isa = PBXGroup;
			children = (
				3CAFE4F729E4EE33627D484F /* MediaPickerModuleInputOutput.swift */,
			);
			path = Module;
			sourceTree = "<group>";
		};
		3CAFEC821139B4CBF9AEA1B2 /* ImageCropping */ = {
			isa = PBXGroup;
			children = (
				3CAFE5C155F8144ADB330B30 /* Assembly */,
				3CAFEF75C834ECC7D55D3737 /* Interactor */,
				3CAFE980554F69FF02DFA5A6 /* Module */,
				3CAFE5248D7589BD4F9692E7 /* Presenter */,
				3CAFECBCA22A8EC02717B184 /* Router */,
				3CAFEAD41C945293CD7E9197 /* View */,
			);
			path = ImageCropping;
			sourceTree = "<group>";
		};
		3CAFECA0CBF42C7B1DB4DED5 /* Interactor */ = {
			isa = PBXGroup;
			children = (
				3CAFED57F6B0BF40BC4C8772 /* PhotoLibraryInteractor.swift */,
				3CAFE8A205BD798B51E4C332 /* PhotoLibraryInteractorImpl.swift */,
			);
			path = Interactor;
			sourceTree = "<group>";
		};
		3CAFECBCA22A8EC02717B184 /* Router */ = {
			isa = PBXGroup;
			children = (
				3CAFE8A79132616CDAF38A67 /* ImageCroppingRouter.swift */,
				3CAFEE7EDD1346D65B25062B /* ImageCroppingRouterImpl.swift */,
			);
			path = Router;
			sourceTree = "<group>";
		};
		3CAFEDDF4DB1EA4B7C5278F4 /* Router */ = {
			isa = PBXGroup;
			children = (
				3CAFEA0EDE53DFEEDFB463DC /* PhotoLibraryRouter.swift */,
				3CAFE97818272C2CDDDCF57F /* PhotoLibraryRouterImpl.swift */,
			);
			path = Router;
			sourceTree = "<group>";
		};
		3CAFEED4449B6170027B8E25 /* MediaPicker */ = {
			isa = PBXGroup;
			children = (
				3CAFE7CCF3EBDFD5063CDFC3 /* Assembly */,
				3CAFE9A8045697BF5406CBFE /* Interactor */,
				3CAFEC38FA14FA60CA5C0F41 /* Module */,
				3CAFE6B1A9623BD4F1F17FE5 /* Presenter */,
				3CAFEAA1C8525897B56067BA /* Router */,
				3CAFE5252E181ACA2AD6A675 /* View */,
			);
			path = MediaPicker;
			sourceTree = "<group>";
		};
		3CAFEF75C834ECC7D55D3737 /* Interactor */ = {
			isa = PBXGroup;
			children = (
				3CAFE1F4206341B7BDDC18B6 /* ImageCroppingInteractor.swift */,
				3CAFE0D48EFBC0EC51DF3FE6 /* ImageCroppingInteractorImpl.swift */,
			);
			path = Interactor;
			sourceTree = "<group>";
		};
		7823F5CE36495ED8D3C892A2 /* Frameworks */ = {
			isa = PBXGroup;
			children = (
				25AEA6DC1D084BC70037E7BF /* Photos.framework */,
				2554CECD1D04243A009371FB /* AVFoundation.framework */,
				DF63B5B765CCF907822DEAEF /* Pods_AvitoMediaPicker.framework */,
			);
			name = Frameworks;
			sourceTree = "<group>";
		};
		8C54012FAA260E0844532C4B /* Pods */ = {
			isa = PBXGroup;
			children = (
				AD70B1A17A3D9606448873FA /* Pods-AvitoMediaPicker.debug.xcconfig */,
				EE1C2DE176DF364440E83004 /* Pods-AvitoMediaPicker.release.xcconfig */,
			);
			name = Pods;
			sourceTree = "<group>";
		};
/* End PBXGroup section */

/* Begin PBXNativeTarget section */
		2554CEB41D0421CC009371FB /* AvitoMediaPicker */ = {
			isa = PBXNativeTarget;
			buildConfigurationList = 2554CEC71D0421CC009371FB /* Build configuration list for PBXNativeTarget "AvitoMediaPicker" */;
			buildPhases = (
				86A1DA66F5C1A9CB6805F5CC /* Check Pods Manifest.lock */,
				2554CEB11D0421CC009371FB /* Sources */,
				2554CEB21D0421CC009371FB /* Frameworks */,
				2554CEB31D0421CC009371FB /* Resources */,
				17E132F3CD565572B4BC2516 /* Embed Pods Frameworks */,
				565CCF664619F33AAE0E3E02 /* Copy Pods Resources */,
			);
			buildRules = (
			);
			dependencies = (
			);
			name = AvitoMediaPicker;
			productName = AvitoMediaPicker;
			productReference = 2554CEB51D0421CC009371FB /* AvitoMediaPicker.app */;
			productType = "com.apple.product-type.application";
		};
/* End PBXNativeTarget section */

/* Begin PBXProject section */
		2554CEAD1D0421CC009371FB /* Project object */ = {
			isa = PBXProject;
			attributes = {
				LastSwiftUpdateCheck = 0730;
				LastUpgradeCheck = 0730;
				ORGANIZATIONNAME = Avito;
				TargetAttributes = {
					2554CEB41D0421CC009371FB = {
						CreatedOnToolsVersion = 7.3.1;
						DevelopmentTeam = 5PHGGKL9UQ;
					};
				};
			};
			buildConfigurationList = 2554CEB01D0421CC009371FB /* Build configuration list for PBXProject "AvitoMediaPicker" */;
			compatibilityVersion = "Xcode 3.2";
			developmentRegion = English;
			hasScannedForEncodings = 0;
			knownRegions = (
				en,
				Base,
			);
			mainGroup = 2554CEAC1D0421CC009371FB;
			productRefGroup = 2554CEB61D0421CC009371FB /* Products */;
			projectDirPath = "";
			projectRoot = "";
			targets = (
				2554CEB41D0421CC009371FB /* AvitoMediaPicker */,
			);
		};
/* End PBXProject section */

/* Begin PBXResourcesBuildPhase section */
		2554CEB31D0421CC009371FB /* Resources */ = {
			isa = PBXResourcesBuildPhase;
			buildActionMask = 2147483647;
			files = (
				2554CEC01D0421CC009371FB /* Assets.xcassets in Resources */,
			);
			runOnlyForDeploymentPostprocessing = 0;
		};
/* End PBXResourcesBuildPhase section */

/* Begin PBXShellScriptBuildPhase section */
		17E132F3CD565572B4BC2516 /* Embed Pods Frameworks */ = {
			isa = PBXShellScriptBuildPhase;
			buildActionMask = 2147483647;
			files = (
			);
			inputPaths = (
			);
			name = "Embed Pods Frameworks";
			outputPaths = (
			);
			runOnlyForDeploymentPostprocessing = 0;
			shellPath = /bin/sh;
			shellScript = "\"${SRCROOT}/Pods/Target Support Files/Pods-AvitoMediaPicker/Pods-AvitoMediaPicker-frameworks.sh\"\n";
			showEnvVarsInLog = 0;
		};
		565CCF664619F33AAE0E3E02 /* Copy Pods Resources */ = {
			isa = PBXShellScriptBuildPhase;
			buildActionMask = 2147483647;
			files = (
			);
			inputPaths = (
			);
			name = "Copy Pods Resources";
			outputPaths = (
			);
			runOnlyForDeploymentPostprocessing = 0;
			shellPath = /bin/sh;
			shellScript = "\"${SRCROOT}/Pods/Target Support Files/Pods-AvitoMediaPicker/Pods-AvitoMediaPicker-resources.sh\"\n";
			showEnvVarsInLog = 0;
		};
		86A1DA66F5C1A9CB6805F5CC /* Check Pods Manifest.lock */ = {
			isa = PBXShellScriptBuildPhase;
			buildActionMask = 2147483647;
			files = (
			);
			inputPaths = (
			);
			name = "Check Pods Manifest.lock";
			outputPaths = (
			);
			runOnlyForDeploymentPostprocessing = 0;
			shellPath = /bin/sh;
			shellScript = "diff \"${PODS_ROOT}/../Podfile.lock\" \"${PODS_ROOT}/Manifest.lock\" > /dev/null\nif [[ $? != 0 ]] ; then\n    cat << EOM\nerror: The sandbox is not in sync with the Podfile.lock. Run 'pod install' or update your CocoaPods installation.\nEOM\n    exit 1\nfi\n";
			showEnvVarsInLog = 0;
		};
/* End PBXShellScriptBuildPhase section */

/* Begin PBXSourcesBuildPhase section */
		2554CEB11D0421CC009371FB /* Sources */ = {
			isa = PBXSourcesBuildPhase;
			buildActionMask = 2147483647;
			files = (
				253FC2A21D0AEE8E000185B4 /* PhotoLibraryLatestPhotoProvider.swift in Sources */,
				253FC29B1D0AC057000185B4 /* CGAffineTransform+DeviceOrientation.swift in Sources */,
				253FC25A1D0AA8CF000185B4 /* LazyImage.swift in Sources */,
				25AEA6D11D070EE10037E7BF /* CameraService.swift in Sources */,
				253FC2581D0AA495000185B4 /* DeviceOrientationService.swift in Sources */,
				2554CEB91D0421CC009371FB /* AppDelegate.swift in Sources */,
				25AEA6D41D071BC30037E7BF /* BridgingToAvito.swift in Sources */,
				253FC29F1D0AE59A000185B4 /* UIImage+LazyImage.swift in Sources */,
				25BF69A41D0DACD2002ECFB3 /* UIImageView+LazyImage.swift in Sources */,
				25AEA6D61D0806290037E7BF /* ImageResizingService.swift in Sources */,
				3CAFEE6DA015385C0177799F /* PhotoLibraryAssetImage.swift in Sources */,
				3CAFEE7E1C4A2B53DCAECF17 /* PhotoLibraryAssembly.swift in Sources */,
				3CAFE2CEE58612C2CF2052FC /* PhotoLibraryAssemblyImpl.swift in Sources */,
				3CAFED58B0B9F2FD9B35A117 /* PhotoLibraryInteractor.swift in Sources */,
				3CAFEC556606606EE692D8E0 /* PhotoLibraryInteractorImpl.swift in Sources */,
				3CAFE5E901963B1A04B0AB81 /* PhotoLibraryModuleInputOutput.swift in Sources */,
				3CAFEA139A2E43527A03D825 /* PhotoLibraryPresenter.swift in Sources */,
				3CAFE073805A791558BDAB6B /* PhotoLibraryRouter.swift in Sources */,
				3CAFE91561B09A6099B4B785 /* PhotoLibraryRouterImpl.swift in Sources */,
				3CAFE724FBED6AA73D388398 /* PhotoLibraryView.swift in Sources */,
				3CAFEEAC0FC5FB88C348C19D /* PhotoLibraryViewController.swift in Sources */,
				3CAFE7843E211380C8BA9786 /* PhotoLibraryViewInput.swift in Sources */,
				3CAFEAE6649A1EF45DC0EEB0 /* ImageCroppingAssembly.swift in Sources */,
				3CAFE490666158FE695541D0 /* ImageCroppingAssemblyImpl.swift in Sources */,
				3CAFE2785ABF69F02A994997 /* ImageCroppingInteractor.swift in Sources */,
				3CAFEBBDF61FD2E027F63119 /* ImageCroppingInteractorImpl.swift in Sources */,
				251FCEC41D1045FD00970324 /* NavigationController.swift in Sources */,
				3CAFE6D4612E31D55E6A84A0 /* ImageCroppingModuleInputOutput.swift in Sources */,
				3CAFE4D5C2DF44D5AD432B65 /* ImageCroppingPresenter.swift in Sources */,
				3CAFE8FDEE9301BD01D6273F /* ImageCroppingRouter.swift in Sources */,
				3CAFEDD34950B8F6131F8C8D /* ImageCroppingRouterImpl.swift in Sources */,
				3CAFE398643D1DF8F08A925B /* ImageCroppingView.swift in Sources */,
				3CAFEA6109B37A9B960E773B /* ImageCroppingViewController.swift in Sources */,
				3CAFE0ACE65B12EDFB101D98 /* ImageCroppingViewInput.swift in Sources */,
				3CAFEC9D826F7C88934AC19A /* MediaPickerAssembly.swift in Sources */,
				3CAFEB6B4ACA14924CA36529 /* MediaPickerAssemblyImpl.swift in Sources */,
				3CAFEFAD78734D2F41D1CB63 /* MediaPickerInteractor.swift in Sources */,
				3CAFEAABB3F482293B994992 /* MediaPickerInteractorImpl.swift in Sources */,
				3CAFE42EBE82B5CAE8D55720 /* MediaPickerModuleInputOutput.swift in Sources */,
				3CAFE269A190D556BE9152ED /* MediaPickerPresenter.swift in Sources */,
				3CAFE662A830FC7FB216769B /* MediaPickerRouter.swift in Sources */,
				3CAFE13E2DD717CB80B340F8 /* MediaPickerRouterImpl.swift in Sources */,
				3CAFE89C06E1DE2979470F9B /* MediaPickerViewInput.swift in Sources */,
				3CAFE353344D7F1A850A8052 /* MediaPickerViewController.swift in Sources */,
				3CAFE322875FD8D19F06A031 /* MediaPickerView.swift in Sources */,
				3CAFE57CC9652C97B282DFDF /* CameraControlsView.swift in Sources */,
				3CAFE92B63672603304E5115 /* PhotoControlsView.swift in Sources */,
				3CAFEE875FF09717548AD2EF /* MediaRibbonLayout.swift in Sources */,
				3CAFE5DC688AD70830F93A13 /* MediaRibbonCell.swift in Sources */,
				3CAFE9BF3056C71901CB66DF /* MediaRibbonDataSource.swift in Sources */,
				3CAFE12AA99A6946FC834ACE /* CameraPhotoImage.swift in Sources */,
				3CAFE42D51BD3F6F9A2687E6 /* AssemblyFactory.swift in Sources */,
				3CAFE6BCCFBD2E0C6D8D73C5 /* MarshrouteFacade.swift in Sources */,
			);
			runOnlyForDeploymentPostprocessing = 0;
		};
/* End PBXSourcesBuildPhase section */

/* Begin XCBuildConfiguration section */
		2554CEC51D0421CC009371FB /* Debug */ = {
			isa = XCBuildConfiguration;
			buildSettings = {
				ALWAYS_SEARCH_USER_PATHS = NO;
				CLANG_ANALYZER_NONNULL = YES;
				CLANG_CXX_LANGUAGE_STANDARD = "gnu++0x";
				CLANG_CXX_LIBRARY = "libc++";
				CLANG_ENABLE_MODULES = YES;
				CLANG_ENABLE_OBJC_ARC = YES;
				CLANG_WARN_BOOL_CONVERSION = YES;
				CLANG_WARN_CONSTANT_CONVERSION = YES;
				CLANG_WARN_DIRECT_OBJC_ISA_USAGE = YES_ERROR;
				CLANG_WARN_EMPTY_BODY = YES;
				CLANG_WARN_ENUM_CONVERSION = YES;
				CLANG_WARN_INT_CONVERSION = YES;
				CLANG_WARN_OBJC_ROOT_CLASS = YES_ERROR;
				CLANG_WARN_UNREACHABLE_CODE = YES;
				CLANG_WARN__DUPLICATE_METHOD_MATCH = YES;
				"CODE_SIGN_IDENTITY[sdk=iphoneos*]" = "iPhone Developer";
				COPY_PHASE_STRIP = NO;
				DEBUG_INFORMATION_FORMAT = dwarf;
				ENABLE_STRICT_OBJC_MSGSEND = YES;
				ENABLE_TESTABILITY = YES;
				GCC_C_LANGUAGE_STANDARD = gnu99;
				GCC_DYNAMIC_NO_PIC = NO;
				GCC_NO_COMMON_BLOCKS = YES;
				GCC_OPTIMIZATION_LEVEL = 0;
				GCC_PREPROCESSOR_DEFINITIONS = (
					"DEBUG=1",
					"$(inherited)",
				);
				GCC_WARN_64_TO_32_BIT_CONVERSION = YES;
				GCC_WARN_ABOUT_RETURN_TYPE = YES_ERROR;
				GCC_WARN_UNDECLARED_SELECTOR = YES;
				GCC_WARN_UNINITIALIZED_AUTOS = YES_AGGRESSIVE;
				GCC_WARN_UNUSED_FUNCTION = YES;
				GCC_WARN_UNUSED_VARIABLE = YES;
				IPHONEOS_DEPLOYMENT_TARGET = 9.3;
				MTL_ENABLE_DEBUG_INFO = YES;
				ONLY_ACTIVE_ARCH = YES;
				SDKROOT = iphoneos;
				SWIFT_OPTIMIZATION_LEVEL = "-Onone";
			};
			name = Debug;
		};
		2554CEC61D0421CC009371FB /* Release */ = {
			isa = XCBuildConfiguration;
			buildSettings = {
				ALWAYS_SEARCH_USER_PATHS = NO;
				CLANG_ANALYZER_NONNULL = YES;
				CLANG_CXX_LANGUAGE_STANDARD = "gnu++0x";
				CLANG_CXX_LIBRARY = "libc++";
				CLANG_ENABLE_MODULES = YES;
				CLANG_ENABLE_OBJC_ARC = YES;
				CLANG_WARN_BOOL_CONVERSION = YES;
				CLANG_WARN_CONSTANT_CONVERSION = YES;
				CLANG_WARN_DIRECT_OBJC_ISA_USAGE = YES_ERROR;
				CLANG_WARN_EMPTY_BODY = YES;
				CLANG_WARN_ENUM_CONVERSION = YES;
				CLANG_WARN_INT_CONVERSION = YES;
				CLANG_WARN_OBJC_ROOT_CLASS = YES_ERROR;
				CLANG_WARN_UNREACHABLE_CODE = YES;
				CLANG_WARN__DUPLICATE_METHOD_MATCH = YES;
				"CODE_SIGN_IDENTITY[sdk=iphoneos*]" = "iPhone Developer";
				COPY_PHASE_STRIP = NO;
				DEBUG_INFORMATION_FORMAT = "dwarf-with-dsym";
				ENABLE_NS_ASSERTIONS = NO;
				ENABLE_STRICT_OBJC_MSGSEND = YES;
				GCC_C_LANGUAGE_STANDARD = gnu99;
				GCC_NO_COMMON_BLOCKS = YES;
				GCC_WARN_64_TO_32_BIT_CONVERSION = YES;
				GCC_WARN_ABOUT_RETURN_TYPE = YES_ERROR;
				GCC_WARN_UNDECLARED_SELECTOR = YES;
				GCC_WARN_UNINITIALIZED_AUTOS = YES_AGGRESSIVE;
				GCC_WARN_UNUSED_FUNCTION = YES;
				GCC_WARN_UNUSED_VARIABLE = YES;
				IPHONEOS_DEPLOYMENT_TARGET = 9.3;
				MTL_ENABLE_DEBUG_INFO = NO;
				SDKROOT = iphoneos;
				VALIDATE_PRODUCT = YES;
			};
			name = Release;
		};
		2554CEC81D0421CC009371FB /* Debug */ = {
			isa = XCBuildConfiguration;
			baseConfigurationReference = AD70B1A17A3D9606448873FA /* Pods-AvitoMediaPicker.debug.xcconfig */;
			buildSettings = {
				ASSETCATALOG_COMPILER_APPICON_NAME = AppIcon;
				ASSETCATALOG_COMPILER_LAUNCHIMAGE_NAME = LaunchImage;
				CODE_SIGN_IDENTITY = "iPhone Developer";
				INFOPLIST_FILE = AvitoMediaPicker/Info.plist;
				LD_RUNPATH_SEARCH_PATHS = "$(inherited) @executable_path/Frameworks";
				PRODUCT_BUNDLE_IDENTIFIER = ru.avito.PhotoPickerDemo;
				PRODUCT_NAME = "$(TARGET_NAME)";
			};
			name = Debug;
		};
		2554CEC91D0421CC009371FB /* Release */ = {
			isa = XCBuildConfiguration;
			baseConfigurationReference = EE1C2DE176DF364440E83004 /* Pods-AvitoMediaPicker.release.xcconfig */;
			buildSettings = {
				ASSETCATALOG_COMPILER_APPICON_NAME = AppIcon;
				ASSETCATALOG_COMPILER_LAUNCHIMAGE_NAME = LaunchImage;
				CODE_SIGN_IDENTITY = "iPhone Developer";
				INFOPLIST_FILE = AvitoMediaPicker/Info.plist;
				LD_RUNPATH_SEARCH_PATHS = "$(inherited) @executable_path/Frameworks";
				PRODUCT_BUNDLE_IDENTIFIER = ru.avito.PhotoPickerDemo;
				PRODUCT_NAME = "$(TARGET_NAME)";
			};
			name = Release;
		};
/* End XCBuildConfiguration section */

/* Begin XCConfigurationList section */
		2554CEB01D0421CC009371FB /* Build configuration list for PBXProject "AvitoMediaPicker" */ = {
			isa = XCConfigurationList;
			buildConfigurations = (
				2554CEC51D0421CC009371FB /* Debug */,
				2554CEC61D0421CC009371FB /* Release */,
			);
			defaultConfigurationIsVisible = 0;
			defaultConfigurationName = Release;
		};
		2554CEC71D0421CC009371FB /* Build configuration list for PBXNativeTarget "AvitoMediaPicker" */ = {
			isa = XCConfigurationList;
			buildConfigurations = (
				2554CEC81D0421CC009371FB /* Debug */,
				2554CEC91D0421CC009371FB /* Release */,
			);
			defaultConfigurationIsVisible = 0;
			defaultConfigurationName = Release;
		};
/* End XCConfigurationList section */
	};
	rootObject = 2554CEAD1D0421CC009371FB /* Project object */;
}
